// !$*UTF8*$!
{
	archiveVersion = 1;
	classes = {
	};
	objectVersion = 45;
	objects = {

/* Begin PBXBuildFile section */
		1D3623260D0F684500981E51 /* GeoAudio_RecorderAppDelegate.m in Sources */ = {isa = PBXBuildFile; fileRef = 1D3623250D0F684500981E51 /* GeoAudio_RecorderAppDelegate.m */; };
		1D60589B0D05DD56006BFB54 /* main.m in Sources */ = {isa = PBXBuildFile; fileRef = 29B97316FDCFA39411CA2CEA /* main.m */; };
		1D60589F0D05DD5A006BFB54 /* Foundation.framework in Frameworks */ = {isa = PBXBuildFile; fileRef = 1D30AB110D05D00D00671497 /* Foundation.framework */; };
		1DF5F4E00D08C38300B7A737 /* UIKit.framework in Frameworks */ = {isa = PBXBuildFile; fileRef = 1DF5F4DF0D08C38300B7A737 /* UIKit.framework */; };
		280A88B910DD4BE6005CF926 /* RecordEnabled.png in Resources */ = {isa = PBXBuildFile; fileRef = 280A88B710DD4BE6005CF926 /* RecordEnabled.png */; };
		280A88BA10DD4BE6005CF926 /* RecordPressed.png in Resources */ = {isa = PBXBuildFile; fileRef = 280A88B810DD4BE6005CF926 /* RecordPressed.png */; };
		280A88F210DD6CF2005CF926 /* CoreLocation.framework in Frameworks */ = {isa = PBXBuildFile; fileRef = 280A88F110DD6CF2005CF926 /* CoreLocation.framework */; };
		280A898310DDE9EF005CF926 /* LocationController.m in Sources */ = {isa = PBXBuildFile; fileRef = 280A898210DDE9EF005CF926 /* LocationController.m */; };
		281EDFC710E2B3320079F967 /* settings.png in Resources */ = {isa = PBXBuildFile; fileRef = 281EDFC610E2B3320079F967 /* settings.png */; };
		281EDFD210E2B3FF0079F967 /* SettingsViewController.m in Sources */ = {isa = PBXBuildFile; fileRef = 281EDFD010E2B3FF0079F967 /* SettingsViewController.m */; };
		281EDFD310E2B3FF0079F967 /* SettingsViewController.xib in Resources */ = {isa = PBXBuildFile; fileRef = 281EDFD110E2B3FF0079F967 /* SettingsViewController.xib */; };
		284E6373115C1B9D00CA0ED9 /* SoundwalksTableViewController.m in Sources */ = {isa = PBXBuildFile; fileRef = 284E6372115C1B9D00CA0ED9 /* SoundwalksTableViewController.m */; };
		284E6375115C1BD600CA0ED9 /* SoundwalksTableView.xib in Resources */ = {isa = PBXBuildFile; fileRef = 284E6374115C1BD600CA0ED9 /* SoundwalksTableView.xib */; };
		284E63A5115C23D200CA0ED9 /* SoundwalksNavController.m in Sources */ = {isa = PBXBuildFile; fileRef = 284E63A3115C23D200CA0ED9 /* SoundwalksNavController.m */; };
		284E63A6115C23D200CA0ED9 /* SoundwalksNavController.xib in Resources */ = {isa = PBXBuildFile; fileRef = 284E63A4115C23D200CA0ED9 /* SoundwalksNavController.xib */; };
		284E63BA115C290100CA0ED9 /* disk.png in Resources */ = {isa = PBXBuildFile; fileRef = 284E63B9115C290100CA0ED9 /* disk.png */; };
		284E63CC115C2ADB00CA0ED9 /* NSObject+SBJSON.m in Sources */ = {isa = PBXBuildFile; fileRef = 284E63C1115C2ADB00CA0ED9 /* NSObject+SBJSON.m */; };
		284E63CD115C2ADB00CA0ED9 /* NSString+SBJSON.m in Sources */ = {isa = PBXBuildFile; fileRef = 284E63C3115C2ADB00CA0ED9 /* NSString+SBJSON.m */; };
		284E63CE115C2ADB00CA0ED9 /* SBJSON.m in Sources */ = {isa = PBXBuildFile; fileRef = 284E63C5115C2ADB00CA0ED9 /* SBJSON.m */; };
		284E63CF115C2ADB00CA0ED9 /* SBJsonBase.m in Sources */ = {isa = PBXBuildFile; fileRef = 284E63C7115C2ADB00CA0ED9 /* SBJsonBase.m */; };
		284E63D0115C2ADB00CA0ED9 /* SBJsonParser.m in Sources */ = {isa = PBXBuildFile; fileRef = 284E63C9115C2ADB00CA0ED9 /* SBJsonParser.m */; };
		284E63D1115C2ADB00CA0ED9 /* SBJsonWriter.m in Sources */ = {isa = PBXBuildFile; fileRef = 284E63CB115C2ADB00CA0ED9 /* SBJsonWriter.m */; };
		2868292210E811760043FB61 /* clock.png in Resources */ = {isa = PBXBuildFile; fileRef = 2868292110E811760043FB61 /* clock.png */; };
		2868292510E811AA0043FB61 /* world.png in Resources */ = {isa = PBXBuildFile; fileRef = 2868292410E811AA0043FB61 /* world.png */; };
		288765FD0DF74451002DB57D /* CoreGraphics.framework in Frameworks */ = {isa = PBXBuildFile; fileRef = 288765FC0DF74451002DB57D /* CoreGraphics.framework */; };
		289025D610EBC2AC00F4E72B /* windowwithmap.png in Resources */ = {isa = PBXBuildFile; fileRef = 289025D510EBC2AC00F4E72B /* windowwithmap.png */; };
		28AD733F0D9D9553002E5188 /* MainWindow.xib in Resources */ = {isa = PBXBuildFile; fileRef = 28AD733E0D9D9553002E5188 /* MainWindow.xib */; };
		28B0304110E18FBB0034A0C8 /* background.png in Resources */ = {isa = PBXBuildFile; fileRef = 28B0304010E18FBB0034A0C8 /* background.png */; };
		28B0305B10E193310034A0C8 /* locationwindow.png in Resources */ = {isa = PBXBuildFile; fileRef = 28B0305A10E193310034A0C8 /* locationwindow.png */; };
		28B5598010DBDCC3004D75B4 /* TrackDetailViewController.xib in Resources */ = {isa = PBXBuildFile; fileRef = 28B5597F10DBDCC3004D75B4 /* TrackDetailViewController.xib */; };
		28B559C210DBE5BA004D75B4 /* AVFoundation.framework in Frameworks */ = {isa = PBXBuildFile; fileRef = 28B559C110DBE5BA004D75B4 /* AVFoundation.framework */; };
		28B55A0E10DCA010004D75B4 /* microphone.png in Resources */ = {isa = PBXBuildFile; fileRef = 28B55A0D10DCA010004D75B4 /* microphone.png */; };
		28B55A1010DCA069004D75B4 /* tracks.png in Resources */ = {isa = PBXBuildFile; fileRef = 28B55A0F10DCA069004D75B4 /* tracks.png */; };
		28C1AEE610E009CB00DBBB55 /* MapKit.framework in Frameworks */ = {isa = PBXBuildFile; fileRef = 28C1AEE510E009CB00DBBB55 /* MapKit.framework */; };
		28C1AEEF10E0167C00DBBB55 /* LocationAnnotation.m in Sources */ = {isa = PBXBuildFile; fileRef = 28C1AEEE10E0167C00DBBB55 /* LocationAnnotation.m */; };
		28C1B05510E0962A00DBBB55 /* pause.png in Resources */ = {isa = PBXBuildFile; fileRef = 28C1B05110E0962A00DBBB55 /* pause.png */; };
		28C1B05610E0962A00DBBB55 /* forward.png in Resources */ = {isa = PBXBuildFile; fileRef = 28C1B05210E0962A00DBBB55 /* forward.png */; };
		28C1B05710E0962A00DBBB55 /* play.png in Resources */ = {isa = PBXBuildFile; fileRef = 28C1B05310E0962A00DBBB55 /* play.png */; };
		28C1B05810E0962A00DBBB55 /* rewind.png in Resources */ = {isa = PBXBuildFile; fileRef = 28C1B05410E0962A00DBBB55 /* rewind.png */; };
		28D304CB10DB3669002E43EC /* TracksNavController.m in Sources */ = {isa = PBXBuildFile; fileRef = 28D304C910DB3669002E43EC /* TracksNavController.m */; };
		28D304CC10DB3669002E43EC /* TracksNavController.xib in Resources */ = {isa = PBXBuildFile; fileRef = 28D304CA10DB3669002E43EC /* TracksNavController.xib */; };
		28D304DE10DB38B7002E43EC /* TracksTableViewController.m in Sources */ = {isa = PBXBuildFile; fileRef = 28D304DD10DB38B7002E43EC /* TracksTableViewController.m */; };
		28D304ED10DB3BF4002E43EC /* TrackTableView.xib in Resources */ = {isa = PBXBuildFile; fileRef = 28D304EC10DB3BF4002E43EC /* TrackTableView.xib */; };
		28D8126F10E7E2000069B325 /* window.png in Resources */ = {isa = PBXBuildFile; fileRef = 28D8126E10E7E2000069B325 /* window.png */; };
		28D9BD9910E53CD8003ADC71 /* cassette.png in Resources */ = {isa = PBXBuildFile; fileRef = 28D9BD9810E53CD8003ADC71 /* cassette.png */; };
		28D9BDAA10E54252003ADC71 /* tape.png in Resources */ = {isa = PBXBuildFile; fileRef = 28D9BDA910E54252003ADC71 /* tape.png */; };
		28E76F7210DAE3420025C0D1 /* RecorderViewController.m in Sources */ = {isa = PBXBuildFile; fileRef = 28E76F7010DAE3420025C0D1 /* RecorderViewController.m */; };
		28E76F7310DAE3420025C0D1 /* RecorderViewController.xib in Resources */ = {isa = PBXBuildFile; fileRef = 28E76F7110DAE3420025C0D1 /* RecorderViewController.xib */; };
		28E76F9D10DAE8970025C0D1 /* disclosureButtonControllerIcon.png in Resources */ = {isa = PBXBuildFile; fileRef = 28E76F9C10DAE8970025C0D1 /* disclosureButtonControllerIcon.png */; };
		28E76FAD10DAF50B0025C0D1 /* TrackDetailViewController.m in Sources */ = {isa = PBXBuildFile; fileRef = 28E76FAB10DAF50B0025C0D1 /* TrackDetailViewController.m */; };
		28FE7CC7115D3F520022A95A /* SoundsTableViewController.m in Sources */ = {isa = PBXBuildFile; fileRef = 28FE7CC6115D3F520022A95A /* SoundsTableViewController.m */; };
		28FE7CC9115D3FAA0022A95A /* SoundsTableView.xib in Resources */ = {isa = PBXBuildFile; fileRef = 28FE7CC8115D3FAA0022A95A /* SoundsTableView.xib */; };
		28FE7D54115D68170022A95A /* SoundDetailViewController.m in Sources */ = {isa = PBXBuildFile; fileRef = 28FE7D52115D68170022A95A /* SoundDetailViewController.m */; };
		28FE7D55115D68170022A95A /* SoundDetailViewController.xib in Resources */ = {isa = PBXBuildFile; fileRef = 28FE7D53115D68170022A95A /* SoundDetailViewController.xib */; };
/* End PBXBuildFile section */

/* Begin PBXFileReference section */
		1D30AB110D05D00D00671497 /* Foundation.framework */ = {isa = PBXFileReference; lastKnownFileType = wrapper.framework; name = Foundation.framework; path = System/Library/Frameworks/Foundation.framework; sourceTree = SDKROOT; };
		1D3623240D0F684500981E51 /* GeoAudio_RecorderAppDelegate.h */ = {isa = PBXFileReference; fileEncoding = 4; lastKnownFileType = sourcecode.c.h; path = GeoAudio_RecorderAppDelegate.h; sourceTree = "<group>"; };
		1D3623250D0F684500981E51 /* GeoAudio_RecorderAppDelegate.m */ = {isa = PBXFileReference; fileEncoding = 4; lastKnownFileType = sourcecode.c.objc; path = GeoAudio_RecorderAppDelegate.m; sourceTree = "<group>"; };
		1D6058910D05DD3D006BFB54 /* GeoAudio Recorder.app */ = {isa = PBXFileReference; explicitFileType = wrapper.application; includeInIndex = 0; path = "GeoAudio Recorder.app"; sourceTree = BUILT_PRODUCTS_DIR; };
		1DF5F4DF0D08C38300B7A737 /* UIKit.framework */ = {isa = PBXFileReference; lastKnownFileType = wrapper.framework; name = UIKit.framework; path = System/Library/Frameworks/UIKit.framework; sourceTree = SDKROOT; };
		280A88B710DD4BE6005CF926 /* RecordEnabled.png */ = {isa = PBXFileReference; lastKnownFileType = image.png; path = RecordEnabled.png; sourceTree = "<group>"; };
		280A88B810DD4BE6005CF926 /* RecordPressed.png */ = {isa = PBXFileReference; lastKnownFileType = image.png; path = RecordPressed.png; sourceTree = "<group>"; };
		280A88F110DD6CF2005CF926 /* CoreLocation.framework */ = {isa = PBXFileReference; lastKnownFileType = wrapper.framework; name = CoreLocation.framework; path = System/Library/Frameworks/CoreLocation.framework; sourceTree = SDKROOT; };
		280A898110DDE9EF005CF926 /* LocationController.h */ = {isa = PBXFileReference; fileEncoding = 4; lastKnownFileType = sourcecode.c.h; path = LocationController.h; sourceTree = "<group>"; };
		280A898210DDE9EF005CF926 /* LocationController.m */ = {isa = PBXFileReference; fileEncoding = 4; lastKnownFileType = sourcecode.c.objc; path = LocationController.m; sourceTree = "<group>"; };
		281EDFC610E2B3320079F967 /* settings.png */ = {isa = PBXFileReference; lastKnownFileType = image.png; path = settings.png; sourceTree = "<group>"; };
		281EDFCF10E2B3FF0079F967 /* SettingsViewController.h */ = {isa = PBXFileReference; fileEncoding = 4; lastKnownFileType = sourcecode.c.h; path = SettingsViewController.h; sourceTree = "<group>"; };
		281EDFD010E2B3FF0079F967 /* SettingsViewController.m */ = {isa = PBXFileReference; fileEncoding = 4; lastKnownFileType = sourcecode.c.objc; path = SettingsViewController.m; sourceTree = "<group>"; };
		281EDFD110E2B3FF0079F967 /* SettingsViewController.xib */ = {isa = PBXFileReference; lastKnownFileType = file.xib; name = SettingsViewController.xib; path = Classes/SettingsViewController.xib; sourceTree = "<group>"; };
		284E6371115C1B9D00CA0ED9 /* SoundwalksTableViewController.h */ = {isa = PBXFileReference; fileEncoding = 4; lastKnownFileType = sourcecode.c.h; path = SoundwalksTableViewController.h; sourceTree = "<group>"; };
		284E6372115C1B9D00CA0ED9 /* SoundwalksTableViewController.m */ = {isa = PBXFileReference; fileEncoding = 4; lastKnownFileType = sourcecode.c.objc; path = SoundwalksTableViewController.m; sourceTree = "<group>"; };
		284E6374115C1BD600CA0ED9 /* SoundwalksTableView.xib */ = {isa = PBXFileReference; lastKnownFileType = file.xib; path = SoundwalksTableView.xib; sourceTree = "<group>"; };
		284E63A2115C23D200CA0ED9 /* SoundwalksNavController.h */ = {isa = PBXFileReference; fileEncoding = 4; lastKnownFileType = sourcecode.c.h; path = SoundwalksNavController.h; sourceTree = "<group>"; };
		284E63A3115C23D200CA0ED9 /* SoundwalksNavController.m */ = {isa = PBXFileReference; fileEncoding = 4; lastKnownFileType = sourcecode.c.objc; path = SoundwalksNavController.m; sourceTree = "<group>"; };
		284E63A4115C23D200CA0ED9 /* SoundwalksNavController.xib */ = {isa = PBXFileReference; lastKnownFileType = file.xib; name = SoundwalksNavController.xib; path = Classes/SoundwalksNavController.xib; sourceTree = "<group>"; };
		284E63B9115C290100CA0ED9 /* disk.png */ = {isa = PBXFileReference; lastKnownFileType = image.png; path = disk.png; sourceTree = "<group>"; };
		284E63BF115C2ADB00CA0ED9 /* JSON.h */ = {isa = PBXFileReference; fileEncoding = 4; lastKnownFileType = sourcecode.c.h; path = JSON.h; sourceTree = "<group>"; };
		284E63C0115C2ADB00CA0ED9 /* NSObject+SBJSON.h */ = {isa = PBXFileReference; fileEncoding = 4; lastKnownFileType = sourcecode.c.h; path = "NSObject+SBJSON.h"; sourceTree = "<group>"; };
		284E63C1115C2ADB00CA0ED9 /* NSObject+SBJSON.m */ = {isa = PBXFileReference; fileEncoding = 4; lastKnownFileType = sourcecode.c.objc; path = "NSObject+SBJSON.m"; sourceTree = "<group>"; };
		284E63C2115C2ADB00CA0ED9 /* NSString+SBJSON.h */ = {isa = PBXFileReference; fileEncoding = 4; lastKnownFileType = sourcecode.c.h; path = "NSString+SBJSON.h"; sourceTree = "<group>"; };
		284E63C3115C2ADB00CA0ED9 /* NSString+SBJSON.m */ = {isa = PBXFileReference; fileEncoding = 4; lastKnownFileType = sourcecode.c.objc; path = "NSString+SBJSON.m"; sourceTree = "<group>"; };
		284E63C4115C2ADB00CA0ED9 /* SBJSON.h */ = {isa = PBXFileReference; fileEncoding = 4; lastKnownFileType = sourcecode.c.h; path = SBJSON.h; sourceTree = "<group>"; };
		284E63C5115C2ADB00CA0ED9 /* SBJSON.m */ = {isa = PBXFileReference; fileEncoding = 4; lastKnownFileType = sourcecode.c.objc; path = SBJSON.m; sourceTree = "<group>"; };
		284E63C6115C2ADB00CA0ED9 /* SBJsonBase.h */ = {isa = PBXFileReference; fileEncoding = 4; lastKnownFileType = sourcecode.c.h; path = SBJsonBase.h; sourceTree = "<group>"; };
		284E63C7115C2ADB00CA0ED9 /* SBJsonBase.m */ = {isa = PBXFileReference; fileEncoding = 4; lastKnownFileType = sourcecode.c.objc; path = SBJsonBase.m; sourceTree = "<group>"; };
		284E63C8115C2ADB00CA0ED9 /* SBJsonParser.h */ = {isa = PBXFileReference; fileEncoding = 4; lastKnownFileType = sourcecode.c.h; path = SBJsonParser.h; sourceTree = "<group>"; };
		284E63C9115C2ADB00CA0ED9 /* SBJsonParser.m */ = {isa = PBXFileReference; fileEncoding = 4; lastKnownFileType = sourcecode.c.objc; path = SBJsonParser.m; sourceTree = "<group>"; };
		284E63CA115C2ADB00CA0ED9 /* SBJsonWriter.h */ = {isa = PBXFileReference; fileEncoding = 4; lastKnownFileType = sourcecode.c.h; path = SBJsonWriter.h; sourceTree = "<group>"; };
		284E63CB115C2ADB00CA0ED9 /* SBJsonWriter.m */ = {isa = PBXFileReference; fileEncoding = 4; lastKnownFileType = sourcecode.c.objc; path = SBJsonWriter.m; sourceTree = "<group>"; };
		2868292110E811760043FB61 /* clock.png */ = {isa = PBXFileReference; lastKnownFileType = image.png; path = clock.png; sourceTree = "<group>"; };
		2868292410E811AA0043FB61 /* world.png */ = {isa = PBXFileReference; lastKnownFileType = image.png; path = world.png; sourceTree = "<group>"; };
		288765FC0DF74451002DB57D /* CoreGraphics.framework */ = {isa = PBXFileReference; lastKnownFileType = wrapper.framework; name = CoreGraphics.framework; path = System/Library/Frameworks/CoreGraphics.framework; sourceTree = SDKROOT; };
		289025D510EBC2AC00F4E72B /* windowwithmap.png */ = {isa = PBXFileReference; lastKnownFileType = image.png; path = windowwithmap.png; sourceTree = "<group>"; };
		28AD733E0D9D9553002E5188 /* MainWindow.xib */ = {isa = PBXFileReference; lastKnownFileType = file.xib; path = MainWindow.xib; sourceTree = "<group>"; };
		28B0304010E18FBB0034A0C8 /* background.png */ = {isa = PBXFileReference; lastKnownFileType = image.png; path = background.png; sourceTree = "<group>"; };
		28B0305A10E193310034A0C8 /* locationwindow.png */ = {isa = PBXFileReference; lastKnownFileType = image.png; path = locationwindow.png; sourceTree = "<group>"; };
		28B5597F10DBDCC3004D75B4 /* TrackDetailViewController.xib */ = {isa = PBXFileReference; lastKnownFileType = file.xib; path = TrackDetailViewController.xib; sourceTree = "<group>"; };
		28B559C110DBE5BA004D75B4 /* AVFoundation.framework */ = {isa = PBXFileReference; lastKnownFileType = wrapper.framework; name = AVFoundation.framework; path = System/Library/Frameworks/AVFoundation.framework; sourceTree = SDKROOT; };
		28B55A0D10DCA010004D75B4 /* microphone.png */ = {isa = PBXFileReference; lastKnownFileType = image.png; path = microphone.png; sourceTree = "<group>"; };
		28B55A0F10DCA069004D75B4 /* tracks.png */ = {isa = PBXFileReference; lastKnownFileType = image.png; path = tracks.png; sourceTree = "<group>"; };
		28C1AEE510E009CB00DBBB55 /* MapKit.framework */ = {isa = PBXFileReference; lastKnownFileType = wrapper.framework; name = MapKit.framework; path = System/Library/Frameworks/MapKit.framework; sourceTree = SDKROOT; };
		28C1AEED10E0167C00DBBB55 /* LocationAnnotation.h */ = {isa = PBXFileReference; fileEncoding = 4; lastKnownFileType = sourcecode.c.h; path = LocationAnnotation.h; sourceTree = "<group>"; };
		28C1AEEE10E0167C00DBBB55 /* LocationAnnotation.m */ = {isa = PBXFileReference; fileEncoding = 4; lastKnownFileType = sourcecode.c.objc; path = LocationAnnotation.m; sourceTree = "<group>"; };
		28C1B05110E0962A00DBBB55 /* pause.png */ = {isa = PBXFileReference; lastKnownFileType = image.png; path = pause.png; sourceTree = "<group>"; };
		28C1B05210E0962A00DBBB55 /* forward.png */ = {isa = PBXFileReference; lastKnownFileType = image.png; path = forward.png; sourceTree = "<group>"; };
		28C1B05310E0962A00DBBB55 /* play.png */ = {isa = PBXFileReference; lastKnownFileType = image.png; path = play.png; sourceTree = "<group>"; };
		28C1B05410E0962A00DBBB55 /* rewind.png */ = {isa = PBXFileReference; lastKnownFileType = image.png; path = rewind.png; sourceTree = "<group>"; };
		28D304C810DB3669002E43EC /* TracksNavController.h */ = {isa = PBXFileReference; fileEncoding = 4; lastKnownFileType = sourcecode.c.h; path = TracksNavController.h; sourceTree = "<group>"; };
		28D304C910DB3669002E43EC /* TracksNavController.m */ = {isa = PBXFileReference; fileEncoding = 4; lastKnownFileType = sourcecode.c.objc; path = TracksNavController.m; sourceTree = "<group>"; };
		28D304CA10DB3669002E43EC /* TracksNavController.xib */ = {isa = PBXFileReference; lastKnownFileType = file.xib; name = TracksNavController.xib; path = Classes/TracksNavController.xib; sourceTree = "<group>"; };
		28D304DC10DB38B7002E43EC /* TracksTableViewController.h */ = {isa = PBXFileReference; fileEncoding = 4; lastKnownFileType = sourcecode.c.h; path = TracksTableViewController.h; sourceTree = "<group>"; };
		28D304DD10DB38B7002E43EC /* TracksTableViewController.m */ = {isa = PBXFileReference; fileEncoding = 4; lastKnownFileType = sourcecode.c.objc; path = TracksTableViewController.m; sourceTree = "<group>"; };
		28D304EC10DB3BF4002E43EC /* TrackTableView.xib */ = {isa = PBXFileReference; lastKnownFileType = file.xib; path = TrackTableView.xib; sourceTree = "<group>"; };
		28D8126E10E7E2000069B325 /* window.png */ = {isa = PBXFileReference; lastKnownFileType = image.png; path = window.png; sourceTree = "<group>"; };
		28D9BD9810E53CD8003ADC71 /* cassette.png */ = {isa = PBXFileReference; lastKnownFileType = image.png; path = cassette.png; sourceTree = "<group>"; };
		28D9BDA910E54252003ADC71 /* tape.png */ = {isa = PBXFileReference; lastKnownFileType = image.png; path = tape.png; sourceTree = "<group>"; };
		28E76F6F10DAE3420025C0D1 /* RecorderViewController.h */ = {isa = PBXFileReference; fileEncoding = 4; lastKnownFileType = sourcecode.c.h; path = RecorderViewController.h; sourceTree = "<group>"; };
		28E76F7010DAE3420025C0D1 /* RecorderViewController.m */ = {isa = PBXFileReference; fileEncoding = 4; lastKnownFileType = sourcecode.c.objc; path = RecorderViewController.m; sourceTree = "<group>"; };
		28E76F7110DAE3420025C0D1 /* RecorderViewController.xib */ = {isa = PBXFileReference; lastKnownFileType = file.xib; name = RecorderViewController.xib; path = Classes/RecorderViewController.xib; sourceTree = "<group>"; };
		28E76F9C10DAE8970025C0D1 /* disclosureButtonControllerIcon.png */ = {isa = PBXFileReference; lastKnownFileType = image.png; path = disclosureButtonControllerIcon.png; sourceTree = "<group>"; };
		28E76FAA10DAF50B0025C0D1 /* TrackDetailViewController.h */ = {isa = PBXFileReference; fileEncoding = 4; lastKnownFileType = sourcecode.c.h; path = TrackDetailViewController.h; sourceTree = "<group>"; };
		28E76FAB10DAF50B0025C0D1 /* TrackDetailViewController.m */ = {isa = PBXFileReference; fileEncoding = 4; lastKnownFileType = sourcecode.c.objc; path = TrackDetailViewController.m; sourceTree = "<group>"; };
		28FE7CC5115D3F520022A95A /* SoundsTableViewController.h */ = {isa = PBXFileReference; fileEncoding = 4; lastKnownFileType = sourcecode.c.h; path = SoundsTableViewController.h; sourceTree = "<group>"; };
		28FE7CC6115D3F520022A95A /* SoundsTableViewController.m */ = {isa = PBXFileReference; fileEncoding = 4; lastKnownFileType = sourcecode.c.objc; path = SoundsTableViewController.m; sourceTree = "<group>"; };
		28FE7CC8115D3FAA0022A95A /* SoundsTableView.xib */ = {isa = PBXFileReference; lastKnownFileType = file.xib; path = SoundsTableView.xib; sourceTree = "<group>"; };
		28FE7D51115D68170022A95A /* SoundDetailViewController.h */ = {isa = PBXFileReference; fileEncoding = 4; lastKnownFileType = sourcecode.c.h; path = SoundDetailViewController.h; sourceTree = "<group>"; };
		28FE7D52115D68170022A95A /* SoundDetailViewController.m */ = {isa = PBXFileReference; fileEncoding = 4; lastKnownFileType = sourcecode.c.objc; path = SoundDetailViewController.m; sourceTree = "<group>"; };
		28FE7D53115D68170022A95A /* SoundDetailViewController.xib */ = {isa = PBXFileReference; lastKnownFileType = file.xib; name = SoundDetailViewController.xib; path = Classes/SoundDetailViewController.xib; sourceTree = "<group>"; };
		29B97316FDCFA39411CA2CEA /* main.m */ = {isa = PBXFileReference; fileEncoding = 4; lastKnownFileType = sourcecode.c.objc; path = main.m; sourceTree = "<group>"; };
		32CA4F630368D1EE00C91783 /* GeoAudio_Recorder_Prefix.pch */ = {isa = PBXFileReference; fileEncoding = 4; lastKnownFileType = sourcecode.c.h; path = GeoAudio_Recorder_Prefix.pch; sourceTree = "<group>"; };
		8D1107310486CEB800E47090 /* GeoAudio_Recorder-Info.plist */ = {isa = PBXFileReference; fileEncoding = 4; lastKnownFileType = text.plist.xml; path = "GeoAudio_Recorder-Info.plist"; plistStructureDefinitionIdentifier = "com.apple.xcode.plist.structure-definition.iphone.info-plist"; sourceTree = "<group>"; };
/* End PBXFileReference section */

/* Begin PBXFrameworksBuildPhase section */
		1D60588F0D05DD3D006BFB54 /* Frameworks */ = {
			isa = PBXFrameworksBuildPhase;
			buildActionMask = 2147483647;
			files = (
				1D60589F0D05DD5A006BFB54 /* Foundation.framework in Frameworks */,
				1DF5F4E00D08C38300B7A737 /* UIKit.framework in Frameworks */,
				288765FD0DF74451002DB57D /* CoreGraphics.framework in Frameworks */,
				28B559C210DBE5BA004D75B4 /* AVFoundation.framework in Frameworks */,
				280A88F210DD6CF2005CF926 /* CoreLocation.framework in Frameworks */,
				28C1AEE610E009CB00DBBB55 /* MapKit.framework in Frameworks */,
			);
			runOnlyForDeploymentPostprocessing = 0;
		};
/* End PBXFrameworksBuildPhase section */

/* Begin PBXGroup section */
		080E96DDFE201D6D7F000001 /* Classes */ = {
			isa = PBXGroup;
			children = (
				284E63BE115C2ADB00CA0ED9 /* JSON */,
				284E635F115C1A3100CA0ED9 /* Soundwalks.org */,
				280C3875114FFA8700CA0EFD /* Recorder */,
			);
			path = Classes;
			sourceTree = "<group>";
		};
		19C28FACFE9D520D11CA2CBB /* Products */ = {
			isa = PBXGroup;
			children = (
				1D6058910D05DD3D006BFB54 /* GeoAudio Recorder.app */,
			);
			name = Products;
			sourceTree = "<group>";
		};
		280C3875114FFA8700CA0EFD /* Recorder */ = {
			isa = PBXGroup;
			children = (
				1D3623240D0F684500981E51 /* GeoAudio_RecorderAppDelegate.h */,
				1D3623250D0F684500981E51 /* GeoAudio_RecorderAppDelegate.m */,
				28E76F6F10DAE3420025C0D1 /* RecorderViewController.h */,
				28E76F7010DAE3420025C0D1 /* RecorderViewController.m */,
				28D304DC10DB38B7002E43EC /* TracksTableViewController.h */,
				28D304DD10DB38B7002E43EC /* TracksTableViewController.m */,
				28E76FAA10DAF50B0025C0D1 /* TrackDetailViewController.h */,
				28E76FAB10DAF50B0025C0D1 /* TrackDetailViewController.m */,
				28D304C810DB3669002E43EC /* TracksNavController.h */,
				28D304C910DB3669002E43EC /* TracksNavController.m */,
				280A898110DDE9EF005CF926 /* LocationController.h */,
				280A898210DDE9EF005CF926 /* LocationController.m */,
				28C1AEED10E0167C00DBBB55 /* LocationAnnotation.h */,
				28C1AEEE10E0167C00DBBB55 /* LocationAnnotation.m */,
				281EDFCF10E2B3FF0079F967 /* SettingsViewController.h */,
				281EDFD010E2B3FF0079F967 /* SettingsViewController.m */,
			);
			name = Recorder;
			sourceTree = "<group>";
		};
		284E635F115C1A3100CA0ED9 /* Soundwalks.org */ = {
			isa = PBXGroup;
			children = (
				284E6371115C1B9D00CA0ED9 /* SoundwalksTableViewController.h */,
				284E6372115C1B9D00CA0ED9 /* SoundwalksTableViewController.m */,
				284E63A2115C23D200CA0ED9 /* SoundwalksNavController.h */,
				284E63A3115C23D200CA0ED9 /* SoundwalksNavController.m */,
				28FE7CC5115D3F520022A95A /* SoundsTableViewController.h */,
				28FE7CC6115D3F520022A95A /* SoundsTableViewController.m */,
				28FE7D51115D68170022A95A /* SoundDetailViewController.h */,
				28FE7D52115D68170022A95A /* SoundDetailViewController.m */,
			);
			name = Soundwalks.org;
			sourceTree = "<group>";
		};
		284E63BE115C2ADB00CA0ED9 /* JSON */ = {
			isa = PBXGroup;
			children = (
				284E63BF115C2ADB00CA0ED9 /* JSON.h */,
				284E63C0115C2ADB00CA0ED9 /* NSObject+SBJSON.h */,
				284E63C1115C2ADB00CA0ED9 /* NSObject+SBJSON.m */,
				284E63C2115C2ADB00CA0ED9 /* NSString+SBJSON.h */,
				284E63C3115C2ADB00CA0ED9 /* NSString+SBJSON.m */,
				284E63C4115C2ADB00CA0ED9 /* SBJSON.h */,
				284E63C5115C2ADB00CA0ED9 /* SBJSON.m */,
				284E63C6115C2ADB00CA0ED9 /* SBJsonBase.h */,
				284E63C7115C2ADB00CA0ED9 /* SBJsonBase.m */,
				284E63C8115C2ADB00CA0ED9 /* SBJsonParser.h */,
				284E63C9115C2ADB00CA0ED9 /* SBJsonParser.m */,
				284E63CA115C2ADB00CA0ED9 /* SBJsonWriter.h */,
				284E63CB115C2ADB00CA0ED9 /* SBJsonWriter.m */,
			);
			path = JSON;
			sourceTree = "<group>";
		};
		28C1B05E10E0988800DBBB55 /* images */ = {
			isa = PBXGroup;
			children = (
				28D8126E10E7E2000069B325 /* window.png */,
				28B55A0D10DCA010004D75B4 /* microphone.png */,
				280A88B710DD4BE6005CF926 /* RecordEnabled.png */,
				280A88B810DD4BE6005CF926 /* RecordPressed.png */,
				2868292110E811760043FB61 /* clock.png */,
				289025D510EBC2AC00F4E72B /* windowwithmap.png */,
				28B0304010E18FBB0034A0C8 /* background.png */,
				281EDFC610E2B3320079F967 /* settings.png */,
				28B0305A10E193310034A0C8 /* locationwindow.png */,
				2868292410E811AA0043FB61 /* world.png */,
				28B55A0F10DCA069004D75B4 /* tracks.png */,
				28C1B05110E0962A00DBBB55 /* pause.png */,
				28C1B05210E0962A00DBBB55 /* forward.png */,
				28C1B05310E0962A00DBBB55 /* play.png */,
				28C1B05410E0962A00DBBB55 /* rewind.png */,
			);
			name = images;
			sourceTree = "<group>";
		};
		29B97314FDCFA39411CA2CEA /* CustomTemplate */ = {
			isa = PBXGroup;
			children = (
				080E96DDFE201D6D7F000001 /* Classes */,
				29B97315FDCFA39411CA2CEA /* Other Sources */,
				29B97317FDCFA39411CA2CEA /* Resources */,
				29B97323FDCFA39411CA2CEA /* Frameworks */,
				19C28FACFE9D520D11CA2CBB /* Products */,
				28B559C110DBE5BA004D75B4 /* AVFoundation.framework */,
				280A88F110DD6CF2005CF926 /* CoreLocation.framework */,
				28C1AEE510E009CB00DBBB55 /* MapKit.framework */,
			);
			name = CustomTemplate;
			sourceTree = "<group>";
		};
		29B97315FDCFA39411CA2CEA /* Other Sources */ = {
			isa = PBXGroup;
			children = (
				32CA4F630368D1EE00C91783 /* GeoAudio_Recorder_Prefix.pch */,
				29B97316FDCFA39411CA2CEA /* main.m */,
			);
			name = "Other Sources";
			sourceTree = "<group>";
		};
		29B97317FDCFA39411CA2CEA /* Resources */ = {
			isa = PBXGroup;
			children = (
				28AD733E0D9D9553002E5188 /* MainWindow.xib */,
				284E63A4115C23D200CA0ED9 /* SoundwalksNavController.xib */,
				28FE7D53115D68170022A95A /* SoundDetailViewController.xib */,
				28FE7CC8115D3FAA0022A95A /* SoundsTableView.xib */,
				281EDFD110E2B3FF0079F967 /* SettingsViewController.xib */,
				28E76F7110DAE3420025C0D1 /* RecorderViewController.xib */,
				284E6374115C1BD600CA0ED9 /* SoundwalksTableView.xib */,
				28D304CA10DB3669002E43EC /* TracksNavController.xib */,
				28D304EC10DB3BF4002E43EC /* TrackTableView.xib */,
				28B5597F10DBDCC3004D75B4 /* TrackDetailViewController.xib */,
				28C1B05E10E0988800DBBB55 /* images */,
				28E76F9C10DAE8970025C0D1 /* disclosureButtonControllerIcon.png */,
				28D9BD9810E53CD8003ADC71 /* cassette.png */,
				284E63B9115C290100CA0ED9 /* disk.png */,
				28D9BDA910E54252003ADC71 /* tape.png */,
				8D1107310486CEB800E47090 /* GeoAudio_Recorder-Info.plist */,
			);
			name = Resources;
			sourceTree = "<group>";
		};
		29B97323FDCFA39411CA2CEA /* Frameworks */ = {
			isa = PBXGroup;
			children = (
				1DF5F4DF0D08C38300B7A737 /* UIKit.framework */,
				1D30AB110D05D00D00671497 /* Foundation.framework */,
				288765FC0DF74451002DB57D /* CoreGraphics.framework */,
			);
			name = Frameworks;
			sourceTree = "<group>";
		};
/* End PBXGroup section */

/* Begin PBXNativeTarget section */
		1D6058900D05DD3D006BFB54 /* GeoAudio Recorder */ = {
			isa = PBXNativeTarget;
			buildConfigurationList = 1D6058960D05DD3E006BFB54 /* Build configuration list for PBXNativeTarget "GeoAudio Recorder" */;
			buildPhases = (
				1D60588D0D05DD3D006BFB54 /* Resources */,
				1D60588E0D05DD3D006BFB54 /* Sources */,
				1D60588F0D05DD3D006BFB54 /* Frameworks */,
			);
			buildRules = (
			);
			dependencies = (
			);
			name = "GeoAudio Recorder";
			productName = "GeoAudio Recorder";
			productReference = 1D6058910D05DD3D006BFB54 /* GeoAudio Recorder.app */;
			productType = "com.apple.product-type.application";
		};
/* End PBXNativeTarget section */

/* Begin PBXProject section */
		29B97313FDCFA39411CA2CEA /* Project object */ = {
			isa = PBXProject;
			buildConfigurationList = C01FCF4E08A954540054247B /* Build configuration list for PBXProject "GeoAudio Recorder" */;
			compatibilityVersion = "Xcode 3.1";
			hasScannedForEncodings = 1;
			mainGroup = 29B97314FDCFA39411CA2CEA /* CustomTemplate */;
			projectDirPath = "";
			projectRoot = "";
			targets = (
				1D6058900D05DD3D006BFB54 /* GeoAudio Recorder */,
			);
		};
/* End PBXProject section */

/* Begin PBXResourcesBuildPhase section */
		1D60588D0D05DD3D006BFB54 /* Resources */ = {
			isa = PBXResourcesBuildPhase;
			buildActionMask = 2147483647;
			files = (
				28AD733F0D9D9553002E5188 /* MainWindow.xib in Resources */,
				28E76F7310DAE3420025C0D1 /* RecorderViewController.xib in Resources */,
				28E76F9D10DAE8970025C0D1 /* disclosureButtonControllerIcon.png in Resources */,
				28D304CC10DB3669002E43EC /* TracksNavController.xib in Resources */,
				28D304ED10DB3BF4002E43EC /* TrackTableView.xib in Resources */,
				28B5598010DBDCC3004D75B4 /* TrackDetailViewController.xib in Resources */,
				28B55A0E10DCA010004D75B4 /* microphone.png in Resources */,
				28B55A1010DCA069004D75B4 /* tracks.png in Resources */,
				280A88B910DD4BE6005CF926 /* RecordEnabled.png in Resources */,
				280A88BA10DD4BE6005CF926 /* RecordPressed.png in Resources */,
				28C1B05510E0962A00DBBB55 /* pause.png in Resources */,
				28C1B05610E0962A00DBBB55 /* forward.png in Resources */,
				28C1B05710E0962A00DBBB55 /* play.png in Resources */,
				28C1B05810E0962A00DBBB55 /* rewind.png in Resources */,
				28B0304110E18FBB0034A0C8 /* background.png in Resources */,
				28B0305B10E193310034A0C8 /* locationwindow.png in Resources */,
				281EDFC710E2B3320079F967 /* settings.png in Resources */,
				281EDFD310E2B3FF0079F967 /* SettingsViewController.xib in Resources */,
				28D9BD9910E53CD8003ADC71 /* cassette.png in Resources */,
				28D9BDAA10E54252003ADC71 /* tape.png in Resources */,
				28D8126F10E7E2000069B325 /* window.png in Resources */,
				2868292210E811760043FB61 /* clock.png in Resources */,
				2868292510E811AA0043FB61 /* world.png in Resources */,
				289025D610EBC2AC00F4E72B /* windowwithmap.png in Resources */,
				284E6375115C1BD600CA0ED9 /* SoundwalksTableView.xib in Resources */,
				284E63A6115C23D200CA0ED9 /* SoundwalksNavController.xib in Resources */,
				284E63BA115C290100CA0ED9 /* disk.png in Resources */,
				28FE7CC9115D3FAA0022A95A /* SoundsTableView.xib in Resources */,
				28FE7D55115D68170022A95A /* SoundDetailViewController.xib in Resources */,
			);
			runOnlyForDeploymentPostprocessing = 0;
		};
/* End PBXResourcesBuildPhase section */

/* Begin PBXSourcesBuildPhase section */
		1D60588E0D05DD3D006BFB54 /* Sources */ = {
			isa = PBXSourcesBuildPhase;
			buildActionMask = 2147483647;
			files = (
				1D60589B0D05DD56006BFB54 /* main.m in Sources */,
				1D3623260D0F684500981E51 /* GeoAudio_RecorderAppDelegate.m in Sources */,
				28E76F7210DAE3420025C0D1 /* RecorderViewController.m in Sources */,
				28E76FAD10DAF50B0025C0D1 /* TrackDetailViewController.m in Sources */,
				28D304CB10DB3669002E43EC /* TracksNavController.m in Sources */,
				28D304DE10DB38B7002E43EC /* TracksTableViewController.m in Sources */,
				280A898310DDE9EF005CF926 /* LocationController.m in Sources */,
				28C1AEEF10E0167C00DBBB55 /* LocationAnnotation.m in Sources */,
				281EDFD210E2B3FF0079F967 /* SettingsViewController.m in Sources */,
				284E6373115C1B9D00CA0ED9 /* SoundwalksTableViewController.m in Sources */,
				284E63A5115C23D200CA0ED9 /* SoundwalksNavController.m in Sources */,
				284E63CC115C2ADB00CA0ED9 /* NSObject+SBJSON.m in Sources */,
				284E63CD115C2ADB00CA0ED9 /* NSString+SBJSON.m in Sources */,
				284E63CE115C2ADB00CA0ED9 /* SBJSON.m in Sources */,
				284E63CF115C2ADB00CA0ED9 /* SBJsonBase.m in Sources */,
				284E63D0115C2ADB00CA0ED9 /* SBJsonParser.m in Sources */,
				284E63D1115C2ADB00CA0ED9 /* SBJsonWriter.m in Sources */,
				28FE7CC7115D3F520022A95A /* SoundsTableViewController.m in Sources */,
				28FE7D54115D68170022A95A /* SoundDetailViewController.m in Sources */,
			);
			runOnlyForDeploymentPostprocessing = 0;
		};
/* End PBXSourcesBuildPhase section */

/* Begin XCBuildConfiguration section */
		1D6058940D05DD3E006BFB54 /* Debug */ = {
			isa = XCBuildConfiguration;
			buildSettings = {
				ALWAYS_SEARCH_USER_PATHS = NO;
				COPY_PHASE_STRIP = NO;
				GCC_DYNAMIC_NO_PIC = NO;
				GCC_OPTIMIZATION_LEVEL = 0;
				GCC_PRECOMPILE_PREFIX_HEADER = YES;
				GCC_PREFIX_HEADER = GeoAudio_Recorder_Prefix.pch;
				INFOPLIST_FILE = "GeoAudio_Recorder-Info.plist";
				PRODUCT_NAME = "GeoAudio Recorder";
			};
			name = Debug;
		};
		1D6058950D05DD3E006BFB54 /* Release */ = {
			isa = XCBuildConfiguration;
			buildSettings = {
				ALWAYS_SEARCH_USER_PATHS = NO;
				COPY_PHASE_STRIP = YES;
				GCC_PRECOMPILE_PREFIX_HEADER = YES;
				GCC_PREFIX_HEADER = GeoAudio_Recorder_Prefix.pch;
				INFOPLIST_FILE = "GeoAudio_Recorder-Info.plist";
				PRODUCT_NAME = "GeoAudio Recorder";
			};
			name = Release;
		};
		C01FCF4F08A954540054247B /* Debug */ = {
			isa = XCBuildConfiguration;
			buildSettings = {
				ARCHS = "$(ARCHS_STANDARD_32_BIT)";
				"CODE_SIGN_IDENTITY[sdk=iphoneos*]" = "iPhone Developer";
				GCC_C_LANGUAGE_STANDARD = c99;
				GCC_WARN_ABOUT_RETURN_TYPE = YES;
				GCC_WARN_UNUSED_VARIABLE = YES;
				PREBINDING = NO;
				SDKROOT = iphoneos3.0;
			};
			name = Debug;
		};
		C01FCF5008A954540054247B /* Release */ = {
			isa = XCBuildConfiguration;
			buildSettings = {
				ARCHS = "$(ARCHS_STANDARD_32_BIT)";
				"CODE_SIGN_IDENTITY[sdk=iphoneos*]" = "iPhone Developer";
				GCC_C_LANGUAGE_STANDARD = c99;
				GCC_WARN_ABOUT_RETURN_TYPE = YES;
				GCC_WARN_UNUSED_VARIABLE = YES;
				PREBINDING = NO;
				SDKROOT = iphoneos3.0;
			};
			name = Release;
		};
/* End XCBuildConfiguration section */

/* Begin XCConfigurationList section */
		1D6058960D05DD3E006BFB54 /* Build configuration list for PBXNativeTarget "GeoAudio Recorder" */ = {
			isa = XCConfigurationList;
			buildConfigurations = (
				1D6058940D05DD3E006BFB54 /* Debug */,
				1D6058950D05DD3E006BFB54 /* Release */,
			);
			defaultConfigurationIsVisible = 0;
			defaultConfigurationName = Release;
		};
		C01FCF4E08A954540054247B /* Build configuration list for PBXProject "GeoAudio Recorder" */ = {
			isa = XCConfigurationList;
			buildConfigurations = (
				C01FCF4F08A954540054247B /* Debug */,
				C01FCF5008A954540054247B /* Release */,
			);
			defaultConfigurationIsVisible = 0;
			defaultConfigurationName = Release;
		};
/* End XCConfigurationList section */
	};
	rootObject = 29B97313FDCFA39411CA2CEA /* Project object */;
}
