// !$*UTF8*$!
{
	archiveVersion = 1;
	classes = {
	};
	objectVersion = 45;
	objects = {

/* Begin PBXBuildFile section */
		1D3623260D0F684500981E51 /* GeoAudio_RecorderAppDelegate.m in Sources */ = {isa = PBXBuildFile; fileRef = 1D3623250D0F684500981E51 /* GeoAudio_RecorderAppDelegate.m */; };
		1D60589B0D05DD56006BFB54 /* main.m in Sources */ = {isa = PBXBuildFile; fileRef = 29B97316FDCFA39411CA2CEA /* main.m */; };
		1D60589F0D05DD5A006BFB54 /* Foundation.framework in Frameworks */ = {isa = PBXBuildFile; fileRef = 1D30AB110D05D00D00671497 /* Foundation.framework */; };
		1DF5F4E00D08C38300B7A737 /* UIKit.framework in Frameworks */ = {isa = PBXBuildFile; fileRef = 1DF5F4DF0D08C38300B7A737 /* UIKit.framework */; };
		2801F42711AB38C90060F0B6 /* upload_button_r.png in Resources */ = {isa = PBXBuildFile; fileRef = 2801F42611AB38C90060F0B6 /* upload_button_r.png */; };
		2801F42A11AB39730060F0B6 /* upload_button_g.png in Resources */ = {isa = PBXBuildFile; fileRef = 2801F42911AB39730060F0B6 /* upload_button_g.png */; };
		280A88B910DD4BE6005CF926 /* RecordEnabled.png in Resources */ = {isa = PBXBuildFile; fileRef = 280A88B710DD4BE6005CF926 /* RecordEnabled.png */; };
		280A88BA10DD4BE6005CF926 /* RecordPressed.png in Resources */ = {isa = PBXBuildFile; fileRef = 280A88B810DD4BE6005CF926 /* RecordPressed.png */; };
		280A88F210DD6CF2005CF926 /* CoreLocation.framework in Frameworks */ = {isa = PBXBuildFile; fileRef = 280A88F110DD6CF2005CF926 /* CoreLocation.framework */; };
		280A898310DDE9EF005CF926 /* LocationController.m in Sources */ = {isa = PBXBuildFile; fileRef = 280A898210DDE9EF005CF926 /* LocationController.m */; };
		281EDFC710E2B3320079F967 /* settings.png in Resources */ = {isa = PBXBuildFile; fileRef = 281EDFC610E2B3320079F967 /* settings.png */; };
		281EDFD210E2B3FF0079F967 /* SettingsViewController.m in Sources */ = {isa = PBXBuildFile; fileRef = 281EDFD010E2B3FF0079F967 /* SettingsViewController.m */; };
		281EDFD310E2B3FF0079F967 /* SettingsViewController.xib in Resources */ = {isa = PBXBuildFile; fileRef = 281EDFD110E2B3FF0079F967 /* SettingsViewController.xib */; };
		284E6373115C1B9D00CA0ED9 /* SoundwalksTableViewController.m in Sources */ = {isa = PBXBuildFile; fileRef = 284E6372115C1B9D00CA0ED9 /* SoundwalksTableViewController.m */; };
		284E6375115C1BD600CA0ED9 /* SoundwalksTableView.xib in Resources */ = {isa = PBXBuildFile; fileRef = 284E6374115C1BD600CA0ED9 /* SoundwalksTableView.xib */; };
		284E63A5115C23D200CA0ED9 /* SoundwalksNavController.m in Sources */ = {isa = PBXBuildFile; fileRef = 284E63A3115C23D200CA0ED9 /* SoundwalksNavController.m */; };
		284E63A6115C23D200CA0ED9 /* SoundwalksNavController.xib in Resources */ = {isa = PBXBuildFile; fileRef = 284E63A4115C23D200CA0ED9 /* SoundwalksNavController.xib */; };
		284E63BA115C290100CA0ED9 /* disk.png in Resources */ = {isa = PBXBuildFile; fileRef = 284E63B9115C290100CA0ED9 /* disk.png */; };
		284E63CC115C2ADB00CA0ED9 /* NSObject+SBJSON.m in Sources */ = {isa = PBXBuildFile; fileRef = 284E63C1115C2ADB00CA0ED9 /* NSObject+SBJSON.m */; };
		284E63CD115C2ADB00CA0ED9 /* NSString+SBJSON.m in Sources */ = {isa = PBXBuildFile; fileRef = 284E63C3115C2ADB00CA0ED9 /* NSString+SBJSON.m */; };
		284E63CE115C2ADB00CA0ED9 /* SBJSON.m in Sources */ = {isa = PBXBuildFile; fileRef = 284E63C5115C2ADB00CA0ED9 /* SBJSON.m */; };
		284E63CF115C2ADB00CA0ED9 /* SBJsonBase.m in Sources */ = {isa = PBXBuildFile; fileRef = 284E63C7115C2ADB00CA0ED9 /* SBJsonBase.m */; };
		284E63D0115C2ADB00CA0ED9 /* SBJsonParser.m in Sources */ = {isa = PBXBuildFile; fileRef = 284E63C9115C2ADB00CA0ED9 /* SBJsonParser.m */; };
		284E63D1115C2ADB00CA0ED9 /* SBJsonWriter.m in Sources */ = {isa = PBXBuildFile; fileRef = 284E63CB115C2ADB00CA0ED9 /* SBJsonWriter.m */; };
		2868292210E811760043FB61 /* clock.png in Resources */ = {isa = PBXBuildFile; fileRef = 2868292110E811760043FB61 /* clock.png */; };
		2868292510E811AA0043FB61 /* world.png in Resources */ = {isa = PBXBuildFile; fileRef = 2868292410E811AA0043FB61 /* world.png */; };
		286F9C061169B43000B960C9 /* NSString+InflectionSupport.m in Sources */ = {isa = PBXBuildFile; fileRef = 286F9BBA1169B43000B960C9 /* NSString+InflectionSupport.m */; };
		286F9C071169B43000B960C9 /* NSData+Additions.m in Sources */ = {isa = PBXBuildFile; fileRef = 286F9BBC1169B43000B960C9 /* NSData+Additions.m */; };
		286F9C081169B43000B960C9 /* NSObject+PropertySupport.m in Sources */ = {isa = PBXBuildFile; fileRef = 286F9BBE1169B43000B960C9 /* NSObject+PropertySupport.m */; };
		286F9C091169B43000B960C9 /* NSString+GSub.m in Sources */ = {isa = PBXBuildFile; fileRef = 286F9BC01169B43000B960C9 /* NSString+GSub.m */; };
		286F9C0A1169B43000B960C9 /* ObjectiveResourceDateFormatter.m in Sources */ = {isa = PBXBuildFile; fileRef = 286F9BC21169B43000B960C9 /* ObjectiveResourceDateFormatter.m */; };
		286F9C0E1169B43000B960C9 /* NSArray+JSONSerializableSupport.m in Sources */ = {isa = PBXBuildFile; fileRef = 286F9BD11169B43000B960C9 /* NSArray+JSONSerializableSupport.m */; };
		286F9C0F1169B43000B960C9 /* NSDictionary+JSONSerializableSupport.m in Sources */ = {isa = PBXBuildFile; fileRef = 286F9BD31169B43000B960C9 /* NSDictionary+JSONSerializableSupport.m */; };
		286F9C101169B43000B960C9 /* NSObject+JSONSerializableSupport.m in Sources */ = {isa = PBXBuildFile; fileRef = 286F9BD51169B43000B960C9 /* NSObject+JSONSerializableSupport.m */; };
		286F9C111169B43000B960C9 /* NSDate+Serialize.m in Sources */ = {isa = PBXBuildFile; fileRef = 286F9BD71169B43000B960C9 /* NSDate+Serialize.m */; };
		286F9C121169B43000B960C9 /* NSDictionary+KeyTranslation.m in Sources */ = {isa = PBXBuildFile; fileRef = 286F9BD91169B43000B960C9 /* NSDictionary+KeyTranslation.m */; };
		286F9C131169B43000B960C9 /* NSObject+Serialize.m in Sources */ = {isa = PBXBuildFile; fileRef = 286F9BDB1169B43000B960C9 /* NSObject+Serialize.m */; };
		286F9C141169B43000B960C9 /* NSString+Serialize.m in Sources */ = {isa = PBXBuildFile; fileRef = 286F9BDD1169B43000B960C9 /* NSString+Serialize.m */; };
		286F9C151169B43000B960C9 /* FromXMLElementDelegate.m in Sources */ = {isa = PBXBuildFile; fileRef = 286F9BE11169B43000B960C9 /* FromXMLElementDelegate.m */; };
		286F9C161169B43000B960C9 /* NSArray+XMLSerializableSupport.m in Sources */ = {isa = PBXBuildFile; fileRef = 286F9BE31169B43000B960C9 /* NSArray+XMLSerializableSupport.m */; };
		286F9C171169B43000B960C9 /* NSDate+XMLSerializableSupport.m in Sources */ = {isa = PBXBuildFile; fileRef = 286F9BE51169B43000B960C9 /* NSDate+XMLSerializableSupport.m */; };
		286F9C181169B43000B960C9 /* NSDictionary+XMLSerializableSupport.m in Sources */ = {isa = PBXBuildFile; fileRef = 286F9BE71169B43000B960C9 /* NSDictionary+XMLSerializableSupport.m */; };
		286F9C191169B43000B960C9 /* NSNull+XMLSerializableSupport.m in Sources */ = {isa = PBXBuildFile; fileRef = 286F9BE91169B43000B960C9 /* NSNull+XMLSerializableSupport.m */; };
		286F9C1A1169B43000B960C9 /* NSNumber+XMLSerializableSupport.m in Sources */ = {isa = PBXBuildFile; fileRef = 286F9BEB1169B43000B960C9 /* NSNumber+XMLSerializableSupport.m */; };
		286F9C1B1169B43000B960C9 /* NSObject+XMLSerializableSupport.m in Sources */ = {isa = PBXBuildFile; fileRef = 286F9BED1169B43000B960C9 /* NSObject+XMLSerializableSupport.m */; };
		286F9C1C1169B43000B960C9 /* NSString+XMLSerializableSupport.m in Sources */ = {isa = PBXBuildFile; fileRef = 286F9BEF1169B43000B960C9 /* NSString+XMLSerializableSupport.m */; };
		286F9C1D1169B43000B960C9 /* NSError+Error.m in Sources */ = {isa = PBXBuildFile; fileRef = 286F9BF41169B43000B960C9 /* NSError+Error.m */; };
		286F9C1E1169B43000B960C9 /* Connection.m in Sources */ = {isa = PBXBuildFile; fileRef = 286F9BF61169B43000B960C9 /* Connection.m */; };
		286F9C1F1169B43000B960C9 /* ConnectionDelegate.m in Sources */ = {isa = PBXBuildFile; fileRef = 286F9BF81169B43000B960C9 /* ConnectionDelegate.m */; };
		286F9C201169B43000B960C9 /* ConnectionManager.m in Sources */ = {isa = PBXBuildFile; fileRef = 286F9BFA1169B43000B960C9 /* ConnectionManager.m */; };
		286F9C211169B43000B960C9 /* NSHTTPURLResponse+Error.m in Sources */ = {isa = PBXBuildFile; fileRef = 286F9BFC1169B43000B960C9 /* NSHTTPURLResponse+Error.m */; };
		286F9C221169B43000B960C9 /* NSMutableURLRequest+ResponseType.m in Sources */ = {isa = PBXBuildFile; fileRef = 286F9BFE1169B43000B960C9 /* NSMutableURLRequest+ResponseType.m */; };
		286F9C231169B43000B960C9 /* NSObject+ObjectiveResource.m in Sources */ = {isa = PBXBuildFile; fileRef = 286F9C001169B43000B960C9 /* NSObject+ObjectiveResource.m */; };
		286F9C241169B43000B960C9 /* ObjectiveResourceConfig.m in Sources */ = {isa = PBXBuildFile; fileRef = 286F9C031169B43000B960C9 /* ObjectiveResourceConfig.m */; };
		286F9C251169B43000B960C9 /* Response.m in Sources */ = {isa = PBXBuildFile; fileRef = 286F9C051169B43000B960C9 /* Response.m */; };
		286F9C431169B54300B960C9 /* Session.m in Sources */ = {isa = PBXBuildFile; fileRef = 286F9C421169B54300B960C9 /* Session.m */; };
		286F9C481169B55B00B960C9 /* User.m in Sources */ = {isa = PBXBuildFile; fileRef = 286F9C471169B55B00B960C9 /* User.m */; };
		286F9C581169B6E200B960C9 /* AuthenticationViewController.m in Sources */ = {isa = PBXBuildFile; fileRef = 286F9C571169B6E200B960C9 /* AuthenticationViewController.m */; };
		286F9C691169B73400B960C9 /* DateHelpers.m in Sources */ = {isa = PBXBuildFile; fileRef = 286F9C641169B73400B960C9 /* DateHelpers.m */; };
		286F9C6A1169B73400B960C9 /* UIHelpers.m in Sources */ = {isa = PBXBuildFile; fileRef = 286F9C661169B73400B960C9 /* UIHelpers.m */; };
		28802D9A11A9AFBF0085C8DA /* UploadViewController.m in Sources */ = {isa = PBXBuildFile; fileRef = 28802D9811A9AFBF0085C8DA /* UploadViewController.m */; };
		28802D9B11A9AFBF0085C8DA /* UploadViewController.xib in Resources */ = {isa = PBXBuildFile; fileRef = 28802D9911A9AFBF0085C8DA /* UploadViewController.xib */; };
		288765FD0DF74451002DB57D /* CoreGraphics.framework in Frameworks */ = {isa = PBXBuildFile; fileRef = 288765FC0DF74451002DB57D /* CoreGraphics.framework */; };
		289025D610EBC2AC00F4E72B /* windowwithmap.png in Resources */ = {isa = PBXBuildFile; fileRef = 289025D510EBC2AC00F4E72B /* windowwithmap.png */; };
		28A78AE3116D3F6200B76A12 /* ASIAuthenticationDialog.m in Sources */ = {isa = PBXBuildFile; fileRef = 28A78AD8116D3F6200B76A12 /* ASIAuthenticationDialog.m */; };
		28A78AE4116D3F6200B76A12 /* ASIInputStream.m in Sources */ = {isa = PBXBuildFile; fileRef = 28A78ADA116D3F6200B76A12 /* ASIInputStream.m */; };
		28A78AE5116D3F6200B76A12 /* ASIFormDataRequest.m in Sources */ = {isa = PBXBuildFile; fileRef = 28A78ADC116D3F6200B76A12 /* ASIFormDataRequest.m */; };
		28A78AE6116D3F6200B76A12 /* ASIHTTPRequest.m in Sources */ = {isa = PBXBuildFile; fileRef = 28A78ADE116D3F6200B76A12 /* ASIHTTPRequest.m */; };
		28A78AE7116D3F6200B76A12 /* ASINetworkQueue.m in Sources */ = {isa = PBXBuildFile; fileRef = 28A78AE0116D3F6200B76A12 /* ASINetworkQueue.m */; };
		28A78AE8116D3F6200B76A12 /* ASINSStringAdditions.m in Sources */ = {isa = PBXBuildFile; fileRef = 28A78AE2116D3F6200B76A12 /* ASINSStringAdditions.m */; };
		28A78AF1116D3FD000B76A12 /* Reachability.m in Sources */ = {isa = PBXBuildFile; fileRef = 28A78AF0116D3FD000B76A12 /* Reachability.m */; };
		28A78AFC116D403E00B76A12 /* CFNetwork.framework in Frameworks */ = {isa = PBXBuildFile; fileRef = 28A78AFB116D403E00B76A12 /* CFNetwork.framework */; };
		28A78AFE116D405000B76A12 /* SystemConfiguration.framework in Frameworks */ = {isa = PBXBuildFile; fileRef = 28A78AFD116D405000B76A12 /* SystemConfiguration.framework */; };
		28A78B00116D405E00B76A12 /* MobileCoreServices.framework in Frameworks */ = {isa = PBXBuildFile; fileRef = 28A78AFF116D405E00B76A12 /* MobileCoreServices.framework */; };
		28A78B02116D409000B76A12 /* libz.1.2.3.dylib in Frameworks */ = {isa = PBXBuildFile; fileRef = 28A78B01116D409000B76A12 /* libz.1.2.3.dylib */; };
		28AD733F0D9D9553002E5188 /* MainWindow.xib in Resources */ = {isa = PBXBuildFile; fileRef = 28AD733E0D9D9553002E5188 /* MainWindow.xib */; };
		28B0304110E18FBB0034A0C8 /* background.png in Resources */ = {isa = PBXBuildFile; fileRef = 28B0304010E18FBB0034A0C8 /* background.png */; };
		28B0305B10E193310034A0C8 /* locationwindow.png in Resources */ = {isa = PBXBuildFile; fileRef = 28B0305A10E193310034A0C8 /* locationwindow.png */; };
		28B5598010DBDCC3004D75B4 /* TrackDetailViewController.xib in Resources */ = {isa = PBXBuildFile; fileRef = 28B5597F10DBDCC3004D75B4 /* TrackDetailViewController.xib */; };
		28B559C210DBE5BA004D75B4 /* AVFoundation.framework in Frameworks */ = {isa = PBXBuildFile; fileRef = 28B559C110DBE5BA004D75B4 /* AVFoundation.framework */; };
		28B55A0E10DCA010004D75B4 /* microphone.png in Resources */ = {isa = PBXBuildFile; fileRef = 28B55A0D10DCA010004D75B4 /* microphone.png */; };
		28B55A1010DCA069004D75B4 /* tracks.png in Resources */ = {isa = PBXBuildFile; fileRef = 28B55A0F10DCA069004D75B4 /* tracks.png */; };
		28C1AEE610E009CB00DBBB55 /* MapKit.framework in Frameworks */ = {isa = PBXBuildFile; fileRef = 28C1AEE510E009CB00DBBB55 /* MapKit.framework */; };
		28C1AEEF10E0167C00DBBB55 /* LocationAnnotation.m in Sources */ = {isa = PBXBuildFile; fileRef = 28C1AEEE10E0167C00DBBB55 /* LocationAnnotation.m */; };
		28C1B05510E0962A00DBBB55 /* pause.png in Resources */ = {isa = PBXBuildFile; fileRef = 28C1B05110E0962A00DBBB55 /* pause.png */; };
		28C1B05610E0962A00DBBB55 /* forward.png in Resources */ = {isa = PBXBuildFile; fileRef = 28C1B05210E0962A00DBBB55 /* forward.png */; };
		28C1B05710E0962A00DBBB55 /* play.png in Resources */ = {isa = PBXBuildFile; fileRef = 28C1B05310E0962A00DBBB55 /* play.png */; };
		28C1B05810E0962A00DBBB55 /* rewind.png in Resources */ = {isa = PBXBuildFile; fileRef = 28C1B05410E0962A00DBBB55 /* rewind.png */; };
		28C4AC43115E5B7D008CCE6F /* Sound.m in Sources */ = {isa = PBXBuildFile; fileRef = 28C4AC42115E5B7D008CCE6F /* Sound.m */; };
		28D304CB10DB3669002E43EC /* TracksNavController.m in Sources */ = {isa = PBXBuildFile; fileRef = 28D304C910DB3669002E43EC /* TracksNavController.m */; };
		28D304CC10DB3669002E43EC /* TracksNavController.xib in Resources */ = {isa = PBXBuildFile; fileRef = 28D304CA10DB3669002E43EC /* TracksNavController.xib */; };
		28D304DE10DB38B7002E43EC /* TracksTableViewController.m in Sources */ = {isa = PBXBuildFile; fileRef = 28D304DD10DB38B7002E43EC /* TracksTableViewController.m */; };
		28D304ED10DB3BF4002E43EC /* TrackTableView.xib in Resources */ = {isa = PBXBuildFile; fileRef = 28D304EC10DB3BF4002E43EC /* TrackTableView.xib */; };
		28D8126F10E7E2000069B325 /* window.png in Resources */ = {isa = PBXBuildFile; fileRef = 28D8126E10E7E2000069B325 /* window.png */; };
		28D9BD9910E53CD8003ADC71 /* cassette.png in Resources */ = {isa = PBXBuildFile; fileRef = 28D9BD9810E53CD8003ADC71 /* cassette.png */; };
		28D9BDAA10E54252003ADC71 /* tape.png in Resources */ = {isa = PBXBuildFile; fileRef = 28D9BDA910E54252003ADC71 /* tape.png */; };
		28E76F7210DAE3420025C0D1 /* RecorderViewController.m in Sources */ = {isa = PBXBuildFile; fileRef = 28E76F7010DAE3420025C0D1 /* RecorderViewController.m */; };
		28E76F7310DAE3420025C0D1 /* RecorderViewController.xib in Resources */ = {isa = PBXBuildFile; fileRef = 28E76F7110DAE3420025C0D1 /* RecorderViewController.xib */; };
		28E76F9D10DAE8970025C0D1 /* disclosureButtonControllerIcon.png in Resources */ = {isa = PBXBuildFile; fileRef = 28E76F9C10DAE8970025C0D1 /* disclosureButtonControllerIcon.png */; };
		28E76FAD10DAF50B0025C0D1 /* TrackDetailViewController.m in Sources */ = {isa = PBXBuildFile; fileRef = 28E76FAB10DAF50B0025C0D1 /* TrackDetailViewController.m */; };
		28FE7CC7115D3F520022A95A /* SoundsTableViewController.m in Sources */ = {isa = PBXBuildFile; fileRef = 28FE7CC6115D3F520022A95A /* SoundsTableViewController.m */; };
		28FE7CC9115D3FAA0022A95A /* SoundsTableView.xib in Resources */ = {isa = PBXBuildFile; fileRef = 28FE7CC8115D3FAA0022A95A /* SoundsTableView.xib */; };
		28FE7D54115D68170022A95A /* SoundDetailViewController.m in Sources */ = {isa = PBXBuildFile; fileRef = 28FE7D52115D68170022A95A /* SoundDetailViewController.m */; };
		28FE7D55115D68170022A95A /* SoundDetailViewController.xib in Resources */ = {isa = PBXBuildFile; fileRef = 28FE7D53115D68170022A95A /* SoundDetailViewController.xib */; };
/* End PBXBuildFile section */

/* Begin PBXFileReference section */
		1D30AB110D05D00D00671497 /* Foundation.framework */ = {isa = PBXFileReference; lastKnownFileType = wrapper.framework; name = Foundation.framework; path = System/Library/Frameworks/Foundation.framework; sourceTree = SDKROOT; };
		1D3623240D0F684500981E51 /* GeoAudio_RecorderAppDelegate.h */ = {isa = PBXFileReference; fileEncoding = 4; lastKnownFileType = sourcecode.c.h; path = GeoAudio_RecorderAppDelegate.h; sourceTree = "<group>"; };
		1D3623250D0F684500981E51 /* GeoAudio_RecorderAppDelegate.m */ = {isa = PBXFileReference; fileEncoding = 4; lastKnownFileType = sourcecode.c.objc; path = GeoAudio_RecorderAppDelegate.m; sourceTree = "<group>"; };
		1D6058910D05DD3D006BFB54 /* GeoAudio Recorder.app */ = {isa = PBXFileReference; explicitFileType = wrapper.application; includeInIndex = 0; path = "GeoAudio Recorder.app"; sourceTree = BUILT_PRODUCTS_DIR; };
		1DF5F4DF0D08C38300B7A737 /* UIKit.framework */ = {isa = PBXFileReference; lastKnownFileType = wrapper.framework; name = UIKit.framework; path = System/Library/Frameworks/UIKit.framework; sourceTree = SDKROOT; };
		2801F42611AB38C90060F0B6 /* upload_button_r.png */ = {isa = PBXFileReference; lastKnownFileType = image.png; path = upload_button_r.png; sourceTree = "<group>"; };
		2801F42911AB39730060F0B6 /* upload_button_g.png */ = {isa = PBXFileReference; lastKnownFileType = image.png; path = upload_button_g.png; sourceTree = "<group>"; };
		280A88B710DD4BE6005CF926 /* RecordEnabled.png */ = {isa = PBXFileReference; lastKnownFileType = image.png; path = RecordEnabled.png; sourceTree = "<group>"; };
		280A88B810DD4BE6005CF926 /* RecordPressed.png */ = {isa = PBXFileReference; lastKnownFileType = image.png; path = RecordPressed.png; sourceTree = "<group>"; };
		280A88F110DD6CF2005CF926 /* CoreLocation.framework */ = {isa = PBXFileReference; lastKnownFileType = wrapper.framework; name = CoreLocation.framework; path = System/Library/Frameworks/CoreLocation.framework; sourceTree = SDKROOT; };
		280A898110DDE9EF005CF926 /* LocationController.h */ = {isa = PBXFileReference; fileEncoding = 4; lastKnownFileType = sourcecode.c.h; path = LocationController.h; sourceTree = "<group>"; };
		280A898210DDE9EF005CF926 /* LocationController.m */ = {isa = PBXFileReference; fileEncoding = 4; lastKnownFileType = sourcecode.c.objc; path = LocationController.m; sourceTree = "<group>"; };
		281EDFC610E2B3320079F967 /* settings.png */ = {isa = PBXFileReference; lastKnownFileType = image.png; path = settings.png; sourceTree = "<group>"; };
		281EDFCF10E2B3FF0079F967 /* SettingsViewController.h */ = {isa = PBXFileReference; fileEncoding = 4; lastKnownFileType = sourcecode.c.h; path = SettingsViewController.h; sourceTree = "<group>"; };
		281EDFD010E2B3FF0079F967 /* SettingsViewController.m */ = {isa = PBXFileReference; fileEncoding = 4; lastKnownFileType = sourcecode.c.objc; path = SettingsViewController.m; sourceTree = "<group>"; };
		281EDFD110E2B3FF0079F967 /* SettingsViewController.xib */ = {isa = PBXFileReference; lastKnownFileType = file.xib; name = SettingsViewController.xib; path = Classes/SettingsViewController.xib; sourceTree = "<group>"; };
		284E6371115C1B9D00CA0ED9 /* SoundwalksTableViewController.h */ = {isa = PBXFileReference; fileEncoding = 4; lastKnownFileType = sourcecode.c.h; path = SoundwalksTableViewController.h; sourceTree = "<group>"; };
		284E6372115C1B9D00CA0ED9 /* SoundwalksTableViewController.m */ = {isa = PBXFileReference; fileEncoding = 4; lastKnownFileType = sourcecode.c.objc; path = SoundwalksTableViewController.m; sourceTree = "<group>"; };
		284E6374115C1BD600CA0ED9 /* SoundwalksTableView.xib */ = {isa = PBXFileReference; lastKnownFileType = file.xib; path = SoundwalksTableView.xib; sourceTree = "<group>"; };
		284E63A2115C23D200CA0ED9 /* SoundwalksNavController.h */ = {isa = PBXFileReference; fileEncoding = 4; lastKnownFileType = sourcecode.c.h; path = SoundwalksNavController.h; sourceTree = "<group>"; };
		284E63A3115C23D200CA0ED9 /* SoundwalksNavController.m */ = {isa = PBXFileReference; fileEncoding = 4; lastKnownFileType = sourcecode.c.objc; path = SoundwalksNavController.m; sourceTree = "<group>"; };
		284E63A4115C23D200CA0ED9 /* SoundwalksNavController.xib */ = {isa = PBXFileReference; lastKnownFileType = file.xib; name = SoundwalksNavController.xib; path = Classes/SoundwalksNavController.xib; sourceTree = "<group>"; };
		284E63B9115C290100CA0ED9 /* disk.png */ = {isa = PBXFileReference; lastKnownFileType = image.png; path = disk.png; sourceTree = "<group>"; };
		284E63BF115C2ADB00CA0ED9 /* JSON.h */ = {isa = PBXFileReference; fileEncoding = 4; lastKnownFileType = sourcecode.c.h; path = JSON.h; sourceTree = "<group>"; };
		284E63C0115C2ADB00CA0ED9 /* NSObject+SBJSON.h */ = {isa = PBXFileReference; fileEncoding = 4; lastKnownFileType = sourcecode.c.h; path = "NSObject+SBJSON.h"; sourceTree = "<group>"; };
		284E63C1115C2ADB00CA0ED9 /* NSObject+SBJSON.m */ = {isa = PBXFileReference; fileEncoding = 4; lastKnownFileType = sourcecode.c.objc; path = "NSObject+SBJSON.m"; sourceTree = "<group>"; };
		284E63C2115C2ADB00CA0ED9 /* NSString+SBJSON.h */ = {isa = PBXFileReference; fileEncoding = 4; lastKnownFileType = sourcecode.c.h; path = "NSString+SBJSON.h"; sourceTree = "<group>"; };
		284E63C3115C2ADB00CA0ED9 /* NSString+SBJSON.m */ = {isa = PBXFileReference; fileEncoding = 4; lastKnownFileType = sourcecode.c.objc; path = "NSString+SBJSON.m"; sourceTree = "<group>"; };
		284E63C4115C2ADB00CA0ED9 /* SBJSON.h */ = {isa = PBXFileReference; fileEncoding = 4; lastKnownFileType = sourcecode.c.h; path = SBJSON.h; sourceTree = "<group>"; };
		284E63C5115C2ADB00CA0ED9 /* SBJSON.m */ = {isa = PBXFileReference; fileEncoding = 4; lastKnownFileType = sourcecode.c.objc; path = SBJSON.m; sourceTree = "<group>"; };
		284E63C6115C2ADB00CA0ED9 /* SBJsonBase.h */ = {isa = PBXFileReference; fileEncoding = 4; lastKnownFileType = sourcecode.c.h; path = SBJsonBase.h; sourceTree = "<group>"; };
		284E63C7115C2ADB00CA0ED9 /* SBJsonBase.m */ = {isa = PBXFileReference; fileEncoding = 4; lastKnownFileType = sourcecode.c.objc; path = SBJsonBase.m; sourceTree = "<group>"; };
		284E63C8115C2ADB00CA0ED9 /* SBJsonParser.h */ = {isa = PBXFileReference; fileEncoding = 4; lastKnownFileType = sourcecode.c.h; path = SBJsonParser.h; sourceTree = "<group>"; };
		284E63C9115C2ADB00CA0ED9 /* SBJsonParser.m */ = {isa = PBXFileReference; fileEncoding = 4; lastKnownFileType = sourcecode.c.objc; path = SBJsonParser.m; sourceTree = "<group>"; };
		284E63CA115C2ADB00CA0ED9 /* SBJsonWriter.h */ = {isa = PBXFileReference; fileEncoding = 4; lastKnownFileType = sourcecode.c.h; path = SBJsonWriter.h; sourceTree = "<group>"; };
		284E63CB115C2ADB00CA0ED9 /* SBJsonWriter.m */ = {isa = PBXFileReference; fileEncoding = 4; lastKnownFileType = sourcecode.c.objc; path = SBJsonWriter.m; sourceTree = "<group>"; };
		2868292110E811760043FB61 /* clock.png */ = {isa = PBXFileReference; lastKnownFileType = image.png; path = clock.png; sourceTree = "<group>"; };
		2868292410E811AA0043FB61 /* world.png */ = {isa = PBXFileReference; lastKnownFileType = image.png; path = world.png; sourceTree = "<group>"; };
		286F9BB71169B43000B960C9 /* CoreSupport.h */ = {isa = PBXFileReference; fileEncoding = 4; lastKnownFileType = sourcecode.c.h; path = CoreSupport.h; sourceTree = "<group>"; };
		286F9BB91169B43000B960C9 /* NSString+InflectionSupport.h */ = {isa = PBXFileReference; fileEncoding = 4; lastKnownFileType = sourcecode.c.h; path = "NSString+InflectionSupport.h"; sourceTree = "<group>"; };
		286F9BBA1169B43000B960C9 /* NSString+InflectionSupport.m */ = {isa = PBXFileReference; fileEncoding = 4; lastKnownFileType = sourcecode.c.objc; path = "NSString+InflectionSupport.m"; sourceTree = "<group>"; };
		286F9BBB1169B43000B960C9 /* NSData+Additions.h */ = {isa = PBXFileReference; fileEncoding = 4; lastKnownFileType = sourcecode.c.h; path = "NSData+Additions.h"; sourceTree = "<group>"; };
		286F9BBC1169B43000B960C9 /* NSData+Additions.m */ = {isa = PBXFileReference; fileEncoding = 4; lastKnownFileType = sourcecode.c.objc; path = "NSData+Additions.m"; sourceTree = "<group>"; };
		286F9BBD1169B43000B960C9 /* NSObject+PropertySupport.h */ = {isa = PBXFileReference; fileEncoding = 4; lastKnownFileType = sourcecode.c.h; path = "NSObject+PropertySupport.h"; sourceTree = "<group>"; };
		286F9BBE1169B43000B960C9 /* NSObject+PropertySupport.m */ = {isa = PBXFileReference; fileEncoding = 4; lastKnownFileType = sourcecode.c.objc; path = "NSObject+PropertySupport.m"; sourceTree = "<group>"; };
		286F9BBF1169B43000B960C9 /* NSString+GSub.h */ = {isa = PBXFileReference; fileEncoding = 4; lastKnownFileType = sourcecode.c.h; path = "NSString+GSub.h"; sourceTree = "<group>"; };
		286F9BC01169B43000B960C9 /* NSString+GSub.m */ = {isa = PBXFileReference; fileEncoding = 4; lastKnownFileType = sourcecode.c.objc; path = "NSString+GSub.m"; sourceTree = "<group>"; };
		286F9BC11169B43000B960C9 /* ObjectiveResourceDateFormatter.h */ = {isa = PBXFileReference; fileEncoding = 4; lastKnownFileType = sourcecode.c.h; path = ObjectiveResourceDateFormatter.h; sourceTree = "<group>"; };
		286F9BC21169B43000B960C9 /* ObjectiveResourceDateFormatter.m */ = {isa = PBXFileReference; fileEncoding = 4; lastKnownFileType = sourcecode.c.objc; path = ObjectiveResourceDateFormatter.m; sourceTree = "<group>"; };
		286F9BC31169B43000B960C9 /* ObjectiveSupport.h */ = {isa = PBXFileReference; fileEncoding = 4; lastKnownFileType = sourcecode.c.h; path = ObjectiveSupport.h; sourceTree = "<group>"; };
		286F9BCE1169B43000B960C9 /* JSONSerializable.h */ = {isa = PBXFileReference; fileEncoding = 4; lastKnownFileType = sourcecode.c.h; path = JSONSerializable.h; sourceTree = "<group>"; };
		286F9BCF1169B43000B960C9 /* JSONSerializableSupport.h */ = {isa = PBXFileReference; fileEncoding = 4; lastKnownFileType = sourcecode.c.h; path = JSONSerializableSupport.h; sourceTree = "<group>"; };
		286F9BD01169B43000B960C9 /* NSArray+JSONSerializableSupport.h */ = {isa = PBXFileReference; fileEncoding = 4; lastKnownFileType = sourcecode.c.h; path = "NSArray+JSONSerializableSupport.h"; sourceTree = "<group>"; };
		286F9BD11169B43000B960C9 /* NSArray+JSONSerializableSupport.m */ = {isa = PBXFileReference; fileEncoding = 4; lastKnownFileType = sourcecode.c.objc; path = "NSArray+JSONSerializableSupport.m"; sourceTree = "<group>"; };
		286F9BD21169B43000B960C9 /* NSDictionary+JSONSerializableSupport.h */ = {isa = PBXFileReference; fileEncoding = 4; lastKnownFileType = sourcecode.c.h; path = "NSDictionary+JSONSerializableSupport.h"; sourceTree = "<group>"; };
		286F9BD31169B43000B960C9 /* NSDictionary+JSONSerializableSupport.m */ = {isa = PBXFileReference; fileEncoding = 4; lastKnownFileType = sourcecode.c.objc; path = "NSDictionary+JSONSerializableSupport.m"; sourceTree = "<group>"; };
		286F9BD41169B43000B960C9 /* NSObject+JSONSerializableSupport.h */ = {isa = PBXFileReference; fileEncoding = 4; lastKnownFileType = sourcecode.c.h; path = "NSObject+JSONSerializableSupport.h"; sourceTree = "<group>"; };
		286F9BD51169B43000B960C9 /* NSObject+JSONSerializableSupport.m */ = {isa = PBXFileReference; fileEncoding = 4; lastKnownFileType = sourcecode.c.objc; path = "NSObject+JSONSerializableSupport.m"; sourceTree = "<group>"; };
		286F9BD61169B43000B960C9 /* NSDate+Serialize.h */ = {isa = PBXFileReference; fileEncoding = 4; lastKnownFileType = sourcecode.c.h; path = "NSDate+Serialize.h"; sourceTree = "<group>"; };
		286F9BD71169B43000B960C9 /* NSDate+Serialize.m */ = {isa = PBXFileReference; fileEncoding = 4; lastKnownFileType = sourcecode.c.objc; path = "NSDate+Serialize.m"; sourceTree = "<group>"; };
		286F9BD81169B43000B960C9 /* NSDictionary+KeyTranslation.h */ = {isa = PBXFileReference; fileEncoding = 4; lastKnownFileType = sourcecode.c.h; path = "NSDictionary+KeyTranslation.h"; sourceTree = "<group>"; };
		286F9BD91169B43000B960C9 /* NSDictionary+KeyTranslation.m */ = {isa = PBXFileReference; fileEncoding = 4; lastKnownFileType = sourcecode.c.objc; path = "NSDictionary+KeyTranslation.m"; sourceTree = "<group>"; };
		286F9BDA1169B43000B960C9 /* NSObject+Serialize.h */ = {isa = PBXFileReference; fileEncoding = 4; lastKnownFileType = sourcecode.c.h; path = "NSObject+Serialize.h"; sourceTree = "<group>"; };
		286F9BDB1169B43000B960C9 /* NSObject+Serialize.m */ = {isa = PBXFileReference; fileEncoding = 4; lastKnownFileType = sourcecode.c.objc; path = "NSObject+Serialize.m"; sourceTree = "<group>"; };
		286F9BDC1169B43000B960C9 /* NSString+Serialize.h */ = {isa = PBXFileReference; fileEncoding = 4; lastKnownFileType = sourcecode.c.h; path = "NSString+Serialize.h"; sourceTree = "<group>"; };
		286F9BDD1169B43000B960C9 /* NSString+Serialize.m */ = {isa = PBXFileReference; fileEncoding = 4; lastKnownFileType = sourcecode.c.objc; path = "NSString+Serialize.m"; sourceTree = "<group>"; };
		286F9BDE1169B43000B960C9 /* Serialize.h */ = {isa = PBXFileReference; fileEncoding = 4; lastKnownFileType = sourcecode.c.h; path = Serialize.h; sourceTree = "<group>"; };
		286F9BE01169B43000B960C9 /* FromXMLElementDelegate.h */ = {isa = PBXFileReference; fileEncoding = 4; lastKnownFileType = sourcecode.c.h; path = FromXMLElementDelegate.h; sourceTree = "<group>"; };
		286F9BE11169B43000B960C9 /* FromXMLElementDelegate.m */ = {isa = PBXFileReference; fileEncoding = 4; lastKnownFileType = sourcecode.c.objc; path = FromXMLElementDelegate.m; sourceTree = "<group>"; };
		286F9BE21169B43000B960C9 /* NSArray+XMLSerializableSupport.h */ = {isa = PBXFileReference; fileEncoding = 4; lastKnownFileType = sourcecode.c.h; path = "NSArray+XMLSerializableSupport.h"; sourceTree = "<group>"; };
		286F9BE31169B43000B960C9 /* NSArray+XMLSerializableSupport.m */ = {isa = PBXFileReference; fileEncoding = 4; lastKnownFileType = sourcecode.c.objc; path = "NSArray+XMLSerializableSupport.m"; sourceTree = "<group>"; };
		286F9BE41169B43000B960C9 /* NSDate+XMLSerializableSupport.h */ = {isa = PBXFileReference; fileEncoding = 4; lastKnownFileType = sourcecode.c.h; path = "NSDate+XMLSerializableSupport.h"; sourceTree = "<group>"; };
		286F9BE51169B43000B960C9 /* NSDate+XMLSerializableSupport.m */ = {isa = PBXFileReference; fileEncoding = 4; lastKnownFileType = sourcecode.c.objc; path = "NSDate+XMLSerializableSupport.m"; sourceTree = "<group>"; };
		286F9BE61169B43000B960C9 /* NSDictionary+XMLSerializableSupport.h */ = {isa = PBXFileReference; fileEncoding = 4; lastKnownFileType = sourcecode.c.h; path = "NSDictionary+XMLSerializableSupport.h"; sourceTree = "<group>"; };
		286F9BE71169B43000B960C9 /* NSDictionary+XMLSerializableSupport.m */ = {isa = PBXFileReference; fileEncoding = 4; lastKnownFileType = sourcecode.c.objc; path = "NSDictionary+XMLSerializableSupport.m"; sourceTree = "<group>"; };
		286F9BE81169B43000B960C9 /* NSNull+XMLSerializableSupport.h */ = {isa = PBXFileReference; fileEncoding = 4; lastKnownFileType = sourcecode.c.h; path = "NSNull+XMLSerializableSupport.h"; sourceTree = "<group>"; };
		286F9BE91169B43000B960C9 /* NSNull+XMLSerializableSupport.m */ = {isa = PBXFileReference; fileEncoding = 4; lastKnownFileType = sourcecode.c.objc; path = "NSNull+XMLSerializableSupport.m"; sourceTree = "<group>"; };
		286F9BEA1169B43000B960C9 /* NSNumber+XMLSerializableSupport.h */ = {isa = PBXFileReference; fileEncoding = 4; lastKnownFileType = sourcecode.c.h; path = "NSNumber+XMLSerializableSupport.h"; sourceTree = "<group>"; };
		286F9BEB1169B43000B960C9 /* NSNumber+XMLSerializableSupport.m */ = {isa = PBXFileReference; fileEncoding = 4; lastKnownFileType = sourcecode.c.objc; path = "NSNumber+XMLSerializableSupport.m"; sourceTree = "<group>"; };
		286F9BEC1169B43000B960C9 /* NSObject+XMLSerializableSupport.h */ = {isa = PBXFileReference; fileEncoding = 4; lastKnownFileType = sourcecode.c.h; path = "NSObject+XMLSerializableSupport.h"; sourceTree = "<group>"; };
		286F9BED1169B43000B960C9 /* NSObject+XMLSerializableSupport.m */ = {isa = PBXFileReference; fileEncoding = 4; lastKnownFileType = sourcecode.c.objc; path = "NSObject+XMLSerializableSupport.m"; sourceTree = "<group>"; };
		286F9BEE1169B43000B960C9 /* NSString+XMLSerializableSupport.h */ = {isa = PBXFileReference; fileEncoding = 4; lastKnownFileType = sourcecode.c.h; path = "NSString+XMLSerializableSupport.h"; sourceTree = "<group>"; };
		286F9BEF1169B43000B960C9 /* NSString+XMLSerializableSupport.m */ = {isa = PBXFileReference; fileEncoding = 4; lastKnownFileType = sourcecode.c.objc; path = "NSString+XMLSerializableSupport.m"; sourceTree = "<group>"; };
		286F9BF01169B43000B960C9 /* XMLSerializable.h */ = {isa = PBXFileReference; fileEncoding = 4; lastKnownFileType = sourcecode.c.h; path = XMLSerializable.h; sourceTree = "<group>"; };
		286F9BF11169B43000B960C9 /* XMLSerializableSupport.h */ = {isa = PBXFileReference; fileEncoding = 4; lastKnownFileType = sourcecode.c.h; path = XMLSerializableSupport.h; sourceTree = "<group>"; };
		286F9BF31169B43000B960C9 /* NSError+Error.h */ = {isa = PBXFileReference; fileEncoding = 4; lastKnownFileType = sourcecode.c.h; path = "NSError+Error.h"; sourceTree = "<group>"; };
		286F9BF41169B43000B960C9 /* NSError+Error.m */ = {isa = PBXFileReference; fileEncoding = 4; lastKnownFileType = sourcecode.c.objc; path = "NSError+Error.m"; sourceTree = "<group>"; };
		286F9BF51169B43000B960C9 /* Connection.h */ = {isa = PBXFileReference; fileEncoding = 4; lastKnownFileType = sourcecode.c.h; path = Connection.h; sourceTree = "<group>"; };
		286F9BF61169B43000B960C9 /* Connection.m */ = {isa = PBXFileReference; fileEncoding = 4; lastKnownFileType = sourcecode.c.objc; path = Connection.m; sourceTree = "<group>"; };
		286F9BF71169B43000B960C9 /* ConnectionDelegate.h */ = {isa = PBXFileReference; fileEncoding = 4; lastKnownFileType = sourcecode.c.h; path = ConnectionDelegate.h; sourceTree = "<group>"; };
		286F9BF81169B43000B960C9 /* ConnectionDelegate.m */ = {isa = PBXFileReference; fileEncoding = 4; lastKnownFileType = sourcecode.c.objc; path = ConnectionDelegate.m; sourceTree = "<group>"; };
		286F9BF91169B43000B960C9 /* ConnectionManager.h */ = {isa = PBXFileReference; fileEncoding = 4; lastKnownFileType = sourcecode.c.h; path = ConnectionManager.h; sourceTree = "<group>"; };
		286F9BFA1169B43000B960C9 /* ConnectionManager.m */ = {isa = PBXFileReference; fileEncoding = 4; lastKnownFileType = sourcecode.c.objc; path = ConnectionManager.m; sourceTree = "<group>"; };
		286F9BFB1169B43000B960C9 /* NSHTTPURLResponse+Error.h */ = {isa = PBXFileReference; fileEncoding = 4; lastKnownFileType = sourcecode.c.h; path = "NSHTTPURLResponse+Error.h"; sourceTree = "<group>"; };
		286F9BFC1169B43000B960C9 /* NSHTTPURLResponse+Error.m */ = {isa = PBXFileReference; fileEncoding = 4; lastKnownFileType = sourcecode.c.objc; path = "NSHTTPURLResponse+Error.m"; sourceTree = "<group>"; };
		286F9BFD1169B43000B960C9 /* NSMutableURLRequest+ResponseType.h */ = {isa = PBXFileReference; fileEncoding = 4; lastKnownFileType = sourcecode.c.h; path = "NSMutableURLRequest+ResponseType.h"; sourceTree = "<group>"; };
		286F9BFE1169B43000B960C9 /* NSMutableURLRequest+ResponseType.m */ = {isa = PBXFileReference; fileEncoding = 4; lastKnownFileType = sourcecode.c.objc; path = "NSMutableURLRequest+ResponseType.m"; sourceTree = "<group>"; };
		286F9BFF1169B43000B960C9 /* NSObject+ObjectiveResource.h */ = {isa = PBXFileReference; fileEncoding = 4; lastKnownFileType = sourcecode.c.h; path = "NSObject+ObjectiveResource.h"; sourceTree = "<group>"; };
		286F9C001169B43000B960C9 /* NSObject+ObjectiveResource.m */ = {isa = PBXFileReference; fileEncoding = 4; lastKnownFileType = sourcecode.c.objc; path = "NSObject+ObjectiveResource.m"; sourceTree = "<group>"; };
		286F9C011169B43000B960C9 /* ObjectiveResource.h */ = {isa = PBXFileReference; fileEncoding = 4; lastKnownFileType = sourcecode.c.h; path = ObjectiveResource.h; sourceTree = "<group>"; };
		286F9C021169B43000B960C9 /* ObjectiveResourceConfig.h */ = {isa = PBXFileReference; fileEncoding = 4; lastKnownFileType = sourcecode.c.h; path = ObjectiveResourceConfig.h; sourceTree = "<group>"; };
		286F9C031169B43000B960C9 /* ObjectiveResourceConfig.m */ = {isa = PBXFileReference; fileEncoding = 4; lastKnownFileType = sourcecode.c.objc; path = ObjectiveResourceConfig.m; sourceTree = "<group>"; };
		286F9C041169B43000B960C9 /* Response.h */ = {isa = PBXFileReference; fileEncoding = 4; lastKnownFileType = sourcecode.c.h; path = Response.h; sourceTree = "<group>"; };
		286F9C051169B43000B960C9 /* Response.m */ = {isa = PBXFileReference; fileEncoding = 4; lastKnownFileType = sourcecode.c.objc; path = Response.m; sourceTree = "<group>"; };
		286F9C411169B54300B960C9 /* Session.h */ = {isa = PBXFileReference; fileEncoding = 4; lastKnownFileType = sourcecode.c.h; path = Session.h; sourceTree = "<group>"; };
		286F9C421169B54300B960C9 /* Session.m */ = {isa = PBXFileReference; fileEncoding = 4; lastKnownFileType = sourcecode.c.objc; path = Session.m; sourceTree = "<group>"; };
		286F9C461169B55B00B960C9 /* User.h */ = {isa = PBXFileReference; fileEncoding = 4; lastKnownFileType = sourcecode.c.h; path = User.h; sourceTree = "<group>"; };
		286F9C471169B55B00B960C9 /* User.m */ = {isa = PBXFileReference; fileEncoding = 4; lastKnownFileType = sourcecode.c.objc; path = User.m; sourceTree = "<group>"; };
		286F9C561169B6E200B960C9 /* AuthenticationViewController.h */ = {isa = PBXFileReference; fileEncoding = 4; lastKnownFileType = sourcecode.c.h; path = AuthenticationViewController.h; sourceTree = "<group>"; };
		286F9C571169B6E200B960C9 /* AuthenticationViewController.m */ = {isa = PBXFileReference; fileEncoding = 4; lastKnownFileType = sourcecode.c.objc; path = AuthenticationViewController.m; sourceTree = "<group>"; };
		286F9C631169B73400B960C9 /* DateHelpers.h */ = {isa = PBXFileReference; fileEncoding = 4; lastKnownFileType = sourcecode.c.h; path = DateHelpers.h; sourceTree = "<group>"; };
		286F9C641169B73400B960C9 /* DateHelpers.m */ = {isa = PBXFileReference; fileEncoding = 4; lastKnownFileType = sourcecode.c.objc; path = DateHelpers.m; sourceTree = "<group>"; };
		286F9C651169B73400B960C9 /* UIHelpers.h */ = {isa = PBXFileReference; fileEncoding = 4; lastKnownFileType = sourcecode.c.h; path = UIHelpers.h; sourceTree = "<group>"; };
		286F9C661169B73400B960C9 /* UIHelpers.m */ = {isa = PBXFileReference; fileEncoding = 4; lastKnownFileType = sourcecode.c.objc; path = UIHelpers.m; sourceTree = "<group>"; };
		286F9C671169B73400B960C9 /* Helpers.h */ = {isa = PBXFileReference; fileEncoding = 4; lastKnownFileType = sourcecode.c.h; path = Helpers.h; sourceTree = "<group>"; };
		28802D9711A9AFBF0085C8DA /* UploadViewController.h */ = {isa = PBXFileReference; fileEncoding = 4; lastKnownFileType = sourcecode.c.h; path = UploadViewController.h; sourceTree = "<group>"; };
		28802D9811A9AFBF0085C8DA /* UploadViewController.m */ = {isa = PBXFileReference; fileEncoding = 4; lastKnownFileType = sourcecode.c.objc; path = UploadViewController.m; sourceTree = "<group>"; };
		28802D9911A9AFBF0085C8DA /* UploadViewController.xib */ = {isa = PBXFileReference; lastKnownFileType = file.xib; name = UploadViewController.xib; path = Classes/UploadViewController.xib; sourceTree = "<group>"; };
		288765FC0DF74451002DB57D /* CoreGraphics.framework */ = {isa = PBXFileReference; lastKnownFileType = wrapper.framework; name = CoreGraphics.framework; path = System/Library/Frameworks/CoreGraphics.framework; sourceTree = SDKROOT; };
		289025D510EBC2AC00F4E72B /* windowwithmap.png */ = {isa = PBXFileReference; lastKnownFileType = image.png; path = windowwithmap.png; sourceTree = "<group>"; };
		28A78AD6116D3F6200B76A12 /* ASIHTTPRequestConfig.h */ = {isa = PBXFileReference; fileEncoding = 4; lastKnownFileType = sourcecode.c.h; path = ASIHTTPRequestConfig.h; sourceTree = "<group>"; };
		28A78AD7116D3F6200B76A12 /* ASIAuthenticationDialog.h */ = {isa = PBXFileReference; fileEncoding = 4; lastKnownFileType = sourcecode.c.h; path = ASIAuthenticationDialog.h; sourceTree = "<group>"; };
		28A78AD8116D3F6200B76A12 /* ASIAuthenticationDialog.m */ = {isa = PBXFileReference; fileEncoding = 4; lastKnownFileType = sourcecode.c.objc; path = ASIAuthenticationDialog.m; sourceTree = "<group>"; };
		28A78AD9116D3F6200B76A12 /* ASIInputStream.h */ = {isa = PBXFileReference; fileEncoding = 4; lastKnownFileType = sourcecode.c.h; path = ASIInputStream.h; sourceTree = "<group>"; };
		28A78ADA116D3F6200B76A12 /* ASIInputStream.m */ = {isa = PBXFileReference; fileEncoding = 4; lastKnownFileType = sourcecode.c.objc; path = ASIInputStream.m; sourceTree = "<group>"; };
		28A78ADB116D3F6200B76A12 /* ASIFormDataRequest.h */ = {isa = PBXFileReference; fileEncoding = 4; lastKnownFileType = sourcecode.c.h; path = ASIFormDataRequest.h; sourceTree = "<group>"; };
		28A78ADC116D3F6200B76A12 /* ASIFormDataRequest.m */ = {isa = PBXFileReference; fileEncoding = 4; lastKnownFileType = sourcecode.c.objc; path = ASIFormDataRequest.m; sourceTree = "<group>"; };
		28A78ADD116D3F6200B76A12 /* ASIHTTPRequest.h */ = {isa = PBXFileReference; fileEncoding = 4; lastKnownFileType = sourcecode.c.h; path = ASIHTTPRequest.h; sourceTree = "<group>"; };
		28A78ADE116D3F6200B76A12 /* ASIHTTPRequest.m */ = {isa = PBXFileReference; fileEncoding = 4; lastKnownFileType = sourcecode.c.objc; path = ASIHTTPRequest.m; sourceTree = "<group>"; };
		28A78ADF116D3F6200B76A12 /* ASINetworkQueue.h */ = {isa = PBXFileReference; fileEncoding = 4; lastKnownFileType = sourcecode.c.h; path = ASINetworkQueue.h; sourceTree = "<group>"; };
		28A78AE0116D3F6200B76A12 /* ASINetworkQueue.m */ = {isa = PBXFileReference; fileEncoding = 4; lastKnownFileType = sourcecode.c.objc; path = ASINetworkQueue.m; sourceTree = "<group>"; };
		28A78AE1116D3F6200B76A12 /* ASINSStringAdditions.h */ = {isa = PBXFileReference; fileEncoding = 4; lastKnownFileType = sourcecode.c.h; path = ASINSStringAdditions.h; sourceTree = "<group>"; };
		28A78AE2116D3F6200B76A12 /* ASINSStringAdditions.m */ = {isa = PBXFileReference; fileEncoding = 4; lastKnownFileType = sourcecode.c.objc; path = ASINSStringAdditions.m; sourceTree = "<group>"; };
		28A78AEF116D3FD000B76A12 /* Reachability.h */ = {isa = PBXFileReference; fileEncoding = 4; lastKnownFileType = sourcecode.c.h; path = Reachability.h; sourceTree = "<group>"; };
		28A78AF0116D3FD000B76A12 /* Reachability.m */ = {isa = PBXFileReference; fileEncoding = 4; lastKnownFileType = sourcecode.c.objc; path = Reachability.m; sourceTree = "<group>"; };
		28A78AFB116D403E00B76A12 /* CFNetwork.framework */ = {isa = PBXFileReference; lastKnownFileType = wrapper.framework; name = CFNetwork.framework; path = System/Library/Frameworks/CFNetwork.framework; sourceTree = SDKROOT; };
		28A78AFD116D405000B76A12 /* SystemConfiguration.framework */ = {isa = PBXFileReference; lastKnownFileType = wrapper.framework; name = SystemConfiguration.framework; path = System/Library/Frameworks/SystemConfiguration.framework; sourceTree = SDKROOT; };
		28A78AFF116D405E00B76A12 /* MobileCoreServices.framework */ = {isa = PBXFileReference; lastKnownFileType = wrapper.framework; name = MobileCoreServices.framework; path = System/Library/Frameworks/MobileCoreServices.framework; sourceTree = SDKROOT; };
		28A78B01116D409000B76A12 /* libz.1.2.3.dylib */ = {isa = PBXFileReference; lastKnownFileType = "compiled.mach-o.dylib"; name = libz.1.2.3.dylib; path = usr/lib/libz.1.2.3.dylib; sourceTree = SDKROOT; };
		28AD733E0D9D9553002E5188 /* MainWindow.xib */ = {isa = PBXFileReference; lastKnownFileType = file.xib; path = MainWindow.xib; sourceTree = "<group>"; };
		28B0304010E18FBB0034A0C8 /* background.png */ = {isa = PBXFileReference; lastKnownFileType = image.png; path = background.png; sourceTree = "<group>"; };
		28B0305A10E193310034A0C8 /* locationwindow.png */ = {isa = PBXFileReference; lastKnownFileType = image.png; path = locationwindow.png; sourceTree = "<group>"; };
		28B5597F10DBDCC3004D75B4 /* TrackDetailViewController.xib */ = {isa = PBXFileReference; lastKnownFileType = file.xib; path = TrackDetailViewController.xib; sourceTree = "<group>"; };
		28B559C110DBE5BA004D75B4 /* AVFoundation.framework */ = {isa = PBXFileReference; lastKnownFileType = wrapper.framework; name = AVFoundation.framework; path = System/Library/Frameworks/AVFoundation.framework; sourceTree = SDKROOT; };
		28B55A0D10DCA010004D75B4 /* microphone.png */ = {isa = PBXFileReference; lastKnownFileType = image.png; path = microphone.png; sourceTree = "<group>"; };
		28B55A0F10DCA069004D75B4 /* tracks.png */ = {isa = PBXFileReference; lastKnownFileType = image.png; path = tracks.png; sourceTree = "<group>"; };
		28C1AEE510E009CB00DBBB55 /* MapKit.framework */ = {isa = PBXFileReference; lastKnownFileType = wrapper.framework; name = MapKit.framework; path = System/Library/Frameworks/MapKit.framework; sourceTree = SDKROOT; };
		28C1AEED10E0167C00DBBB55 /* LocationAnnotation.h */ = {isa = PBXFileReference; fileEncoding = 4; lastKnownFileType = sourcecode.c.h; path = LocationAnnotation.h; sourceTree = "<group>"; };
		28C1AEEE10E0167C00DBBB55 /* LocationAnnotation.m */ = {isa = PBXFileReference; fileEncoding = 4; lastKnownFileType = sourcecode.c.objc; path = LocationAnnotation.m; sourceTree = "<group>"; };
		28C1B05110E0962A00DBBB55 /* pause.png */ = {isa = PBXFileReference; lastKnownFileType = image.png; path = pause.png; sourceTree = "<group>"; };
		28C1B05210E0962A00DBBB55 /* forward.png */ = {isa = PBXFileReference; lastKnownFileType = image.png; path = forward.png; sourceTree = "<group>"; };
		28C1B05310E0962A00DBBB55 /* play.png */ = {isa = PBXFileReference; lastKnownFileType = image.png; path = play.png; sourceTree = "<group>"; };
		28C1B05410E0962A00DBBB55 /* rewind.png */ = {isa = PBXFileReference; lastKnownFileType = image.png; path = rewind.png; sourceTree = "<group>"; };
		28C4AC41115E5B7D008CCE6F /* Sound.h */ = {isa = PBXFileReference; fileEncoding = 4; lastKnownFileType = sourcecode.c.h; path = Sound.h; sourceTree = "<group>"; };
		28C4AC42115E5B7D008CCE6F /* Sound.m */ = {isa = PBXFileReference; fileEncoding = 4; lastKnownFileType = sourcecode.c.objc; path = Sound.m; sourceTree = "<group>"; };
		28D304C810DB3669002E43EC /* TracksNavController.h */ = {isa = PBXFileReference; fileEncoding = 4; lastKnownFileType = sourcecode.c.h; path = TracksNavController.h; sourceTree = "<group>"; };
		28D304C910DB3669002E43EC /* TracksNavController.m */ = {isa = PBXFileReference; fileEncoding = 4; lastKnownFileType = sourcecode.c.objc; path = TracksNavController.m; sourceTree = "<group>"; };
		28D304CA10DB3669002E43EC /* TracksNavController.xib */ = {isa = PBXFileReference; lastKnownFileType = file.xib; name = TracksNavController.xib; path = Classes/TracksNavController.xib; sourceTree = "<group>"; };
		28D304DC10DB38B7002E43EC /* TracksTableViewController.h */ = {isa = PBXFileReference; fileEncoding = 4; lastKnownFileType = sourcecode.c.h; path = TracksTableViewController.h; sourceTree = "<group>"; };
		28D304DD10DB38B7002E43EC /* TracksTableViewController.m */ = {isa = PBXFileReference; fileEncoding = 4; lastKnownFileType = sourcecode.c.objc; path = TracksTableViewController.m; sourceTree = "<group>"; };
		28D304EC10DB3BF4002E43EC /* TrackTableView.xib */ = {isa = PBXFileReference; lastKnownFileType = file.xib; path = TrackTableView.xib; sourceTree = "<group>"; };
		28D8126E10E7E2000069B325 /* window.png */ = {isa = PBXFileReference; lastKnownFileType = image.png; path = window.png; sourceTree = "<group>"; };
		28D9BD9810E53CD8003ADC71 /* cassette.png */ = {isa = PBXFileReference; lastKnownFileType = image.png; path = cassette.png; sourceTree = "<group>"; };
		28D9BDA910E54252003ADC71 /* tape.png */ = {isa = PBXFileReference; lastKnownFileType = image.png; path = tape.png; sourceTree = "<group>"; };
		28E76F6F10DAE3420025C0D1 /* RecorderViewController.h */ = {isa = PBXFileReference; fileEncoding = 4; lastKnownFileType = sourcecode.c.h; path = RecorderViewController.h; sourceTree = "<group>"; };
		28E76F7010DAE3420025C0D1 /* RecorderViewController.m */ = {isa = PBXFileReference; fileEncoding = 4; lastKnownFileType = sourcecode.c.objc; path = RecorderViewController.m; sourceTree = "<group>"; };
		28E76F7110DAE3420025C0D1 /* RecorderViewController.xib */ = {isa = PBXFileReference; lastKnownFileType = file.xib; name = RecorderViewController.xib; path = Classes/RecorderViewController.xib; sourceTree = "<group>"; };
		28E76F9C10DAE8970025C0D1 /* disclosureButtonControllerIcon.png */ = {isa = PBXFileReference; lastKnownFileType = image.png; path = disclosureButtonControllerIcon.png; sourceTree = "<group>"; };
		28E76FAA10DAF50B0025C0D1 /* TrackDetailViewController.h */ = {isa = PBXFileReference; fileEncoding = 4; lastKnownFileType = sourcecode.c.h; path = TrackDetailViewController.h; sourceTree = "<group>"; };
		28E76FAB10DAF50B0025C0D1 /* TrackDetailViewController.m */ = {isa = PBXFileReference; fileEncoding = 4; lastKnownFileType = sourcecode.c.objc; path = TrackDetailViewController.m; sourceTree = "<group>"; };
		28FE7CC5115D3F520022A95A /* SoundsTableViewController.h */ = {isa = PBXFileReference; fileEncoding = 4; lastKnownFileType = sourcecode.c.h; path = SoundsTableViewController.h; sourceTree = "<group>"; };
		28FE7CC6115D3F520022A95A /* SoundsTableViewController.m */ = {isa = PBXFileReference; fileEncoding = 4; lastKnownFileType = sourcecode.c.objc; path = SoundsTableViewController.m; sourceTree = "<group>"; };
		28FE7CC8115D3FAA0022A95A /* SoundsTableView.xib */ = {isa = PBXFileReference; lastKnownFileType = file.xib; path = SoundsTableView.xib; sourceTree = "<group>"; };
		28FE7D51115D68170022A95A /* SoundDetailViewController.h */ = {isa = PBXFileReference; fileEncoding = 4; lastKnownFileType = sourcecode.c.h; path = SoundDetailViewController.h; sourceTree = "<group>"; };
		28FE7D52115D68170022A95A /* SoundDetailViewController.m */ = {isa = PBXFileReference; fileEncoding = 4; lastKnownFileType = sourcecode.c.objc; path = SoundDetailViewController.m; sourceTree = "<group>"; };
		28FE7D53115D68170022A95A /* SoundDetailViewController.xib */ = {isa = PBXFileReference; lastKnownFileType = file.xib; name = SoundDetailViewController.xib; path = Classes/SoundDetailViewController.xib; sourceTree = "<group>"; };
		29B97316FDCFA39411CA2CEA /* main.m */ = {isa = PBXFileReference; fileEncoding = 4; lastKnownFileType = sourcecode.c.objc; path = main.m; sourceTree = "<group>"; };
		32CA4F630368D1EE00C91783 /* GeoAudio_Recorder_Prefix.pch */ = {isa = PBXFileReference; fileEncoding = 4; lastKnownFileType = sourcecode.c.h; path = GeoAudio_Recorder_Prefix.pch; sourceTree = "<group>"; };
		8D1107310486CEB800E47090 /* GeoAudio_Recorder-Info.plist */ = {isa = PBXFileReference; fileEncoding = 4; lastKnownFileType = text.plist.xml; path = "GeoAudio_Recorder-Info.plist"; plistStructureDefinitionIdentifier = "com.apple.xcode.plist.structure-definition.iphone.info-plist"; sourceTree = "<group>"; };
/* End PBXFileReference section */

/* Begin PBXFrameworksBuildPhase section */
		1D60588F0D05DD3D006BFB54 /* Frameworks */ = {
			isa = PBXFrameworksBuildPhase;
			buildActionMask = 2147483647;
			files = (
				1D60589F0D05DD5A006BFB54 /* Foundation.framework in Frameworks */,
				1DF5F4E00D08C38300B7A737 /* UIKit.framework in Frameworks */,
				288765FD0DF74451002DB57D /* CoreGraphics.framework in Frameworks */,
				28B559C210DBE5BA004D75B4 /* AVFoundation.framework in Frameworks */,
				280A88F210DD6CF2005CF926 /* CoreLocation.framework in Frameworks */,
				28C1AEE610E009CB00DBBB55 /* MapKit.framework in Frameworks */,
				28A78AFC116D403E00B76A12 /* CFNetwork.framework in Frameworks */,
				28A78AFE116D405000B76A12 /* SystemConfiguration.framework in Frameworks */,
				28A78B00116D405E00B76A12 /* MobileCoreServices.framework in Frameworks */,
				28A78B02116D409000B76A12 /* libz.1.2.3.dylib in Frameworks */,
			);
			runOnlyForDeploymentPostprocessing = 0;
		};
/* End PBXFrameworksBuildPhase section */

/* Begin PBXGroup section */
		080E96DDFE201D6D7F000001 /* Classes */ = {
			isa = PBXGroup;
			children = (
				286F9BB41169B43000B960C9 /* Third Party */,
				28AD370911602DE4005BDFB7 /* Recorder */,
				28AD370811602DBE005BDFB7 /* Soundwalk.org */,
			);
			path = Classes;
			sourceTree = "<group>";
		};
		19C28FACFE9D520D11CA2CBB /* Products */ = {
			isa = PBXGroup;
			children = (
				1D6058910D05DD3D006BFB54 /* GeoAudio Recorder.app */,
			);
			name = Products;
			sourceTree = "<group>";
		};
		284E63BE115C2ADB00CA0ED9 /* JSON */ = {
			isa = PBXGroup;
			children = (
				284E63BF115C2ADB00CA0ED9 /* JSON.h */,
				284E63C0115C2ADB00CA0ED9 /* NSObject+SBJSON.h */,
				284E63C1115C2ADB00CA0ED9 /* NSObject+SBJSON.m */,
				284E63C2115C2ADB00CA0ED9 /* NSString+SBJSON.h */,
				284E63C3115C2ADB00CA0ED9 /* NSString+SBJSON.m */,
				284E63C4115C2ADB00CA0ED9 /* SBJSON.h */,
				284E63C5115C2ADB00CA0ED9 /* SBJSON.m */,
				284E63C6115C2ADB00CA0ED9 /* SBJsonBase.h */,
				284E63C7115C2ADB00CA0ED9 /* SBJsonBase.m */,
				284E63C8115C2ADB00CA0ED9 /* SBJsonParser.h */,
				284E63C9115C2ADB00CA0ED9 /* SBJsonParser.m */,
				284E63CA115C2ADB00CA0ED9 /* SBJsonWriter.h */,
				284E63CB115C2ADB00CA0ED9 /* SBJsonWriter.m */,
			);
			path = JSON;
			sourceTree = "<group>";
		};
		286F9BB41169B43000B960C9 /* Third Party */ = {
			isa = PBXGroup;
			children = (
				28A78AEE116D3FD000B76A12 /* Reachability1.5 */,
				28A78AE9116D3F6800B76A12 /* ASIHTTPRequest */,
				284E63BE115C2ADB00CA0ED9 /* JSON */,
				286F9BF21169B43000B960C9 /* ObjectiveResource */,
				286F9BB51169B43000B960C9 /* ObjectiveSupport */,
			);
			name = "Third Party";
			sourceTree = "<group>";
		};
		286F9BB51169B43000B960C9 /* ObjectiveSupport */ = {
			isa = PBXGroup;
			children = (
				286F9BB61169B43000B960C9 /* Core */,
				286F9BCC1169B43000B960C9 /* Serialization */,
			);
			name = ObjectiveSupport;
			sourceTree = "<group>";
		};
		286F9BB61169B43000B960C9 /* Core */ = {
			isa = PBXGroup;
			children = (
				286F9BB71169B43000B960C9 /* CoreSupport.h */,
				286F9BB81169B43000B960C9 /* Inflections */,
				286F9BBB1169B43000B960C9 /* NSData+Additions.h */,
				286F9BBC1169B43000B960C9 /* NSData+Additions.m */,
				286F9BBD1169B43000B960C9 /* NSObject+PropertySupport.h */,
				286F9BBE1169B43000B960C9 /* NSObject+PropertySupport.m */,
				286F9BBF1169B43000B960C9 /* NSString+GSub.h */,
				286F9BC01169B43000B960C9 /* NSString+GSub.m */,
				286F9BC11169B43000B960C9 /* ObjectiveResourceDateFormatter.h */,
				286F9BC21169B43000B960C9 /* ObjectiveResourceDateFormatter.m */,
				286F9BC31169B43000B960C9 /* ObjectiveSupport.h */,
			);
			path = Core;
			sourceTree = "<group>";
		};
		286F9BB81169B43000B960C9 /* Inflections */ = {
			isa = PBXGroup;
			children = (
				286F9BB91169B43000B960C9 /* NSString+InflectionSupport.h */,
				286F9BBA1169B43000B960C9 /* NSString+InflectionSupport.m */,
			);
			path = Inflections;
			sourceTree = "<group>";
		};
		286F9BCC1169B43000B960C9 /* Serialization */ = {
			isa = PBXGroup;
			children = (
				286F9BCD1169B43000B960C9 /* JSON */,
				286F9BD61169B43000B960C9 /* NSDate+Serialize.h */,
				286F9BD71169B43000B960C9 /* NSDate+Serialize.m */,
				286F9BD81169B43000B960C9 /* NSDictionary+KeyTranslation.h */,
				286F9BD91169B43000B960C9 /* NSDictionary+KeyTranslation.m */,
				286F9BDA1169B43000B960C9 /* NSObject+Serialize.h */,
				286F9BDB1169B43000B960C9 /* NSObject+Serialize.m */,
				286F9BDC1169B43000B960C9 /* NSString+Serialize.h */,
				286F9BDD1169B43000B960C9 /* NSString+Serialize.m */,
				286F9BDE1169B43000B960C9 /* Serialize.h */,
				286F9BDF1169B43000B960C9 /* XML */,
			);
			path = Serialization;
			sourceTree = "<group>";
		};
		286F9BCD1169B43000B960C9 /* JSON */ = {
			isa = PBXGroup;
			children = (
				286F9BCE1169B43000B960C9 /* JSONSerializable.h */,
				286F9BCF1169B43000B960C9 /* JSONSerializableSupport.h */,
				286F9BD01169B43000B960C9 /* NSArray+JSONSerializableSupport.h */,
				286F9BD11169B43000B960C9 /* NSArray+JSONSerializableSupport.m */,
				286F9BD21169B43000B960C9 /* NSDictionary+JSONSerializableSupport.h */,
				286F9BD31169B43000B960C9 /* NSDictionary+JSONSerializableSupport.m */,
				286F9BD41169B43000B960C9 /* NSObject+JSONSerializableSupport.h */,
				286F9BD51169B43000B960C9 /* NSObject+JSONSerializableSupport.m */,
			);
			path = JSON;
			sourceTree = "<group>";
		};
		286F9BDF1169B43000B960C9 /* XML */ = {
			isa = PBXGroup;
			children = (
				286F9BE01169B43000B960C9 /* FromXMLElementDelegate.h */,
				286F9BE11169B43000B960C9 /* FromXMLElementDelegate.m */,
				286F9BE21169B43000B960C9 /* NSArray+XMLSerializableSupport.h */,
				286F9BE31169B43000B960C9 /* NSArray+XMLSerializableSupport.m */,
				286F9BE41169B43000B960C9 /* NSDate+XMLSerializableSupport.h */,
				286F9BE51169B43000B960C9 /* NSDate+XMLSerializableSupport.m */,
				286F9BE61169B43000B960C9 /* NSDictionary+XMLSerializableSupport.h */,
				286F9BE71169B43000B960C9 /* NSDictionary+XMLSerializableSupport.m */,
				286F9BE81169B43000B960C9 /* NSNull+XMLSerializableSupport.h */,
				286F9BE91169B43000B960C9 /* NSNull+XMLSerializableSupport.m */,
				286F9BEA1169B43000B960C9 /* NSNumber+XMLSerializableSupport.h */,
				286F9BEB1169B43000B960C9 /* NSNumber+XMLSerializableSupport.m */,
				286F9BEC1169B43000B960C9 /* NSObject+XMLSerializableSupport.h */,
				286F9BED1169B43000B960C9 /* NSObject+XMLSerializableSupport.m */,
				286F9BEE1169B43000B960C9 /* NSString+XMLSerializableSupport.h */,
				286F9BEF1169B43000B960C9 /* NSString+XMLSerializableSupport.m */,
				286F9BF01169B43000B960C9 /* XMLSerializable.h */,
				286F9BF11169B43000B960C9 /* XMLSerializableSupport.h */,
			);
			path = XML;
			sourceTree = "<group>";
		};
		286F9BF21169B43000B960C9 /* ObjectiveResource */ = {
			isa = PBXGroup;
			children = (
				286F9BF31169B43000B960C9 /* NSError+Error.h */,
				286F9BF41169B43000B960C9 /* NSError+Error.m */,
				286F9BF51169B43000B960C9 /* Connection.h */,
				286F9BF61169B43000B960C9 /* Connection.m */,
				286F9BF71169B43000B960C9 /* ConnectionDelegate.h */,
				286F9BF81169B43000B960C9 /* ConnectionDelegate.m */,
				286F9BF91169B43000B960C9 /* ConnectionManager.h */,
				286F9BFA1169B43000B960C9 /* ConnectionManager.m */,
				286F9BFB1169B43000B960C9 /* NSHTTPURLResponse+Error.h */,
				286F9BFC1169B43000B960C9 /* NSHTTPURLResponse+Error.m */,
				286F9BFD1169B43000B960C9 /* NSMutableURLRequest+ResponseType.h */,
				286F9BFE1169B43000B960C9 /* NSMutableURLRequest+ResponseType.m */,
				286F9BFF1169B43000B960C9 /* NSObject+ObjectiveResource.h */,
				286F9C001169B43000B960C9 /* NSObject+ObjectiveResource.m */,
				286F9C011169B43000B960C9 /* ObjectiveResource.h */,
				286F9C021169B43000B960C9 /* ObjectiveResourceConfig.h */,
				286F9C031169B43000B960C9 /* ObjectiveResourceConfig.m */,
				286F9C041169B43000B960C9 /* Response.h */,
				286F9C051169B43000B960C9 /* Response.m */,
			);
			name = ObjectiveResource;
			sourceTree = "<group>";
		};
		286F9C601169B73400B960C9 /* Helpers */ = {
			isa = PBXGroup;
			children = (
				286F9C631169B73400B960C9 /* DateHelpers.h */,
				286F9C641169B73400B960C9 /* DateHelpers.m */,
				286F9C651169B73400B960C9 /* UIHelpers.h */,
				286F9C661169B73400B960C9 /* UIHelpers.m */,
				286F9C671169B73400B960C9 /* Helpers.h */,
			);
			name = Helpers;
			path = Budgets;
			sourceTree = "<group>";
		};
		28A78AE9116D3F6800B76A12 /* ASIHTTPRequest */ = {
			isa = PBXGroup;
			children = (
				28A78AD6116D3F6200B76A12 /* ASIHTTPRequestConfig.h */,
				28A78AD7116D3F6200B76A12 /* ASIAuthenticationDialog.h */,
				28A78AD8116D3F6200B76A12 /* ASIAuthenticationDialog.m */,
				28A78AD9116D3F6200B76A12 /* ASIInputStream.h */,
				28A78ADA116D3F6200B76A12 /* ASIInputStream.m */,
				28A78ADB116D3F6200B76A12 /* ASIFormDataRequest.h */,
				28A78ADC116D3F6200B76A12 /* ASIFormDataRequest.m */,
				28A78ADD116D3F6200B76A12 /* ASIHTTPRequest.h */,
				28A78ADE116D3F6200B76A12 /* ASIHTTPRequest.m */,
				28A78ADF116D3F6200B76A12 /* ASINetworkQueue.h */,
				28A78AE0116D3F6200B76A12 /* ASINetworkQueue.m */,
				28A78AE1116D3F6200B76A12 /* ASINSStringAdditions.h */,
				28A78AE2116D3F6200B76A12 /* ASINSStringAdditions.m */,
			);
			name = ASIHTTPRequest;
			sourceTree = "<group>";
		};
		28A78AEE116D3FD000B76A12 /* Reachability1.5 */ = {
			isa = PBXGroup;
			children = (
				28A78AEF116D3FD000B76A12 /* Reachability.h */,
				28A78AF0116D3FD000B76A12 /* Reachability.m */,
			);
			path = Reachability1.5;
			sourceTree = "<group>";
		};
		28AD370811602DBE005BDFB7 /* Soundwalk.org */ = {
			isa = PBXGroup;
			children = (
				286F9C601169B73400B960C9 /* Helpers */,
				286F9C561169B6E200B960C9 /* AuthenticationViewController.h */,
				286F9C571169B6E200B960C9 /* AuthenticationViewController.m */,
				286F9C461169B55B00B960C9 /* User.h */,
				286F9C471169B55B00B960C9 /* User.m */,
				286F9C411169B54300B960C9 /* Session.h */,
				286F9C421169B54300B960C9 /* Session.m */,
				284E6371115C1B9D00CA0ED9 /* SoundwalksTableViewController.h */,
				284E6372115C1B9D00CA0ED9 /* SoundwalksTableViewController.m */,
				284E63A2115C23D200CA0ED9 /* SoundwalksNavController.h */,
				284E63A3115C23D200CA0ED9 /* SoundwalksNavController.m */,
				28FE7CC5115D3F520022A95A /* SoundsTableViewController.h */,
				28FE7CC6115D3F520022A95A /* SoundsTableViewController.m */,
				28FE7D51115D68170022A95A /* SoundDetailViewController.h */,
				28FE7D52115D68170022A95A /* SoundDetailViewController.m */,
				28C4AC41115E5B7D008CCE6F /* Sound.h */,
				28C4AC42115E5B7D008CCE6F /* Sound.m */,
			);
			name = Soundwalk.org;
			sourceTree = "<group>";
		};
		28AD370911602DE4005BDFB7 /* Recorder */ = {
			isa = PBXGroup;
			children = (
				1D3623240D0F684500981E51 /* GeoAudio_RecorderAppDelegate.h */,
				1D3623250D0F684500981E51 /* GeoAudio_RecorderAppDelegate.m */,
				28E76F6F10DAE3420025C0D1 /* RecorderViewController.h */,
				28E76F7010DAE3420025C0D1 /* RecorderViewController.m */,
				28D304DC10DB38B7002E43EC /* TracksTableViewController.h */,
				28D304DD10DB38B7002E43EC /* TracksTableViewController.m */,
				28E76FAA10DAF50B0025C0D1 /* TrackDetailViewController.h */,
				28E76FAB10DAF50B0025C0D1 /* TrackDetailViewController.m */,
				28802D9711A9AFBF0085C8DA /* UploadViewController.h */,
				28802D9811A9AFBF0085C8DA /* UploadViewController.m */,
				28D304C810DB3669002E43EC /* TracksNavController.h */,
				28D304C910DB3669002E43EC /* TracksNavController.m */,
				280A898110DDE9EF005CF926 /* LocationController.h */,
				280A898210DDE9EF005CF926 /* LocationController.m */,
				28C1AEED10E0167C00DBBB55 /* LocationAnnotation.h */,
				28C1AEEE10E0167C00DBBB55 /* LocationAnnotation.m */,
				281EDFCF10E2B3FF0079F967 /* SettingsViewController.h */,
				281EDFD010E2B3FF0079F967 /* SettingsViewController.m */,
			);
			name = Recorder;
			sourceTree = "<group>";
		};
		28AD370D11602E2B005BDFB7 /* Nibs */ = {
			isa = PBXGroup;
			children = (
				28AD733E0D9D9553002E5188 /* MainWindow.xib */,
				284E63A4115C23D200CA0ED9 /* SoundwalksNavController.xib */,
				28FE7D53115D68170022A95A /* SoundDetailViewController.xib */,
				28FE7CC8115D3FAA0022A95A /* SoundsTableView.xib */,
				281EDFD110E2B3FF0079F967 /* SettingsViewController.xib */,
				28E76F7110DAE3420025C0D1 /* RecorderViewController.xib */,
				284E6374115C1BD600CA0ED9 /* SoundwalksTableView.xib */,
				28D304CA10DB3669002E43EC /* TracksNavController.xib */,
				28D304EC10DB3BF4002E43EC /* TrackTableView.xib */,
				28B5597F10DBDCC3004D75B4 /* TrackDetailViewController.xib */,
				28802D9911A9AFBF0085C8DA /* UploadViewController.xib */,
			);
			name = Nibs;
			sourceTree = "<group>";
		};
		28C1B05E10E0988800DBBB55 /* images */ = {
			isa = PBXGroup;
			children = (
				28D8126E10E7E2000069B325 /* window.png */,
				28B55A0D10DCA010004D75B4 /* microphone.png */,
				280A88B710DD4BE6005CF926 /* RecordEnabled.png */,
				280A88B810DD4BE6005CF926 /* RecordPressed.png */,
				2868292110E811760043FB61 /* clock.png */,
				289025D510EBC2AC00F4E72B /* windowwithmap.png */,
				28B0304010E18FBB0034A0C8 /* background.png */,
				281EDFC610E2B3320079F967 /* settings.png */,
				28B0305A10E193310034A0C8 /* locationwindow.png */,
				2868292410E811AA0043FB61 /* world.png */,
				28B55A0F10DCA069004D75B4 /* tracks.png */,
				28C1B05110E0962A00DBBB55 /* pause.png */,
				28C1B05210E0962A00DBBB55 /* forward.png */,
				28C1B05310E0962A00DBBB55 /* play.png */,
				28C1B05410E0962A00DBBB55 /* rewind.png */,
			);
			name = images;
			sourceTree = "<group>";
		};
		29B97314FDCFA39411CA2CEA /* CustomTemplate */ = {
			isa = PBXGroup;
			children = (
				080E96DDFE201D6D7F000001 /* Classes */,
				29B97315FDCFA39411CA2CEA /* Other Sources */,
				29B97317FDCFA39411CA2CEA /* Resources */,
				29B97323FDCFA39411CA2CEA /* Frameworks */,
				19C28FACFE9D520D11CA2CBB /* Products */,
				28B559C110DBE5BA004D75B4 /* AVFoundation.framework */,
				280A88F110DD6CF2005CF926 /* CoreLocation.framework */,
				28C1AEE510E009CB00DBBB55 /* MapKit.framework */,
				28A78AFB116D403E00B76A12 /* CFNetwork.framework */,
				28A78AFD116D405000B76A12 /* SystemConfiguration.framework */,
				28A78AFF116D405E00B76A12 /* MobileCoreServices.framework */,
				28A78B01116D409000B76A12 /* libz.1.2.3.dylib */,
			);
			name = CustomTemplate;
			sourceTree = "<group>";
		};
		29B97315FDCFA39411CA2CEA /* Other Sources */ = {
			isa = PBXGroup;
			children = (
				32CA4F630368D1EE00C91783 /* GeoAudio_Recorder_Prefix.pch */,
				29B97316FDCFA39411CA2CEA /* main.m */,
			);
			name = "Other Sources";
			sourceTree = "<group>";
		};
		29B97317FDCFA39411CA2CEA /* Resources */ = {
			isa = PBXGroup;
			children = (
				28AD370D11602E2B005BDFB7 /* Nibs */,
				28C1B05E10E0988800DBBB55 /* images */,
				28E76F9C10DAE8970025C0D1 /* disclosureButtonControllerIcon.png */,
				28D9BD9810E53CD8003ADC71 /* cassette.png */,
				284E63B9115C290100CA0ED9 /* disk.png */,
				2801F42611AB38C90060F0B6 /* upload_button_r.png */,
				2801F42911AB39730060F0B6 /* upload_button_g.png */,
				28D9BDA910E54252003ADC71 /* tape.png */,
				8D1107310486CEB800E47090 /* GeoAudio_Recorder-Info.plist */,
			);
			name = Resources;
			sourceTree = "<group>";
		};
		29B97323FDCFA39411CA2CEA /* Frameworks */ = {
			isa = PBXGroup;
			children = (
				1DF5F4DF0D08C38300B7A737 /* UIKit.framework */,
				1D30AB110D05D00D00671497 /* Foundation.framework */,
				288765FC0DF74451002DB57D /* CoreGraphics.framework */,
			);
			name = Frameworks;
			sourceTree = "<group>";
		};
/* End PBXGroup section */

/* Begin PBXNativeTarget section */
		1D6058900D05DD3D006BFB54 /* GeoAudio Recorder */ = {
			isa = PBXNativeTarget;
			buildConfigurationList = 1D6058960D05DD3E006BFB54 /* Build configuration list for PBXNativeTarget "GeoAudio Recorder" */;
			buildPhases = (
				1D60588D0D05DD3D006BFB54 /* Resources */,
				1D60588E0D05DD3D006BFB54 /* Sources */,
				1D60588F0D05DD3D006BFB54 /* Frameworks */,
			);
			buildRules = (
			);
			dependencies = (
			);
			name = "GeoAudio Recorder";
			productName = "GeoAudio Recorder";
			productReference = 1D6058910D05DD3D006BFB54 /* GeoAudio Recorder.app */;
			productType = "com.apple.product-type.application";
		};
/* End PBXNativeTarget section */

/* Begin PBXProject section */
		29B97313FDCFA39411CA2CEA /* Project object */ = {
			isa = PBXProject;
			buildConfigurationList = C01FCF4E08A954540054247B /* Build configuration list for PBXProject "GeoAudio Recorder" */;
			compatibilityVersion = "Xcode 3.1";
			hasScannedForEncodings = 1;
			mainGroup = 29B97314FDCFA39411CA2CEA /* CustomTemplate */;
			projectDirPath = "";
			projectRoot = "";
			targets = (
				1D6058900D05DD3D006BFB54 /* GeoAudio Recorder */,
			);
		};
/* End PBXProject section */

/* Begin PBXResourcesBuildPhase section */
		1D60588D0D05DD3D006BFB54 /* Resources */ = {
			isa = PBXResourcesBuildPhase;
			buildActionMask = 2147483647;
			files = (
				28AD733F0D9D9553002E5188 /* MainWindow.xib in Resources */,
				28E76F7310DAE3420025C0D1 /* RecorderViewController.xib in Resources */,
				28E76F9D10DAE8970025C0D1 /* disclosureButtonControllerIcon.png in Resources */,
				28D304CC10DB3669002E43EC /* TracksNavController.xib in Resources */,
				28D304ED10DB3BF4002E43EC /* TrackTableView.xib in Resources */,
				28B5598010DBDCC3004D75B4 /* TrackDetailViewController.xib in Resources */,
				28B55A0E10DCA010004D75B4 /* microphone.png in Resources */,
				28B55A1010DCA069004D75B4 /* tracks.png in Resources */,
				280A88B910DD4BE6005CF926 /* RecordEnabled.png in Resources */,
				280A88BA10DD4BE6005CF926 /* RecordPressed.png in Resources */,
				28C1B05510E0962A00DBBB55 /* pause.png in Resources */,
				28C1B05610E0962A00DBBB55 /* forward.png in Resources */,
				28C1B05710E0962A00DBBB55 /* play.png in Resources */,
				28C1B05810E0962A00DBBB55 /* rewind.png in Resources */,
				28B0304110E18FBB0034A0C8 /* background.png in Resources */,
				28B0305B10E193310034A0C8 /* locationwindow.png in Resources */,
				281EDFC710E2B3320079F967 /* settings.png in Resources */,
				281EDFD310E2B3FF0079F967 /* SettingsViewController.xib in Resources */,
				28D9BD9910E53CD8003ADC71 /* cassette.png in Resources */,
				28D9BDAA10E54252003ADC71 /* tape.png in Resources */,
				28D8126F10E7E2000069B325 /* window.png in Resources */,
				2868292210E811760043FB61 /* clock.png in Resources */,
				2868292510E811AA0043FB61 /* world.png in Resources */,
				289025D610EBC2AC00F4E72B /* windowwithmap.png in Resources */,
				284E6375115C1BD600CA0ED9 /* SoundwalksTableView.xib in Resources */,
				284E63A6115C23D200CA0ED9 /* SoundwalksNavController.xib in Resources */,
				284E63BA115C290100CA0ED9 /* disk.png in Resources */,
				28FE7CC9115D3FAA0022A95A /* SoundsTableView.xib in Resources */,
				28FE7D55115D68170022A95A /* SoundDetailViewController.xib in Resources */,
				28802D9B11A9AFBF0085C8DA /* UploadViewController.xib in Resources */,
				2801F42711AB38C90060F0B6 /* upload_button_r.png in Resources */,
				2801F42A11AB39730060F0B6 /* upload_button_g.png in Resources */,
			);
			runOnlyForDeploymentPostprocessing = 0;
		};
/* End PBXResourcesBuildPhase section */

/* Begin PBXSourcesBuildPhase section */
		1D60588E0D05DD3D006BFB54 /* Sources */ = {
			isa = PBXSourcesBuildPhase;
			buildActionMask = 2147483647;
			files = (
				1D60589B0D05DD56006BFB54 /* main.m in Sources */,
				1D3623260D0F684500981E51 /* GeoAudio_RecorderAppDelegate.m in Sources */,
				28E76F7210DAE3420025C0D1 /* RecorderViewController.m in Sources */,
				28E76FAD10DAF50B0025C0D1 /* TrackDetailViewController.m in Sources */,
				28D304CB10DB3669002E43EC /* TracksNavController.m in Sources */,
				28D304DE10DB38B7002E43EC /* TracksTableViewController.m in Sources */,
				280A898310DDE9EF005CF926 /* LocationController.m in Sources */,
				28C1AEEF10E0167C00DBBB55 /* LocationAnnotation.m in Sources */,
				281EDFD210E2B3FF0079F967 /* SettingsViewController.m in Sources */,
				284E6373115C1B9D00CA0ED9 /* SoundwalksTableViewController.m in Sources */,
				284E63A5115C23D200CA0ED9 /* SoundwalksNavController.m in Sources */,
				284E63CC115C2ADB00CA0ED9 /* NSObject+SBJSON.m in Sources */,
				284E63CD115C2ADB00CA0ED9 /* NSString+SBJSON.m in Sources */,
				284E63CE115C2ADB00CA0ED9 /* SBJSON.m in Sources */,
				284E63CF115C2ADB00CA0ED9 /* SBJsonBase.m in Sources */,
				284E63D0115C2ADB00CA0ED9 /* SBJsonParser.m in Sources */,
				284E63D1115C2ADB00CA0ED9 /* SBJsonWriter.m in Sources */,
				28FE7CC7115D3F520022A95A /* SoundsTableViewController.m in Sources */,
				28FE7D54115D68170022A95A /* SoundDetailViewController.m in Sources */,
				28C4AC43115E5B7D008CCE6F /* Sound.m in Sources */,
				286F9C061169B43000B960C9 /* NSString+InflectionSupport.m in Sources */,
				286F9C071169B43000B960C9 /* NSData+Additions.m in Sources */,
				286F9C081169B43000B960C9 /* NSObject+PropertySupport.m in Sources */,
				286F9C091169B43000B960C9 /* NSString+GSub.m in Sources */,
				286F9C0A1169B43000B960C9 /* ObjectiveResourceDateFormatter.m in Sources */,
				286F9C0E1169B43000B960C9 /* NSArray+JSONSerializableSupport.m in Sources */,
				286F9C0F1169B43000B960C9 /* NSDictionary+JSONSerializableSupport.m in Sources */,
				286F9C101169B43000B960C9 /* NSObject+JSONSerializableSupport.m in Sources */,
				286F9C111169B43000B960C9 /* NSDate+Serialize.m in Sources */,
				286F9C121169B43000B960C9 /* NSDictionary+KeyTranslation.m in Sources */,
				286F9C131169B43000B960C9 /* NSObject+Serialize.m in Sources */,
				286F9C141169B43000B960C9 /* NSString+Serialize.m in Sources */,
				286F9C151169B43000B960C9 /* FromXMLElementDelegate.m in Sources */,
				286F9C161169B43000B960C9 /* NSArray+XMLSerializableSupport.m in Sources */,
				286F9C171169B43000B960C9 /* NSDate+XMLSerializableSupport.m in Sources */,
				286F9C181169B43000B960C9 /* NSDictionary+XMLSerializableSupport.m in Sources */,
				286F9C191169B43000B960C9 /* NSNull+XMLSerializableSupport.m in Sources */,
				286F9C1A1169B43000B960C9 /* NSNumber+XMLSerializableSupport.m in Sources */,
				286F9C1B1169B43000B960C9 /* NSObject+XMLSerializableSupport.m in Sources */,
				286F9C1C1169B43000B960C9 /* NSString+XMLSerializableSupport.m in Sources */,
				286F9C1D1169B43000B960C9 /* NSError+Error.m in Sources */,
				286F9C1E1169B43000B960C9 /* Connection.m in Sources */,
				286F9C1F1169B43000B960C9 /* ConnectionDelegate.m in Sources */,
				286F9C201169B43000B960C9 /* ConnectionManager.m in Sources */,
				286F9C211169B43000B960C9 /* NSHTTPURLResponse+Error.m in Sources */,
				286F9C221169B43000B960C9 /* NSMutableURLRequest+ResponseType.m in Sources */,
				286F9C231169B43000B960C9 /* NSObject+ObjectiveResource.m in Sources */,
				286F9C241169B43000B960C9 /* ObjectiveResourceConfig.m in Sources */,
				286F9C251169B43000B960C9 /* Response.m in Sources */,
				286F9C431169B54300B960C9 /* Session.m in Sources */,
				286F9C481169B55B00B960C9 /* User.m in Sources */,
				286F9C581169B6E200B960C9 /* AuthenticationViewController.m in Sources */,
				286F9C691169B73400B960C9 /* DateHelpers.m in Sources */,
				286F9C6A1169B73400B960C9 /* UIHelpers.m in Sources */,
				28A78AE3116D3F6200B76A12 /* ASIAuthenticationDialog.m in Sources */,
				28A78AE4116D3F6200B76A12 /* ASIInputStream.m in Sources */,
				28A78AE5116D3F6200B76A12 /* ASIFormDataRequest.m in Sources */,
				28A78AE6116D3F6200B76A12 /* ASIHTTPRequest.m in Sources */,
				28A78AE7116D3F6200B76A12 /* ASINetworkQueue.m in Sources */,
				28A78AE8116D3F6200B76A12 /* ASINSStringAdditions.m in Sources */,
				28A78AF1116D3FD000B76A12 /* Reachability.m in Sources */,
				28802D9A11A9AFBF0085C8DA /* UploadViewController.m in Sources */,
			);
			runOnlyForDeploymentPostprocessing = 0;
		};
/* End PBXSourcesBuildPhase section */

/* Begin XCBuildConfiguration section */
		1D6058940D05DD3E006BFB54 /* Debug */ = {
			isa = XCBuildConfiguration;
			buildSettings = {
				ALWAYS_SEARCH_USER_PATHS = NO;
				COPY_PHASE_STRIP = NO;
				GCC_DYNAMIC_NO_PIC = NO;
				GCC_OPTIMIZATION_LEVEL = 0;
				GCC_PRECOMPILE_PREFIX_HEADER = YES;
				GCC_PREFIX_HEADER = GeoAudio_Recorder_Prefix.pch;
				INFOPLIST_FILE = "GeoAudio_Recorder-Info.plist";
				PRODUCT_NAME = "GeoAudio Recorder";
			};
			name = Debug;
		};
		1D6058950D05DD3E006BFB54 /* Release */ = {
			isa = XCBuildConfiguration;
			buildSettings = {
				ALWAYS_SEARCH_USER_PATHS = NO;
				COPY_PHASE_STRIP = YES;
				GCC_PRECOMPILE_PREFIX_HEADER = YES;
				GCC_PREFIX_HEADER = GeoAudio_Recorder_Prefix.pch;
				INFOPLIST_FILE = "GeoAudio_Recorder-Info.plist";
				PRODUCT_NAME = "GeoAudio Recorder";
			};
			name = Release;
		};
		C01FCF4F08A954540054247B /* Debug */ = {
			isa = XCBuildConfiguration;
			buildSettings = {
				ARCHS = "$(ARCHS_STANDARD_32_BIT)";
				"CODE_SIGN_IDENTITY[sdk=iphoneos*]" = "iPhone Developer";
				GCC_C_LANGUAGE_STANDARD = c99;
				GCC_WARN_ABOUT_RETURN_TYPE = YES;
				GCC_WARN_UNUSED_VARIABLE = YES;
				PREBINDING = NO;
				SDKROOT = iphoneos3.0;
			};
			name = Debug;
		};
		C01FCF5008A954540054247B /* Release */ = {
			isa = XCBuildConfiguration;
			buildSettings = {
				ARCHS = "$(ARCHS_STANDARD_32_BIT)";
				"CODE_SIGN_IDENTITY[sdk=iphoneos*]" = "iPhone Developer";
				GCC_C_LANGUAGE_STANDARD = c99;
				GCC_WARN_ABOUT_RETURN_TYPE = YES;
				GCC_WARN_UNUSED_VARIABLE = YES;
				PREBINDING = NO;
				SDKROOT = iphoneos3.0;
			};
			name = Release;
		};
/* End XCBuildConfiguration section */

/* Begin XCConfigurationList section */
		1D6058960D05DD3E006BFB54 /* Build configuration list for PBXNativeTarget "GeoAudio Recorder" */ = {
			isa = XCConfigurationList;
			buildConfigurations = (
				1D6058940D05DD3E006BFB54 /* Debug */,
				1D6058950D05DD3E006BFB54 /* Release */,
			);
			defaultConfigurationIsVisible = 0;
			defaultConfigurationName = Release;
		};
		C01FCF4E08A954540054247B /* Build configuration list for PBXProject "GeoAudio Recorder" */ = {
			isa = XCConfigurationList;
			buildConfigurations = (
				C01FCF4F08A954540054247B /* Debug */,
				C01FCF5008A954540054247B /* Release */,
			);
			defaultConfigurationIsVisible = 0;
			defaultConfigurationName = Release;
		};
/* End XCConfigurationList section */
	};
	rootObject = 29B97313FDCFA39411CA2CEA /* Project object */;
}
