// !$*UTF8*$!
{
	archiveVersion = 1;
	classes = {
	};
	objectVersion = 45;
	objects = {

/* Begin PBXBuildFile section */
		1D3623260D0F684500981E51 /* GeoAudio_RecorderAppDelegate.m in Sources */ = {isa = PBXBuildFile; fileRef = 1D3623250D0F684500981E51 /* GeoAudio_RecorderAppDelegate.m */; };
		1D60589B0D05DD56006BFB54 /* main.m in Sources */ = {isa = PBXBuildFile; fileRef = 29B97316FDCFA39411CA2CEA /* main.m */; };
		1D60589F0D05DD5A006BFB54 /* Foundation.framework in Frameworks */ = {isa = PBXBuildFile; fileRef = 1D30AB110D05D00D00671497 /* Foundation.framework */; };
		1DF5F4E00D08C38300B7A737 /* UIKit.framework in Frameworks */ = {isa = PBXBuildFile; fileRef = 1DF5F4DF0D08C38300B7A737 /* UIKit.framework */; };
		280A88B910DD4BE6005CF926 /* RecordEnabled.png in Resources */ = {isa = PBXBuildFile; fileRef = 280A88B710DD4BE6005CF926 /* RecordEnabled.png */; };
		280A88BA10DD4BE6005CF926 /* RecordPressed.png in Resources */ = {isa = PBXBuildFile; fileRef = 280A88B810DD4BE6005CF926 /* RecordPressed.png */; };
		280A88F210DD6CF2005CF926 /* CoreLocation.framework in Frameworks */ = {isa = PBXBuildFile; fileRef = 280A88F110DD6CF2005CF926 /* CoreLocation.framework */; };
		280A898310DDE9EF005CF926 /* LocationController.m in Sources */ = {isa = PBXBuildFile; fileRef = 280A898210DDE9EF005CF926 /* LocationController.m */; };
		280C38C8114FFABA00CA0EFD /* NSString+InflectionSupport.m in Sources */ = {isa = PBXBuildFile; fileRef = 280C387B114FFABA00CA0EFD /* NSString+InflectionSupport.m */; };
		280C38C9114FFABA00CA0EFD /* NSData+Additions.m in Sources */ = {isa = PBXBuildFile; fileRef = 280C387D114FFABA00CA0EFD /* NSData+Additions.m */; };
		280C38CA114FFABA00CA0EFD /* NSObject+PropertySupport.m in Sources */ = {isa = PBXBuildFile; fileRef = 280C387F114FFABA00CA0EFD /* NSObject+PropertySupport.m */; };
		280C38CB114FFABA00CA0EFD /* NSString+GSub.m in Sources */ = {isa = PBXBuildFile; fileRef = 280C3881114FFABA00CA0EFD /* NSString+GSub.m */; };
		280C38CC114FFABA00CA0EFD /* ObjectiveResourceDateFormatter.m in Sources */ = {isa = PBXBuildFile; fileRef = 280C3883114FFABA00CA0EFD /* ObjectiveResourceDateFormatter.m */; };
		280C38CD114FFABA00CA0EFD /* NSObject+SBJSON.m in Sources */ = {isa = PBXBuildFile; fileRef = 280C3888114FFABA00CA0EFD /* NSObject+SBJSON.m */; };
		280C38CE114FFABA00CA0EFD /* NSString+SBJSON.m in Sources */ = {isa = PBXBuildFile; fileRef = 280C388A114FFABA00CA0EFD /* NSString+SBJSON.m */; };
		280C38CF114FFABA00CA0EFD /* SBJSON.m in Sources */ = {isa = PBXBuildFile; fileRef = 280C388C114FFABA00CA0EFD /* SBJSON.m */; };
		280C38D0114FFABA00CA0EFD /* NSArray+JSONSerializableSupport.m in Sources */ = {isa = PBXBuildFile; fileRef = 280C3890114FFABA00CA0EFD /* NSArray+JSONSerializableSupport.m */; };
		280C38D1114FFABA00CA0EFD /* NSDictionary+JSONSerializableSupport.m in Sources */ = {isa = PBXBuildFile; fileRef = 280C3894114FFABA00CA0EFD /* NSDictionary+JSONSerializableSupport.m */; };
		280C38D2114FFABA00CA0EFD /* NSObject+JSONSerializableSupport.m in Sources */ = {isa = PBXBuildFile; fileRef = 280C3896114FFABA00CA0EFD /* NSObject+JSONSerializableSupport.m */; };
		280C38D3114FFABA00CA0EFD /* NSDate+Serialize.m in Sources */ = {isa = PBXBuildFile; fileRef = 280C3898114FFABA00CA0EFD /* NSDate+Serialize.m */; };
		280C38D4114FFABA00CA0EFD /* NSDictionary+KeyTranslation.m in Sources */ = {isa = PBXBuildFile; fileRef = 280C389A114FFABA00CA0EFD /* NSDictionary+KeyTranslation.m */; };
		280C38D5114FFABA00CA0EFD /* NSObject+Serialize.m in Sources */ = {isa = PBXBuildFile; fileRef = 280C389C114FFABA00CA0EFD /* NSObject+Serialize.m */; };
		280C38D6114FFABA00CA0EFD /* NSString+Serialize.m in Sources */ = {isa = PBXBuildFile; fileRef = 280C389E114FFABA00CA0EFD /* NSString+Serialize.m */; };
		280C38D7114FFABA00CA0EFD /* NSNumber+XMLSerializableSupport.m in Sources */ = {isa = PBXBuildFile; fileRef = 280C38A2114FFABA00CA0EFD /* NSNumber+XMLSerializableSupport.m */; };
		280C38D8114FFABA00CA0EFD /* FromXMLElementDelegate.m in Sources */ = {isa = PBXBuildFile; fileRef = 280C38A4114FFABA00CA0EFD /* FromXMLElementDelegate.m */; };
		280C38D9114FFABA00CA0EFD /* NSArray+XMLSerializableSupport.m in Sources */ = {isa = PBXBuildFile; fileRef = 280C38A6114FFABA00CA0EFD /* NSArray+XMLSerializableSupport.m */; };
		280C38DA114FFABA00CA0EFD /* NSDate+XMLSerializableSupport.m in Sources */ = {isa = PBXBuildFile; fileRef = 280C38A8114FFABA00CA0EFD /* NSDate+XMLSerializableSupport.m */; };
		280C38DB114FFABA00CA0EFD /* NSDictionary+XMLSerializableSupport.m in Sources */ = {isa = PBXBuildFile; fileRef = 280C38AA114FFABA00CA0EFD /* NSDictionary+XMLSerializableSupport.m */; };
		280C38DC114FFABA00CA0EFD /* NSNull+XMLSerializableSupport.m in Sources */ = {isa = PBXBuildFile; fileRef = 280C38AC114FFABA00CA0EFD /* NSNull+XMLSerializableSupport.m */; };
		280C38DD114FFABA00CA0EFD /* NSObject+XMLSerializableSupport.m in Sources */ = {isa = PBXBuildFile; fileRef = 280C38AE114FFABA00CA0EFD /* NSObject+XMLSerializableSupport.m */; };
		280C38DE114FFABA00CA0EFD /* NSString+XMLSerializableSupport.m in Sources */ = {isa = PBXBuildFile; fileRef = 280C38B0114FFABA00CA0EFD /* NSString+XMLSerializableSupport.m */; };
		280C38DF114FFABA00CA0EFD /* NSObject+ObjectiveResource.m in Sources */ = {isa = PBXBuildFile; fileRef = 280C38B5114FFABA00CA0EFD /* NSObject+ObjectiveResource.m */; };
		280C38E0114FFABA00CA0EFD /* ConnectionManager.m in Sources */ = {isa = PBXBuildFile; fileRef = 280C38B8114FFABA00CA0EFD /* ConnectionManager.m */; };
		280C38E1114FFABA00CA0EFD /* ConnectionDelegate.m in Sources */ = {isa = PBXBuildFile; fileRef = 280C38BA114FFABA00CA0EFD /* ConnectionDelegate.m */; };
		280C38E2114FFABA00CA0EFD /* NSHTTPURLResponse+Error.m in Sources */ = {isa = PBXBuildFile; fileRef = 280C38BC114FFABA00CA0EFD /* NSHTTPURLResponse+Error.m */; };
		280C38E3114FFABA00CA0EFD /* Connection.m in Sources */ = {isa = PBXBuildFile; fileRef = 280C38BE114FFABA00CA0EFD /* Connection.m */; };
		280C38E4114FFABA00CA0EFD /* Response.m in Sources */ = {isa = PBXBuildFile; fileRef = 280C38C0114FFABA00CA0EFD /* Response.m */; };
		280C38E5114FFABA00CA0EFD /* NSMutableURLRequest+ResponseType.m in Sources */ = {isa = PBXBuildFile; fileRef = 280C38C2114FFABA00CA0EFD /* NSMutableURLRequest+ResponseType.m */; };
		280C38E6114FFABA00CA0EFD /* NSError+Error.m in Sources */ = {isa = PBXBuildFile; fileRef = 280C38C4114FFABA00CA0EFD /* NSError+Error.m */; };
		280C38E7114FFABA00CA0EFD /* ObjectiveResourceConfig.m in Sources */ = {isa = PBXBuildFile; fileRef = 280C38C7114FFABA00CA0EFD /* ObjectiveResourceConfig.m */; };
		281EDFC710E2B3320079F967 /* settings.png in Resources */ = {isa = PBXBuildFile; fileRef = 281EDFC610E2B3320079F967 /* settings.png */; };
		281EDFD210E2B3FF0079F967 /* SettingsViewController.m in Sources */ = {isa = PBXBuildFile; fileRef = 281EDFD010E2B3FF0079F967 /* SettingsViewController.m */; };
		281EDFD310E2B3FF0079F967 /* SettingsViewController.xib in Resources */ = {isa = PBXBuildFile; fileRef = 281EDFD110E2B3FF0079F967 /* SettingsViewController.xib */; };
		2868292210E811760043FB61 /* clock.png in Resources */ = {isa = PBXBuildFile; fileRef = 2868292110E811760043FB61 /* clock.png */; };
		2868292510E811AA0043FB61 /* world.png in Resources */ = {isa = PBXBuildFile; fileRef = 2868292410E811AA0043FB61 /* world.png */; };
		288765FD0DF74451002DB57D /* CoreGraphics.framework in Frameworks */ = {isa = PBXBuildFile; fileRef = 288765FC0DF74451002DB57D /* CoreGraphics.framework */; };
		289025D610EBC2AC00F4E72B /* windowwithmap.png in Resources */ = {isa = PBXBuildFile; fileRef = 289025D510EBC2AC00F4E72B /* windowwithmap.png */; };
		28AD733F0D9D9553002E5188 /* MainWindow.xib in Resources */ = {isa = PBXBuildFile; fileRef = 28AD733E0D9D9553002E5188 /* MainWindow.xib */; };
		28B0304110E18FBB0034A0C8 /* background.png in Resources */ = {isa = PBXBuildFile; fileRef = 28B0304010E18FBB0034A0C8 /* background.png */; };
		28B0305B10E193310034A0C8 /* locationwindow.png in Resources */ = {isa = PBXBuildFile; fileRef = 28B0305A10E193310034A0C8 /* locationwindow.png */; };
		28B5598010DBDCC3004D75B4 /* TrackDetailViewController.xib in Resources */ = {isa = PBXBuildFile; fileRef = 28B5597F10DBDCC3004D75B4 /* TrackDetailViewController.xib */; };
		28B559C210DBE5BA004D75B4 /* AVFoundation.framework in Frameworks */ = {isa = PBXBuildFile; fileRef = 28B559C110DBE5BA004D75B4 /* AVFoundation.framework */; };
		28B55A0E10DCA010004D75B4 /* microphone.png in Resources */ = {isa = PBXBuildFile; fileRef = 28B55A0D10DCA010004D75B4 /* microphone.png */; };
		28B55A1010DCA069004D75B4 /* tracks.png in Resources */ = {isa = PBXBuildFile; fileRef = 28B55A0F10DCA069004D75B4 /* tracks.png */; };
		28C1AEE610E009CB00DBBB55 /* MapKit.framework in Frameworks */ = {isa = PBXBuildFile; fileRef = 28C1AEE510E009CB00DBBB55 /* MapKit.framework */; };
		28C1AEEF10E0167C00DBBB55 /* LocationAnnotation.m in Sources */ = {isa = PBXBuildFile; fileRef = 28C1AEEE10E0167C00DBBB55 /* LocationAnnotation.m */; };
		28C1B05510E0962A00DBBB55 /* pause.png in Resources */ = {isa = PBXBuildFile; fileRef = 28C1B05110E0962A00DBBB55 /* pause.png */; };
		28C1B05610E0962A00DBBB55 /* forward.png in Resources */ = {isa = PBXBuildFile; fileRef = 28C1B05210E0962A00DBBB55 /* forward.png */; };
		28C1B05710E0962A00DBBB55 /* play.png in Resources */ = {isa = PBXBuildFile; fileRef = 28C1B05310E0962A00DBBB55 /* play.png */; };
		28C1B05810E0962A00DBBB55 /* rewind.png in Resources */ = {isa = PBXBuildFile; fileRef = 28C1B05410E0962A00DBBB55 /* rewind.png */; };
		28D304CB10DB3669002E43EC /* TracksNavController.m in Sources */ = {isa = PBXBuildFile; fileRef = 28D304C910DB3669002E43EC /* TracksNavController.m */; };
		28D304CC10DB3669002E43EC /* TracksNavController.xib in Resources */ = {isa = PBXBuildFile; fileRef = 28D304CA10DB3669002E43EC /* TracksNavController.xib */; };
		28D304DE10DB38B7002E43EC /* TracksTableViewController.m in Sources */ = {isa = PBXBuildFile; fileRef = 28D304DD10DB38B7002E43EC /* TracksTableViewController.m */; };
		28D304ED10DB3BF4002E43EC /* TrackTableView.xib in Resources */ = {isa = PBXBuildFile; fileRef = 28D304EC10DB3BF4002E43EC /* TrackTableView.xib */; };
		28D8126F10E7E2000069B325 /* window.png in Resources */ = {isa = PBXBuildFile; fileRef = 28D8126E10E7E2000069B325 /* window.png */; };
		28D9BD9910E53CD8003ADC71 /* cassette.png in Resources */ = {isa = PBXBuildFile; fileRef = 28D9BD9810E53CD8003ADC71 /* cassette.png */; };
		28D9BDAA10E54252003ADC71 /* tape.png in Resources */ = {isa = PBXBuildFile; fileRef = 28D9BDA910E54252003ADC71 /* tape.png */; };
		28E76F7210DAE3420025C0D1 /* RecorderViewController.m in Sources */ = {isa = PBXBuildFile; fileRef = 28E76F7010DAE3420025C0D1 /* RecorderViewController.m */; };
		28E76F7310DAE3420025C0D1 /* RecorderViewController.xib in Resources */ = {isa = PBXBuildFile; fileRef = 28E76F7110DAE3420025C0D1 /* RecorderViewController.xib */; };
		28E76F9D10DAE8970025C0D1 /* disclosureButtonControllerIcon.png in Resources */ = {isa = PBXBuildFile; fileRef = 28E76F9C10DAE8970025C0D1 /* disclosureButtonControllerIcon.png */; };
		28E76FAD10DAF50B0025C0D1 /* TrackDetailViewController.m in Sources */ = {isa = PBXBuildFile; fileRef = 28E76FAB10DAF50B0025C0D1 /* TrackDetailViewController.m */; };
/* End PBXBuildFile section */

/* Begin PBXFileReference section */
		1D30AB110D05D00D00671497 /* Foundation.framework */ = {isa = PBXFileReference; lastKnownFileType = wrapper.framework; name = Foundation.framework; path = System/Library/Frameworks/Foundation.framework; sourceTree = SDKROOT; };
		1D3623240D0F684500981E51 /* GeoAudio_RecorderAppDelegate.h */ = {isa = PBXFileReference; fileEncoding = 4; lastKnownFileType = sourcecode.c.h; path = GeoAudio_RecorderAppDelegate.h; sourceTree = "<group>"; };
		1D3623250D0F684500981E51 /* GeoAudio_RecorderAppDelegate.m */ = {isa = PBXFileReference; fileEncoding = 4; lastKnownFileType = sourcecode.c.objc; path = GeoAudio_RecorderAppDelegate.m; sourceTree = "<group>"; };
		1D6058910D05DD3D006BFB54 /* GeoAudio Recorder.app */ = {isa = PBXFileReference; explicitFileType = wrapper.application; includeInIndex = 0; path = "GeoAudio Recorder.app"; sourceTree = BUILT_PRODUCTS_DIR; };
		1DF5F4DF0D08C38300B7A737 /* UIKit.framework */ = {isa = PBXFileReference; lastKnownFileType = wrapper.framework; name = UIKit.framework; path = System/Library/Frameworks/UIKit.framework; sourceTree = SDKROOT; };
		280A88B710DD4BE6005CF926 /* RecordEnabled.png */ = {isa = PBXFileReference; lastKnownFileType = image.png; path = RecordEnabled.png; sourceTree = "<group>"; };
		280A88B810DD4BE6005CF926 /* RecordPressed.png */ = {isa = PBXFileReference; lastKnownFileType = image.png; path = RecordPressed.png; sourceTree = "<group>"; };
		280A88F110DD6CF2005CF926 /* CoreLocation.framework */ = {isa = PBXFileReference; lastKnownFileType = wrapper.framework; name = CoreLocation.framework; path = System/Library/Frameworks/CoreLocation.framework; sourceTree = SDKROOT; };
		280A898110DDE9EF005CF926 /* LocationController.h */ = {isa = PBXFileReference; fileEncoding = 4; lastKnownFileType = sourcecode.c.h; path = LocationController.h; sourceTree = "<group>"; };
		280A898210DDE9EF005CF926 /* LocationController.m */ = {isa = PBXFileReference; fileEncoding = 4; lastKnownFileType = sourcecode.c.objc; path = LocationController.m; sourceTree = "<group>"; };
		280C3878114FFABA00CA0EFD /* CoreSupport.h */ = {isa = PBXFileReference; fileEncoding = 4; lastKnownFileType = sourcecode.c.h; path = CoreSupport.h; sourceTree = "<group>"; };
		280C387A114FFABA00CA0EFD /* NSString+InflectionSupport.h */ = {isa = PBXFileReference; fileEncoding = 4; lastKnownFileType = sourcecode.c.h; path = "NSString+InflectionSupport.h"; sourceTree = "<group>"; };
		280C387B114FFABA00CA0EFD /* NSString+InflectionSupport.m */ = {isa = PBXFileReference; fileEncoding = 4; lastKnownFileType = sourcecode.c.objc; path = "NSString+InflectionSupport.m"; sourceTree = "<group>"; };
		280C387C114FFABA00CA0EFD /* NSData+Additions.h */ = {isa = PBXFileReference; fileEncoding = 4; lastKnownFileType = sourcecode.c.h; path = "NSData+Additions.h"; sourceTree = "<group>"; };
		280C387D114FFABA00CA0EFD /* NSData+Additions.m */ = {isa = PBXFileReference; fileEncoding = 4; lastKnownFileType = sourcecode.c.objc; path = "NSData+Additions.m"; sourceTree = "<group>"; };
		280C387E114FFABA00CA0EFD /* NSObject+PropertySupport.h */ = {isa = PBXFileReference; fileEncoding = 4; lastKnownFileType = sourcecode.c.h; path = "NSObject+PropertySupport.h"; sourceTree = "<group>"; };
		280C387F114FFABA00CA0EFD /* NSObject+PropertySupport.m */ = {isa = PBXFileReference; fileEncoding = 4; lastKnownFileType = sourcecode.c.objc; path = "NSObject+PropertySupport.m"; sourceTree = "<group>"; };
		280C3880114FFABA00CA0EFD /* NSString+GSub.h */ = {isa = PBXFileReference; fileEncoding = 4; lastKnownFileType = sourcecode.c.h; path = "NSString+GSub.h"; sourceTree = "<group>"; };
		280C3881114FFABA00CA0EFD /* NSString+GSub.m */ = {isa = PBXFileReference; fileEncoding = 4; lastKnownFileType = sourcecode.c.objc; path = "NSString+GSub.m"; sourceTree = "<group>"; };
		280C3882114FFABA00CA0EFD /* ObjectiveResourceDateFormatter.h */ = {isa = PBXFileReference; fileEncoding = 4; lastKnownFileType = sourcecode.c.h; path = ObjectiveResourceDateFormatter.h; sourceTree = "<group>"; };
		280C3883114FFABA00CA0EFD /* ObjectiveResourceDateFormatter.m */ = {isa = PBXFileReference; fileEncoding = 4; lastKnownFileType = sourcecode.c.objc; path = ObjectiveResourceDateFormatter.m; sourceTree = "<group>"; };
		280C3884114FFABA00CA0EFD /* ObjectiveSupport.h */ = {isa = PBXFileReference; fileEncoding = 4; lastKnownFileType = sourcecode.c.h; path = ObjectiveSupport.h; sourceTree = "<group>"; };
		280C3886114FFABA00CA0EFD /* JSONFramework.h */ = {isa = PBXFileReference; fileEncoding = 4; lastKnownFileType = sourcecode.c.h; path = JSONFramework.h; sourceTree = "<group>"; };
		280C3887114FFABA00CA0EFD /* NSObject+SBJSON.h */ = {isa = PBXFileReference; fileEncoding = 4; lastKnownFileType = sourcecode.c.h; path = "NSObject+SBJSON.h"; sourceTree = "<group>"; };
		280C3888114FFABA00CA0EFD /* NSObject+SBJSON.m */ = {isa = PBXFileReference; fileEncoding = 4; lastKnownFileType = sourcecode.c.objc; path = "NSObject+SBJSON.m"; sourceTree = "<group>"; };
		280C3889114FFABA00CA0EFD /* NSString+SBJSON.h */ = {isa = PBXFileReference; fileEncoding = 4; lastKnownFileType = sourcecode.c.h; path = "NSString+SBJSON.h"; sourceTree = "<group>"; };
		280C388A114FFABA00CA0EFD /* NSString+SBJSON.m */ = {isa = PBXFileReference; fileEncoding = 4; lastKnownFileType = sourcecode.c.objc; path = "NSString+SBJSON.m"; sourceTree = "<group>"; };
		280C388B114FFABA00CA0EFD /* SBJSON.h */ = {isa = PBXFileReference; fileEncoding = 4; lastKnownFileType = sourcecode.c.h; path = SBJSON.h; sourceTree = "<group>"; };
		280C388C114FFABA00CA0EFD /* SBJSON.m */ = {isa = PBXFileReference; fileEncoding = 4; lastKnownFileType = sourcecode.c.objc; path = SBJSON.m; sourceTree = "<group>"; };
		280C388F114FFABA00CA0EFD /* NSArray+JSONSerializableSupport.h */ = {isa = PBXFileReference; fileEncoding = 4; lastKnownFileType = sourcecode.c.h; path = "NSArray+JSONSerializableSupport.h"; sourceTree = "<group>"; };
		280C3890114FFABA00CA0EFD /* NSArray+JSONSerializableSupport.m */ = {isa = PBXFileReference; fileEncoding = 4; lastKnownFileType = sourcecode.c.objc; path = "NSArray+JSONSerializableSupport.m"; sourceTree = "<group>"; };
		280C3891114FFABA00CA0EFD /* JSONSerializable.h */ = {isa = PBXFileReference; fileEncoding = 4; lastKnownFileType = sourcecode.c.h; path = JSONSerializable.h; sourceTree = "<group>"; };
		280C3892114FFABA00CA0EFD /* JSONSerializableSupport.h */ = {isa = PBXFileReference; fileEncoding = 4; lastKnownFileType = sourcecode.c.h; path = JSONSerializableSupport.h; sourceTree = "<group>"; };
		280C3893114FFABA00CA0EFD /* NSDictionary+JSONSerializableSupport.h */ = {isa = PBXFileReference; fileEncoding = 4; lastKnownFileType = sourcecode.c.h; path = "NSDictionary+JSONSerializableSupport.h"; sourceTree = "<group>"; };
		280C3894114FFABA00CA0EFD /* NSDictionary+JSONSerializableSupport.m */ = {isa = PBXFileReference; fileEncoding = 4; lastKnownFileType = sourcecode.c.objc; path = "NSDictionary+JSONSerializableSupport.m"; sourceTree = "<group>"; };
		280C3895114FFABA00CA0EFD /* NSObject+JSONSerializableSupport.h */ = {isa = PBXFileReference; fileEncoding = 4; lastKnownFileType = sourcecode.c.h; path = "NSObject+JSONSerializableSupport.h"; sourceTree = "<group>"; };
		280C3896114FFABA00CA0EFD /* NSObject+JSONSerializableSupport.m */ = {isa = PBXFileReference; fileEncoding = 4; lastKnownFileType = sourcecode.c.objc; path = "NSObject+JSONSerializableSupport.m"; sourceTree = "<group>"; };
		280C3897114FFABA00CA0EFD /* NSDate+Serialize.h */ = {isa = PBXFileReference; fileEncoding = 4; lastKnownFileType = sourcecode.c.h; path = "NSDate+Serialize.h"; sourceTree = "<group>"; };
		280C3898114FFABA00CA0EFD /* NSDate+Serialize.m */ = {isa = PBXFileReference; fileEncoding = 4; lastKnownFileType = sourcecode.c.objc; path = "NSDate+Serialize.m"; sourceTree = "<group>"; };
		280C3899114FFABA00CA0EFD /* NSDictionary+KeyTranslation.h */ = {isa = PBXFileReference; fileEncoding = 4; lastKnownFileType = sourcecode.c.h; path = "NSDictionary+KeyTranslation.h"; sourceTree = "<group>"; };
		280C389A114FFABA00CA0EFD /* NSDictionary+KeyTranslation.m */ = {isa = PBXFileReference; fileEncoding = 4; lastKnownFileType = sourcecode.c.objc; path = "NSDictionary+KeyTranslation.m"; sourceTree = "<group>"; };
		280C389B114FFABA00CA0EFD /* NSObject+Serialize.h */ = {isa = PBXFileReference; fileEncoding = 4; lastKnownFileType = sourcecode.c.h; path = "NSObject+Serialize.h"; sourceTree = "<group>"; };
		280C389C114FFABA00CA0EFD /* NSObject+Serialize.m */ = {isa = PBXFileReference; fileEncoding = 4; lastKnownFileType = sourcecode.c.objc; path = "NSObject+Serialize.m"; sourceTree = "<group>"; };
		280C389D114FFABA00CA0EFD /* NSString+Serialize.h */ = {isa = PBXFileReference; fileEncoding = 4; lastKnownFileType = sourcecode.c.h; path = "NSString+Serialize.h"; sourceTree = "<group>"; };
		280C389E114FFABA00CA0EFD /* NSString+Serialize.m */ = {isa = PBXFileReference; fileEncoding = 4; lastKnownFileType = sourcecode.c.objc; path = "NSString+Serialize.m"; sourceTree = "<group>"; };
		280C389F114FFABA00CA0EFD /* Serialize.h */ = {isa = PBXFileReference; fileEncoding = 4; lastKnownFileType = sourcecode.c.h; path = Serialize.h; sourceTree = "<group>"; };
		280C38A1114FFABA00CA0EFD /* NSNumber+XMLSerializableSupport.h */ = {isa = PBXFileReference; fileEncoding = 4; lastKnownFileType = sourcecode.c.h; path = "NSNumber+XMLSerializableSupport.h"; sourceTree = "<group>"; };
		280C38A2114FFABA00CA0EFD /* NSNumber+XMLSerializableSupport.m */ = {isa = PBXFileReference; fileEncoding = 4; lastKnownFileType = sourcecode.c.objc; path = "NSNumber+XMLSerializableSupport.m"; sourceTree = "<group>"; };
		280C38A3114FFABA00CA0EFD /* FromXMLElementDelegate.h */ = {isa = PBXFileReference; fileEncoding = 4; lastKnownFileType = sourcecode.c.h; path = FromXMLElementDelegate.h; sourceTree = "<group>"; };
		280C38A4114FFABA00CA0EFD /* FromXMLElementDelegate.m */ = {isa = PBXFileReference; fileEncoding = 4; lastKnownFileType = sourcecode.c.objc; path = FromXMLElementDelegate.m; sourceTree = "<group>"; };
		280C38A5114FFABA00CA0EFD /* NSArray+XMLSerializableSupport.h */ = {isa = PBXFileReference; fileEncoding = 4; lastKnownFileType = sourcecode.c.h; path = "NSArray+XMLSerializableSupport.h"; sourceTree = "<group>"; };
		280C38A6114FFABA00CA0EFD /* NSArray+XMLSerializableSupport.m */ = {isa = PBXFileReference; fileEncoding = 4; lastKnownFileType = sourcecode.c.objc; path = "NSArray+XMLSerializableSupport.m"; sourceTree = "<group>"; };
		280C38A7114FFABA00CA0EFD /* NSDate+XMLSerializableSupport.h */ = {isa = PBXFileReference; fileEncoding = 4; lastKnownFileType = sourcecode.c.h; path = "NSDate+XMLSerializableSupport.h"; sourceTree = "<group>"; };
		280C38A8114FFABA00CA0EFD /* NSDate+XMLSerializableSupport.m */ = {isa = PBXFileReference; fileEncoding = 4; lastKnownFileType = sourcecode.c.objc; path = "NSDate+XMLSerializableSupport.m"; sourceTree = "<group>"; };
		280C38A9114FFABA00CA0EFD /* NSDictionary+XMLSerializableSupport.h */ = {isa = PBXFileReference; fileEncoding = 4; lastKnownFileType = sourcecode.c.h; path = "NSDictionary+XMLSerializableSupport.h"; sourceTree = "<group>"; };
		280C38AA114FFABA00CA0EFD /* NSDictionary+XMLSerializableSupport.m */ = {isa = PBXFileReference; fileEncoding = 4; lastKnownFileType = sourcecode.c.objc; path = "NSDictionary+XMLSerializableSupport.m"; sourceTree = "<group>"; };
		280C38AB114FFABA00CA0EFD /* NSNull+XMLSerializableSupport.h */ = {isa = PBXFileReference; fileEncoding = 4; lastKnownFileType = sourcecode.c.h; path = "NSNull+XMLSerializableSupport.h"; sourceTree = "<group>"; };
		280C38AC114FFABA00CA0EFD /* NSNull+XMLSerializableSupport.m */ = {isa = PBXFileReference; fileEncoding = 4; lastKnownFileType = sourcecode.c.objc; path = "NSNull+XMLSerializableSupport.m"; sourceTree = "<group>"; };
		280C38AD114FFABA00CA0EFD /* NSObject+XMLSerializableSupport.h */ = {isa = PBXFileReference; fileEncoding = 4; lastKnownFileType = sourcecode.c.h; path = "NSObject+XMLSerializableSupport.h"; sourceTree = "<group>"; };
		280C38AE114FFABA00CA0EFD /* NSObject+XMLSerializableSupport.m */ = {isa = PBXFileReference; fileEncoding = 4; lastKnownFileType = sourcecode.c.objc; path = "NSObject+XMLSerializableSupport.m"; sourceTree = "<group>"; };
		280C38AF114FFABA00CA0EFD /* NSString+XMLSerializableSupport.h */ = {isa = PBXFileReference; fileEncoding = 4; lastKnownFileType = sourcecode.c.h; path = "NSString+XMLSerializableSupport.h"; sourceTree = "<group>"; };
		280C38B0114FFABA00CA0EFD /* NSString+XMLSerializableSupport.m */ = {isa = PBXFileReference; fileEncoding = 4; lastKnownFileType = sourcecode.c.objc; path = "NSString+XMLSerializableSupport.m"; sourceTree = "<group>"; };
		280C38B1114FFABA00CA0EFD /* XMLSerializable.h */ = {isa = PBXFileReference; fileEncoding = 4; lastKnownFileType = sourcecode.c.h; path = XMLSerializable.h; sourceTree = "<group>"; };
		280C38B2114FFABA00CA0EFD /* XMLSerializableSupport.h */ = {isa = PBXFileReference; fileEncoding = 4; lastKnownFileType = sourcecode.c.h; path = XMLSerializableSupport.h; sourceTree = "<group>"; };
		280C38B4114FFABA00CA0EFD /* NSObject+ObjectiveResource.h */ = {isa = PBXFileReference; fileEncoding = 4; lastKnownFileType = sourcecode.c.h; path = "NSObject+ObjectiveResource.h"; sourceTree = "<group>"; };
		280C38B5114FFABA00CA0EFD /* NSObject+ObjectiveResource.m */ = {isa = PBXFileReference; fileEncoding = 4; lastKnownFileType = sourcecode.c.objc; path = "NSObject+ObjectiveResource.m"; sourceTree = "<group>"; };
		280C38B7114FFABA00CA0EFD /* ConnectionManager.h */ = {isa = PBXFileReference; fileEncoding = 4; lastKnownFileType = sourcecode.c.h; path = ConnectionManager.h; sourceTree = "<group>"; };
		280C38B8114FFABA00CA0EFD /* ConnectionManager.m */ = {isa = PBXFileReference; fileEncoding = 4; lastKnownFileType = sourcecode.c.objc; path = ConnectionManager.m; sourceTree = "<group>"; };
		280C38B9114FFABA00CA0EFD /* ConnectionDelegate.h */ = {isa = PBXFileReference; fileEncoding = 4; lastKnownFileType = sourcecode.c.h; path = ConnectionDelegate.h; sourceTree = "<group>"; };
		280C38BA114FFABA00CA0EFD /* ConnectionDelegate.m */ = {isa = PBXFileReference; fileEncoding = 4; lastKnownFileType = sourcecode.c.objc; path = ConnectionDelegate.m; sourceTree = "<group>"; };
		280C38BB114FFABA00CA0EFD /* NSHTTPURLResponse+Error.h */ = {isa = PBXFileReference; fileEncoding = 4; lastKnownFileType = sourcecode.c.h; path = "NSHTTPURLResponse+Error.h"; sourceTree = "<group>"; };
		280C38BC114FFABA00CA0EFD /* NSHTTPURLResponse+Error.m */ = {isa = PBXFileReference; fileEncoding = 4; lastKnownFileType = sourcecode.c.objc; path = "NSHTTPURLResponse+Error.m"; sourceTree = "<group>"; };
		280C38BD114FFABA00CA0EFD /* Connection.h */ = {isa = PBXFileReference; fileEncoding = 4; lastKnownFileType = sourcecode.c.h; path = Connection.h; sourceTree = "<group>"; };
		280C38BE114FFABA00CA0EFD /* Connection.m */ = {isa = PBXFileReference; fileEncoding = 4; lastKnownFileType = sourcecode.c.objc; path = Connection.m; sourceTree = "<group>"; };
		280C38BF114FFABA00CA0EFD /* Response.h */ = {isa = PBXFileReference; fileEncoding = 4; lastKnownFileType = sourcecode.c.h; path = Response.h; sourceTree = "<group>"; };
		280C38C0114FFABA00CA0EFD /* Response.m */ = {isa = PBXFileReference; fileEncoding = 4; lastKnownFileType = sourcecode.c.objc; path = Response.m; sourceTree = "<group>"; };
		280C38C1114FFABA00CA0EFD /* NSMutableURLRequest+ResponseType.h */ = {isa = PBXFileReference; fileEncoding = 4; lastKnownFileType = sourcecode.c.h; path = "NSMutableURLRequest+ResponseType.h"; sourceTree = "<group>"; };
		280C38C2114FFABA00CA0EFD /* NSMutableURLRequest+ResponseType.m */ = {isa = PBXFileReference; fileEncoding = 4; lastKnownFileType = sourcecode.c.objc; path = "NSMutableURLRequest+ResponseType.m"; sourceTree = "<group>"; };
		280C38C3114FFABA00CA0EFD /* NSError+Error.h */ = {isa = PBXFileReference; fileEncoding = 4; lastKnownFileType = sourcecode.c.h; path = "NSError+Error.h"; sourceTree = "<group>"; };
		280C38C4114FFABA00CA0EFD /* NSError+Error.m */ = {isa = PBXFileReference; fileEncoding = 4; lastKnownFileType = sourcecode.c.objc; path = "NSError+Error.m"; sourceTree = "<group>"; };
		280C38C5114FFABA00CA0EFD /* ObjectiveResource.h */ = {isa = PBXFileReference; fileEncoding = 4; lastKnownFileType = sourcecode.c.h; path = ObjectiveResource.h; sourceTree = "<group>"; };
		280C38C6114FFABA00CA0EFD /* ObjectiveResourceConfig.h */ = {isa = PBXFileReference; fileEncoding = 4; lastKnownFileType = sourcecode.c.h; path = ObjectiveResourceConfig.h; sourceTree = "<group>"; };
		280C38C7114FFABA00CA0EFD /* ObjectiveResourceConfig.m */ = {isa = PBXFileReference; fileEncoding = 4; lastKnownFileType = sourcecode.c.objc; path = ObjectiveResourceConfig.m; sourceTree = "<group>"; };
		281EDFC610E2B3320079F967 /* settings.png */ = {isa = PBXFileReference; lastKnownFileType = image.png; path = settings.png; sourceTree = "<group>"; };
		281EDFCF10E2B3FF0079F967 /* SettingsViewController.h */ = {isa = PBXFileReference; fileEncoding = 4; lastKnownFileType = sourcecode.c.h; path = SettingsViewController.h; sourceTree = "<group>"; };
		281EDFD010E2B3FF0079F967 /* SettingsViewController.m */ = {isa = PBXFileReference; fileEncoding = 4; lastKnownFileType = sourcecode.c.objc; path = SettingsViewController.m; sourceTree = "<group>"; };
		281EDFD110E2B3FF0079F967 /* SettingsViewController.xib */ = {isa = PBXFileReference; lastKnownFileType = file.xib; name = SettingsViewController.xib; path = Classes/SettingsViewController.xib; sourceTree = "<group>"; };
		2868292110E811760043FB61 /* clock.png */ = {isa = PBXFileReference; lastKnownFileType = image.png; path = clock.png; sourceTree = "<group>"; };
		2868292410E811AA0043FB61 /* world.png */ = {isa = PBXFileReference; lastKnownFileType = image.png; path = world.png; sourceTree = "<group>"; };
		288765FC0DF74451002DB57D /* CoreGraphics.framework */ = {isa = PBXFileReference; lastKnownFileType = wrapper.framework; name = CoreGraphics.framework; path = System/Library/Frameworks/CoreGraphics.framework; sourceTree = SDKROOT; };
		289025D510EBC2AC00F4E72B /* windowwithmap.png */ = {isa = PBXFileReference; lastKnownFileType = image.png; path = windowwithmap.png; sourceTree = "<group>"; };
		28AD733E0D9D9553002E5188 /* MainWindow.xib */ = {isa = PBXFileReference; lastKnownFileType = file.xib; path = MainWindow.xib; sourceTree = "<group>"; };
		28B0304010E18FBB0034A0C8 /* background.png */ = {isa = PBXFileReference; lastKnownFileType = image.png; path = background.png; sourceTree = "<group>"; };
		28B0305A10E193310034A0C8 /* locationwindow.png */ = {isa = PBXFileReference; lastKnownFileType = image.png; path = locationwindow.png; sourceTree = "<group>"; };
		28B5597F10DBDCC3004D75B4 /* TrackDetailViewController.xib */ = {isa = PBXFileReference; lastKnownFileType = file.xib; path = TrackDetailViewController.xib; sourceTree = "<group>"; };
		28B559C110DBE5BA004D75B4 /* AVFoundation.framework */ = {isa = PBXFileReference; lastKnownFileType = wrapper.framework; name = AVFoundation.framework; path = System/Library/Frameworks/AVFoundation.framework; sourceTree = SDKROOT; };
		28B55A0D10DCA010004D75B4 /* microphone.png */ = {isa = PBXFileReference; lastKnownFileType = image.png; path = microphone.png; sourceTree = "<group>"; };
		28B55A0F10DCA069004D75B4 /* tracks.png */ = {isa = PBXFileReference; lastKnownFileType = image.png; path = tracks.png; sourceTree = "<group>"; };
		28C1AEE510E009CB00DBBB55 /* MapKit.framework */ = {isa = PBXFileReference; lastKnownFileType = wrapper.framework; name = MapKit.framework; path = System/Library/Frameworks/MapKit.framework; sourceTree = SDKROOT; };
		28C1AEED10E0167C00DBBB55 /* LocationAnnotation.h */ = {isa = PBXFileReference; fileEncoding = 4; lastKnownFileType = sourcecode.c.h; path = LocationAnnotation.h; sourceTree = "<group>"; };
		28C1AEEE10E0167C00DBBB55 /* LocationAnnotation.m */ = {isa = PBXFileReference; fileEncoding = 4; lastKnownFileType = sourcecode.c.objc; path = LocationAnnotation.m; sourceTree = "<group>"; };
		28C1B05110E0962A00DBBB55 /* pause.png */ = {isa = PBXFileReference; lastKnownFileType = image.png; path = pause.png; sourceTree = "<group>"; };
		28C1B05210E0962A00DBBB55 /* forward.png */ = {isa = PBXFileReference; lastKnownFileType = image.png; path = forward.png; sourceTree = "<group>"; };
		28C1B05310E0962A00DBBB55 /* play.png */ = {isa = PBXFileReference; lastKnownFileType = image.png; path = play.png; sourceTree = "<group>"; };
		28C1B05410E0962A00DBBB55 /* rewind.png */ = {isa = PBXFileReference; lastKnownFileType = image.png; path = rewind.png; sourceTree = "<group>"; };
		28D304C810DB3669002E43EC /* TracksNavController.h */ = {isa = PBXFileReference; fileEncoding = 4; lastKnownFileType = sourcecode.c.h; path = TracksNavController.h; sourceTree = "<group>"; };
		28D304C910DB3669002E43EC /* TracksNavController.m */ = {isa = PBXFileReference; fileEncoding = 4; lastKnownFileType = sourcecode.c.objc; path = TracksNavController.m; sourceTree = "<group>"; };
		28D304CA10DB3669002E43EC /* TracksNavController.xib */ = {isa = PBXFileReference; lastKnownFileType = file.xib; name = TracksNavController.xib; path = Classes/TracksNavController.xib; sourceTree = "<group>"; };
		28D304DC10DB38B7002E43EC /* TracksTableViewController.h */ = {isa = PBXFileReference; fileEncoding = 4; lastKnownFileType = sourcecode.c.h; path = TracksTableViewController.h; sourceTree = "<group>"; };
		28D304DD10DB38B7002E43EC /* TracksTableViewController.m */ = {isa = PBXFileReference; fileEncoding = 4; lastKnownFileType = sourcecode.c.objc; path = TracksTableViewController.m; sourceTree = "<group>"; };
		28D304EC10DB3BF4002E43EC /* TrackTableView.xib */ = {isa = PBXFileReference; lastKnownFileType = file.xib; path = TrackTableView.xib; sourceTree = "<group>"; };
		28D8126E10E7E2000069B325 /* window.png */ = {isa = PBXFileReference; lastKnownFileType = image.png; path = window.png; sourceTree = "<group>"; };
		28D9BD9810E53CD8003ADC71 /* cassette.png */ = {isa = PBXFileReference; lastKnownFileType = image.png; path = cassette.png; sourceTree = "<group>"; };
		28D9BDA910E54252003ADC71 /* tape.png */ = {isa = PBXFileReference; lastKnownFileType = image.png; path = tape.png; sourceTree = "<group>"; };
		28E76F6F10DAE3420025C0D1 /* RecorderViewController.h */ = {isa = PBXFileReference; fileEncoding = 4; lastKnownFileType = sourcecode.c.h; path = RecorderViewController.h; sourceTree = "<group>"; };
		28E76F7010DAE3420025C0D1 /* RecorderViewController.m */ = {isa = PBXFileReference; fileEncoding = 4; lastKnownFileType = sourcecode.c.objc; path = RecorderViewController.m; sourceTree = "<group>"; };
		28E76F7110DAE3420025C0D1 /* RecorderViewController.xib */ = {isa = PBXFileReference; lastKnownFileType = file.xib; name = RecorderViewController.xib; path = Classes/RecorderViewController.xib; sourceTree = "<group>"; };
		28E76F9C10DAE8970025C0D1 /* disclosureButtonControllerIcon.png */ = {isa = PBXFileReference; lastKnownFileType = image.png; path = disclosureButtonControllerIcon.png; sourceTree = "<group>"; };
		28E76FAA10DAF50B0025C0D1 /* TrackDetailViewController.h */ = {isa = PBXFileReference; fileEncoding = 4; lastKnownFileType = sourcecode.c.h; path = TrackDetailViewController.h; sourceTree = "<group>"; };
		28E76FAB10DAF50B0025C0D1 /* TrackDetailViewController.m */ = {isa = PBXFileReference; fileEncoding = 4; lastKnownFileType = sourcecode.c.objc; path = TrackDetailViewController.m; sourceTree = "<group>"; };
		29B97316FDCFA39411CA2CEA /* main.m */ = {isa = PBXFileReference; fileEncoding = 4; lastKnownFileType = sourcecode.c.objc; path = main.m; sourceTree = "<group>"; };
		32CA4F630368D1EE00C91783 /* GeoAudio_Recorder_Prefix.pch */ = {isa = PBXFileReference; fileEncoding = 4; lastKnownFileType = sourcecode.c.h; path = GeoAudio_Recorder_Prefix.pch; sourceTree = "<group>"; };
		8D1107310486CEB800E47090 /* GeoAudio_Recorder-Info.plist */ = {isa = PBXFileReference; fileEncoding = 4; lastKnownFileType = text.plist.xml; path = "GeoAudio_Recorder-Info.plist"; plistStructureDefinitionIdentifier = "com.apple.xcode.plist.structure-definition.iphone.info-plist"; sourceTree = "<group>"; };
/* End PBXFileReference section */

/* Begin PBXFrameworksBuildPhase section */
		1D60588F0D05DD3D006BFB54 /* Frameworks */ = {
			isa = PBXFrameworksBuildPhase;
			buildActionMask = 2147483647;
			files = (
				1D60589F0D05DD5A006BFB54 /* Foundation.framework in Frameworks */,
				1DF5F4E00D08C38300B7A737 /* UIKit.framework in Frameworks */,
				288765FD0DF74451002DB57D /* CoreGraphics.framework in Frameworks */,
				28B559C210DBE5BA004D75B4 /* AVFoundation.framework in Frameworks */,
				280A88F210DD6CF2005CF926 /* CoreLocation.framework in Frameworks */,
				28C1AEE610E009CB00DBBB55 /* MapKit.framework in Frameworks */,
			);
			runOnlyForDeploymentPostprocessing = 0;
		};
/* End PBXFrameworksBuildPhase section */

/* Begin PBXGroup section */
		080E96DDFE201D6D7F000001 /* Classes */ = {
			isa = PBXGroup;
			children = (
				280C38B3114FFABA00CA0EFD /* ObjectiveResource */,
				280C3876114FFABA00CA0EFD /* lib */,
				280C3875114FFA8700CA0EFD /* Recorder */,
			);
			path = Classes;
			sourceTree = "<group>";
		};
		19C28FACFE9D520D11CA2CBB /* Products */ = {
			isa = PBXGroup;
			children = (
				1D6058910D05DD3D006BFB54 /* GeoAudio Recorder.app */,
			);
			name = Products;
			sourceTree = "<group>";
		};
		280C3875114FFA8700CA0EFD /* Recorder */ = {
			isa = PBXGroup;
			children = (
				1D3623240D0F684500981E51 /* GeoAudio_RecorderAppDelegate.h */,
				1D3623250D0F684500981E51 /* GeoAudio_RecorderAppDelegate.m */,
				28E76F6F10DAE3420025C0D1 /* RecorderViewController.h */,
				28E76F7010DAE3420025C0D1 /* RecorderViewController.m */,
				28D304DC10DB38B7002E43EC /* TracksTableViewController.h */,
				28D304DD10DB38B7002E43EC /* TracksTableViewController.m */,
				28E76FAA10DAF50B0025C0D1 /* TrackDetailViewController.h */,
				28E76FAB10DAF50B0025C0D1 /* TrackDetailViewController.m */,
				28D304C810DB3669002E43EC /* TracksNavController.h */,
				28D304C910DB3669002E43EC /* TracksNavController.m */,
				280A898110DDE9EF005CF926 /* LocationController.h */,
				280A898210DDE9EF005CF926 /* LocationController.m */,
				28C1AEED10E0167C00DBBB55 /* LocationAnnotation.h */,
				28C1AEEE10E0167C00DBBB55 /* LocationAnnotation.m */,
				281EDFCF10E2B3FF0079F967 /* SettingsViewController.h */,
				281EDFD010E2B3FF0079F967 /* SettingsViewController.m */,
			);
			name = Recorder;
			sourceTree = "<group>";
		};
		280C3876114FFABA00CA0EFD /* lib */ = {
			isa = PBXGroup;
			children = (
				280C3877114FFABA00CA0EFD /* Core */,
				280C3885114FFABA00CA0EFD /* json-framework */,
				280C388D114FFABA00CA0EFD /* Serialization */,
			);
			path = lib;
			sourceTree = "<group>";
		};
		280C3877114FFABA00CA0EFD /* Core */ = {
			isa = PBXGroup;
			children = (
				280C3878114FFABA00CA0EFD /* CoreSupport.h */,
				280C3879114FFABA00CA0EFD /* Inflections */,
				280C387C114FFABA00CA0EFD /* NSData+Additions.h */,
				280C387D114FFABA00CA0EFD /* NSData+Additions.m */,
				280C387E114FFABA00CA0EFD /* NSObject+PropertySupport.h */,
				280C387F114FFABA00CA0EFD /* NSObject+PropertySupport.m */,
				280C3880114FFABA00CA0EFD /* NSString+GSub.h */,
				280C3881114FFABA00CA0EFD /* NSString+GSub.m */,
				280C3882114FFABA00CA0EFD /* ObjectiveResourceDateFormatter.h */,
				280C3883114FFABA00CA0EFD /* ObjectiveResourceDateFormatter.m */,
				280C3884114FFABA00CA0EFD /* ObjectiveSupport.h */,
			);
			path = Core;
			sourceTree = "<group>";
		};
		280C3879114FFABA00CA0EFD /* Inflections */ = {
			isa = PBXGroup;
			children = (
				280C387A114FFABA00CA0EFD /* NSString+InflectionSupport.h */,
				280C387B114FFABA00CA0EFD /* NSString+InflectionSupport.m */,
			);
			path = Inflections;
			sourceTree = "<group>";
		};
		280C3885114FFABA00CA0EFD /* json-framework */ = {
			isa = PBXGroup;
			children = (
				280C3886114FFABA00CA0EFD /* JSONFramework.h */,
				280C3887114FFABA00CA0EFD /* NSObject+SBJSON.h */,
				280C3888114FFABA00CA0EFD /* NSObject+SBJSON.m */,
				280C3889114FFABA00CA0EFD /* NSString+SBJSON.h */,
				280C388A114FFABA00CA0EFD /* NSString+SBJSON.m */,
				280C388B114FFABA00CA0EFD /* SBJSON.h */,
				280C388C114FFABA00CA0EFD /* SBJSON.m */,
			);
			path = "json-framework";
			sourceTree = "<group>";
		};
		280C388D114FFABA00CA0EFD /* Serialization */ = {
			isa = PBXGroup;
			children = (
				280C388E114FFABA00CA0EFD /* JSON */,
				280C3897114FFABA00CA0EFD /* NSDate+Serialize.h */,
				280C3898114FFABA00CA0EFD /* NSDate+Serialize.m */,
				280C3899114FFABA00CA0EFD /* NSDictionary+KeyTranslation.h */,
				280C389A114FFABA00CA0EFD /* NSDictionary+KeyTranslation.m */,
				280C389B114FFABA00CA0EFD /* NSObject+Serialize.h */,
				280C389C114FFABA00CA0EFD /* NSObject+Serialize.m */,
				280C389D114FFABA00CA0EFD /* NSString+Serialize.h */,
				280C389E114FFABA00CA0EFD /* NSString+Serialize.m */,
				280C389F114FFABA00CA0EFD /* Serialize.h */,
				280C38A0114FFABA00CA0EFD /* XML */,
			);
			path = Serialization;
			sourceTree = "<group>";
		};
		280C388E114FFABA00CA0EFD /* JSON */ = {
			isa = PBXGroup;
			children = (
				280C388F114FFABA00CA0EFD /* NSArray+JSONSerializableSupport.h */,
				280C3890114FFABA00CA0EFD /* NSArray+JSONSerializableSupport.m */,
				280C3891114FFABA00CA0EFD /* JSONSerializable.h */,
				280C3892114FFABA00CA0EFD /* JSONSerializableSupport.h */,
				280C3893114FFABA00CA0EFD /* NSDictionary+JSONSerializableSupport.h */,
				280C3894114FFABA00CA0EFD /* NSDictionary+JSONSerializableSupport.m */,
				280C3895114FFABA00CA0EFD /* NSObject+JSONSerializableSupport.h */,
				280C3896114FFABA00CA0EFD /* NSObject+JSONSerializableSupport.m */,
			);
			path = JSON;
			sourceTree = "<group>";
		};
		280C38A0114FFABA00CA0EFD /* XML */ = {
			isa = PBXGroup;
			children = (
				280C38A1114FFABA00CA0EFD /* NSNumber+XMLSerializableSupport.h */,
				280C38A2114FFABA00CA0EFD /* NSNumber+XMLSerializableSupport.m */,
				280C38A3114FFABA00CA0EFD /* FromXMLElementDelegate.h */,
				280C38A4114FFABA00CA0EFD /* FromXMLElementDelegate.m */,
				280C38A5114FFABA00CA0EFD /* NSArray+XMLSerializableSupport.h */,
				280C38A6114FFABA00CA0EFD /* NSArray+XMLSerializableSupport.m */,
				280C38A7114FFABA00CA0EFD /* NSDate+XMLSerializableSupport.h */,
				280C38A8114FFABA00CA0EFD /* NSDate+XMLSerializableSupport.m */,
				280C38A9114FFABA00CA0EFD /* NSDictionary+XMLSerializableSupport.h */,
				280C38AA114FFABA00CA0EFD /* NSDictionary+XMLSerializableSupport.m */,
				280C38AB114FFABA00CA0EFD /* NSNull+XMLSerializableSupport.h */,
				280C38AC114FFABA00CA0EFD /* NSNull+XMLSerializableSupport.m */,
				280C38AD114FFABA00CA0EFD /* NSObject+XMLSerializableSupport.h */,
				280C38AE114FFABA00CA0EFD /* NSObject+XMLSerializableSupport.m */,
				280C38AF114FFABA00CA0EFD /* NSString+XMLSerializableSupport.h */,
				280C38B0114FFABA00CA0EFD /* NSString+XMLSerializableSupport.m */,
				280C38B1114FFABA00CA0EFD /* XMLSerializable.h */,
				280C38B2114FFABA00CA0EFD /* XMLSerializableSupport.h */,
			);
			path = XML;
			sourceTree = "<group>";
		};
		280C38B3114FFABA00CA0EFD /* ObjectiveResource */ = {
			isa = PBXGroup;
			children = (
				280C38B6114FFABA00CA0EFD /* Connection */,
				280C38B4114FFABA00CA0EFD /* NSObject+ObjectiveResource.h */,
				280C38C5114FFABA00CA0EFD /* ObjectiveResource.h */,
				280C38C6114FFABA00CA0EFD /* ObjectiveResourceConfig.h */,
				280C38C7114FFABA00CA0EFD /* ObjectiveResourceConfig.m */,
				280C38B5114FFABA00CA0EFD /* NSObject+ObjectiveResource.m */,
			);
			name = ObjectiveResource;
			sourceTree = "<group>";
		};
		280C38B6114FFABA00CA0EFD /* Connection */ = {
			isa = PBXGroup;
			children = (
				280C38B7114FFABA00CA0EFD /* ConnectionManager.h */,
				280C38B8114FFABA00CA0EFD /* ConnectionManager.m */,
				280C38B9114FFABA00CA0EFD /* ConnectionDelegate.h */,
				280C38BA114FFABA00CA0EFD /* ConnectionDelegate.m */,
				280C38BB114FFABA00CA0EFD /* NSHTTPURLResponse+Error.h */,
				280C38BC114FFABA00CA0EFD /* NSHTTPURLResponse+Error.m */,
				280C38BD114FFABA00CA0EFD /* Connection.h */,
				280C38BE114FFABA00CA0EFD /* Connection.m */,
				280C38BF114FFABA00CA0EFD /* Response.h */,
				280C38C0114FFABA00CA0EFD /* Response.m */,
				280C38C1114FFABA00CA0EFD /* NSMutableURLRequest+ResponseType.h */,
				280C38C2114FFABA00CA0EFD /* NSMutableURLRequest+ResponseType.m */,
				280C38C3114FFABA00CA0EFD /* NSError+Error.h */,
				280C38C4114FFABA00CA0EFD /* NSError+Error.m */,
			);
			name = Connection;
			sourceTree = "<group>";
		};
		28C1B05E10E0988800DBBB55 /* images */ = {
			isa = PBXGroup;
			children = (
				28D8126E10E7E2000069B325 /* window.png */,
				28B55A0D10DCA010004D75B4 /* microphone.png */,
				280A88B710DD4BE6005CF926 /* RecordEnabled.png */,
				280A88B810DD4BE6005CF926 /* RecordPressed.png */,
				2868292110E811760043FB61 /* clock.png */,
				289025D510EBC2AC00F4E72B /* windowwithmap.png */,
				28B0304010E18FBB0034A0C8 /* background.png */,
				281EDFC610E2B3320079F967 /* settings.png */,
				28B0305A10E193310034A0C8 /* locationwindow.png */,
				2868292410E811AA0043FB61 /* world.png */,
				28B55A0F10DCA069004D75B4 /* tracks.png */,
				28C1B05110E0962A00DBBB55 /* pause.png */,
				28C1B05210E0962A00DBBB55 /* forward.png */,
				28C1B05310E0962A00DBBB55 /* play.png */,
				28C1B05410E0962A00DBBB55 /* rewind.png */,
			);
			name = images;
			sourceTree = "<group>";
		};
		29B97314FDCFA39411CA2CEA /* CustomTemplate */ = {
			isa = PBXGroup;
			children = (
				080E96DDFE201D6D7F000001 /* Classes */,
				29B97315FDCFA39411CA2CEA /* Other Sources */,
				29B97317FDCFA39411CA2CEA /* Resources */,
				29B97323FDCFA39411CA2CEA /* Frameworks */,
				19C28FACFE9D520D11CA2CBB /* Products */,
				28B559C110DBE5BA004D75B4 /* AVFoundation.framework */,
				280A88F110DD6CF2005CF926 /* CoreLocation.framework */,
				28C1AEE510E009CB00DBBB55 /* MapKit.framework */,
			);
			name = CustomTemplate;
			sourceTree = "<group>";
		};
		29B97315FDCFA39411CA2CEA /* Other Sources */ = {
			isa = PBXGroup;
			children = (
				32CA4F630368D1EE00C91783 /* GeoAudio_Recorder_Prefix.pch */,
				29B97316FDCFA39411CA2CEA /* main.m */,
			);
			name = "Other Sources";
			sourceTree = "<group>";
		};
		29B97317FDCFA39411CA2CEA /* Resources */ = {
			isa = PBXGroup;
			children = (
				28C1B05E10E0988800DBBB55 /* images */,
				28E76F9C10DAE8970025C0D1 /* disclosureButtonControllerIcon.png */,
				28D9BD9810E53CD8003ADC71 /* cassette.png */,
				28AD733E0D9D9553002E5188 /* MainWindow.xib */,
				28D9BDA910E54252003ADC71 /* tape.png */,
				281EDFD110E2B3FF0079F967 /* SettingsViewController.xib */,
				28E76F7110DAE3420025C0D1 /* RecorderViewController.xib */,
				28D304CA10DB3669002E43EC /* TracksNavController.xib */,
				8D1107310486CEB800E47090 /* GeoAudio_Recorder-Info.plist */,
				28D304EC10DB3BF4002E43EC /* TrackTableView.xib */,
				28B5597F10DBDCC3004D75B4 /* TrackDetailViewController.xib */,
			);
			name = Resources;
			sourceTree = "<group>";
		};
		29B97323FDCFA39411CA2CEA /* Frameworks */ = {
			isa = PBXGroup;
			children = (
				1DF5F4DF0D08C38300B7A737 /* UIKit.framework */,
				1D30AB110D05D00D00671497 /* Foundation.framework */,
				288765FC0DF74451002DB57D /* CoreGraphics.framework */,
			);
			name = Frameworks;
			sourceTree = "<group>";
		};
/* End PBXGroup section */

/* Begin PBXNativeTarget section */
		1D6058900D05DD3D006BFB54 /* GeoAudio Recorder */ = {
			isa = PBXNativeTarget;
			buildConfigurationList = 1D6058960D05DD3E006BFB54 /* Build configuration list for PBXNativeTarget "GeoAudio Recorder" */;
			buildPhases = (
				1D60588D0D05DD3D006BFB54 /* Resources */,
				1D60588E0D05DD3D006BFB54 /* Sources */,
				1D60588F0D05DD3D006BFB54 /* Frameworks */,
			);
			buildRules = (
			);
			dependencies = (
			);
			name = "GeoAudio Recorder";
			productName = "GeoAudio Recorder";
			productReference = 1D6058910D05DD3D006BFB54 /* GeoAudio Recorder.app */;
			productType = "com.apple.product-type.application";
		};
/* End PBXNativeTarget section */

/* Begin PBXProject section */
		29B97313FDCFA39411CA2CEA /* Project object */ = {
			isa = PBXProject;
			buildConfigurationList = C01FCF4E08A954540054247B /* Build configuration list for PBXProject "GeoAudio Recorder" */;
			compatibilityVersion = "Xcode 3.1";
			hasScannedForEncodings = 1;
			mainGroup = 29B97314FDCFA39411CA2CEA /* CustomTemplate */;
			projectDirPath = "";
			projectRoot = "";
			targets = (
				1D6058900D05DD3D006BFB54 /* GeoAudio Recorder */,
			);
		};
/* End PBXProject section */

/* Begin PBXResourcesBuildPhase section */
		1D60588D0D05DD3D006BFB54 /* Resources */ = {
			isa = PBXResourcesBuildPhase;
			buildActionMask = 2147483647;
			files = (
				28AD733F0D9D9553002E5188 /* MainWindow.xib in Resources */,
				28E76F7310DAE3420025C0D1 /* RecorderViewController.xib in Resources */,
				28E76F9D10DAE8970025C0D1 /* disclosureButtonControllerIcon.png in Resources */,
				28D304CC10DB3669002E43EC /* TracksNavController.xib in Resources */,
				28D304ED10DB3BF4002E43EC /* TrackTableView.xib in Resources */,
				28B5598010DBDCC3004D75B4 /* TrackDetailViewController.xib in Resources */,
				28B55A0E10DCA010004D75B4 /* microphone.png in Resources */,
				28B55A1010DCA069004D75B4 /* tracks.png in Resources */,
				280A88B910DD4BE6005CF926 /* RecordEnabled.png in Resources */,
				280A88BA10DD4BE6005CF926 /* RecordPressed.png in Resources */,
				28C1B05510E0962A00DBBB55 /* pause.png in Resources */,
				28C1B05610E0962A00DBBB55 /* forward.png in Resources */,
				28C1B05710E0962A00DBBB55 /* play.png in Resources */,
				28C1B05810E0962A00DBBB55 /* rewind.png in Resources */,
				28B0304110E18FBB0034A0C8 /* background.png in Resources */,
				28B0305B10E193310034A0C8 /* locationwindow.png in Resources */,
				281EDFC710E2B3320079F967 /* settings.png in Resources */,
				281EDFD310E2B3FF0079F967 /* SettingsViewController.xib in Resources */,
				28D9BD9910E53CD8003ADC71 /* cassette.png in Resources */,
				28D9BDAA10E54252003ADC71 /* tape.png in Resources */,
				28D8126F10E7E2000069B325 /* window.png in Resources */,
				2868292210E811760043FB61 /* clock.png in Resources */,
				2868292510E811AA0043FB61 /* world.png in Resources */,
				289025D610EBC2AC00F4E72B /* windowwithmap.png in Resources */,
			);
			runOnlyForDeploymentPostprocessing = 0;
		};
/* End PBXResourcesBuildPhase section */

/* Begin PBXSourcesBuildPhase section */
		1D60588E0D05DD3D006BFB54 /* Sources */ = {
			isa = PBXSourcesBuildPhase;
			buildActionMask = 2147483647;
			files = (
				1D60589B0D05DD56006BFB54 /* main.m in Sources */,
				1D3623260D0F684500981E51 /* GeoAudio_RecorderAppDelegate.m in Sources */,
				28E76F7210DAE3420025C0D1 /* RecorderViewController.m in Sources */,
				28E76FAD10DAF50B0025C0D1 /* TrackDetailViewController.m in Sources */,
				28D304CB10DB3669002E43EC /* TracksNavController.m in Sources */,
				28D304DE10DB38B7002E43EC /* TracksTableViewController.m in Sources */,
				280A898310DDE9EF005CF926 /* LocationController.m in Sources */,
				28C1AEEF10E0167C00DBBB55 /* LocationAnnotation.m in Sources */,
				281EDFD210E2B3FF0079F967 /* SettingsViewController.m in Sources */,
				280C38C8114FFABA00CA0EFD /* NSString+InflectionSupport.m in Sources */,
				280C38C9114FFABA00CA0EFD /* NSData+Additions.m in Sources */,
				280C38CA114FFABA00CA0EFD /* NSObject+PropertySupport.m in Sources */,
				280C38CB114FFABA00CA0EFD /* NSString+GSub.m in Sources */,
				280C38CC114FFABA00CA0EFD /* ObjectiveResourceDateFormatter.m in Sources */,
				280C38CD114FFABA00CA0EFD /* NSObject+SBJSON.m in Sources */,
				280C38CE114FFABA00CA0EFD /* NSString+SBJSON.m in Sources */,
				280C38CF114FFABA00CA0EFD /* SBJSON.m in Sources */,
				280C38D0114FFABA00CA0EFD /* NSArray+JSONSerializableSupport.m in Sources */,
				280C38D1114FFABA00CA0EFD /* NSDictionary+JSONSerializableSupport.m in Sources */,
				280C38D2114FFABA00CA0EFD /* NSObject+JSONSerializableSupport.m in Sources */,
				280C38D3114FFABA00CA0EFD /* NSDate+Serialize.m in Sources */,
				280C38D4114FFABA00CA0EFD /* NSDictionary+KeyTranslation.m in Sources */,
				280C38D5114FFABA00CA0EFD /* NSObject+Serialize.m in Sources */,
				280C38D6114FFABA00CA0EFD /* NSString+Serialize.m in Sources */,
				280C38D7114FFABA00CA0EFD /* NSNumber+XMLSerializableSupport.m in Sources */,
				280C38D8114FFABA00CA0EFD /* FromXMLElementDelegate.m in Sources */,
				280C38D9114FFABA00CA0EFD /* NSArray+XMLSerializableSupport.m in Sources */,
				280C38DA114FFABA00CA0EFD /* NSDate+XMLSerializableSupport.m in Sources */,
				280C38DB114FFABA00CA0EFD /* NSDictionary+XMLSerializableSupport.m in Sources */,
				280C38DC114FFABA00CA0EFD /* NSNull+XMLSerializableSupport.m in Sources */,
				280C38DD114FFABA00CA0EFD /* NSObject+XMLSerializableSupport.m in Sources */,
				280C38DE114FFABA00CA0EFD /* NSString+XMLSerializableSupport.m in Sources */,
				280C38DF114FFABA00CA0EFD /* NSObject+ObjectiveResource.m in Sources */,
				280C38E0114FFABA00CA0EFD /* ConnectionManager.m in Sources */,
				280C38E1114FFABA00CA0EFD /* ConnectionDelegate.m in Sources */,
				280C38E2114FFABA00CA0EFD /* NSHTTPURLResponse+Error.m in Sources */,
				280C38E3114FFABA00CA0EFD /* Connection.m in Sources */,
				280C38E4114FFABA00CA0EFD /* Response.m in Sources */,
				280C38E5114FFABA00CA0EFD /* NSMutableURLRequest+ResponseType.m in Sources */,
				280C38E6114FFABA00CA0EFD /* NSError+Error.m in Sources */,
				280C38E7114FFABA00CA0EFD /* ObjectiveResourceConfig.m in Sources */,
			);
			runOnlyForDeploymentPostprocessing = 0;
		};
/* End PBXSourcesBuildPhase section */

/* Begin XCBuildConfiguration section */
		1D6058940D05DD3E006BFB54 /* Debug */ = {
			isa = XCBuildConfiguration;
			buildSettings = {
				ALWAYS_SEARCH_USER_PATHS = NO;
				COPY_PHASE_STRIP = NO;
				GCC_DYNAMIC_NO_PIC = NO;
				GCC_OPTIMIZATION_LEVEL = 0;
				GCC_PRECOMPILE_PREFIX_HEADER = YES;
				GCC_PREFIX_HEADER = GeoAudio_Recorder_Prefix.pch;
				INFOPLIST_FILE = "GeoAudio_Recorder-Info.plist";
				PRODUCT_NAME = "GeoAudio Recorder";
			};
			name = Debug;
		};
		1D6058950D05DD3E006BFB54 /* Release */ = {
			isa = XCBuildConfiguration;
			buildSettings = {
				ALWAYS_SEARCH_USER_PATHS = NO;
				COPY_PHASE_STRIP = YES;
				GCC_PRECOMPILE_PREFIX_HEADER = YES;
				GCC_PREFIX_HEADER = GeoAudio_Recorder_Prefix.pch;
				INFOPLIST_FILE = "GeoAudio_Recorder-Info.plist";
				PRODUCT_NAME = "GeoAudio Recorder";
			};
			name = Release;
		};
		C01FCF4F08A954540054247B /* Debug */ = {
			isa = XCBuildConfiguration;
			buildSettings = {
				ARCHS = "$(ARCHS_STANDARD_32_BIT)";
				"CODE_SIGN_IDENTITY[sdk=iphoneos*]" = "iPhone Developer";
				GCC_C_LANGUAGE_STANDARD = c99;
				GCC_WARN_ABOUT_RETURN_TYPE = YES;
				GCC_WARN_UNUSED_VARIABLE = YES;
				PREBINDING = NO;
				SDKROOT = iphoneos3.0;
			};
			name = Debug;
		};
		C01FCF5008A954540054247B /* Release */ = {
			isa = XCBuildConfiguration;
			buildSettings = {
				ARCHS = "$(ARCHS_STANDARD_32_BIT)";
				"CODE_SIGN_IDENTITY[sdk=iphoneos*]" = "iPhone Developer";
				GCC_C_LANGUAGE_STANDARD = c99;
				GCC_WARN_ABOUT_RETURN_TYPE = YES;
				GCC_WARN_UNUSED_VARIABLE = YES;
				PREBINDING = NO;
				SDKROOT = iphoneos3.0;
			};
			name = Release;
		};
/* End XCBuildConfiguration section */

/* Begin XCConfigurationList section */
		1D6058960D05DD3E006BFB54 /* Build configuration list for PBXNativeTarget "GeoAudio Recorder" */ = {
			isa = XCConfigurationList;
			buildConfigurations = (
				1D6058940D05DD3E006BFB54 /* Debug */,
				1D6058950D05DD3E006BFB54 /* Release */,
			);
			defaultConfigurationIsVisible = 0;
			defaultConfigurationName = Release;
		};
		C01FCF4E08A954540054247B /* Build configuration list for PBXProject "GeoAudio Recorder" */ = {
			isa = XCConfigurationList;
			buildConfigurations = (
				C01FCF4F08A954540054247B /* Debug */,
				C01FCF5008A954540054247B /* Release */,
			);
			defaultConfigurationIsVisible = 0;
			defaultConfigurationName = Release;
		};
/* End XCConfigurationList section */
	};
	rootObject = 29B97313FDCFA39411CA2CEA /* Project object */;
}
